// !$*UTF8*$!
{
	archiveVersion = 1;
	classes = {
	};
	objectVersion = 46;
	objects = {

/* Begin PBXBuildFile section */
		066276AC1DED5004003A1071 /* 1.json in CopyFiles */ = {isa = PBXBuildFile; fileRef = 066276AB1DED4FED003A1071 /* 1.json */; };
		066276AE1DED5EBC003A1071 /* 1.png in CopyFiles */ = {isa = PBXBuildFile; fileRef = 066276AD1DED5EB0003A1071 /* 1.png */; };
		DB37C79D1DE5DC4400131817 /* YorkNetwork.cpp in Sources */ = {isa = PBXBuildFile; fileRef = DB37C7981DE5DC4400131817 /* YorkNetwork.cpp */; };
		DB37C79E1DE5DC4400131817 /* YorkSocketClient.cpp in Sources */ = {isa = PBXBuildFile; fileRef = DB37C79A1DE5DC4400131817 /* YorkSocketClient.cpp */; };
		DB37C79F1DE5DC4400131817 /* YorkSocketSDKClientSample.cpp in Sources */ = {isa = PBXBuildFile; fileRef = DB37C79C1DE5DC4400131817 /* YorkSocketSDKClientSample.cpp */; };
		DB7AE8DF1DF5D09800C2C0C8 /* 3.json in CopyFiles */ = {isa = PBXBuildFile; fileRef = DB7AE8DE1DF5D08F00C2C0C8 /* 3.json */; };
		DB7AE8E01DF5D09800C2C0C8 /* 2.json in CopyFiles */ = {isa = PBXBuildFile; fileRef = DB7AE8DD1DF5D08900C2C0C8 /* 2.json */; };
/* End PBXBuildFile section */

/* Begin PBXCopyFilesBuildPhase section */
		DB37C78C1DE5DC2D00131817 /* CopyFiles */ = {
			isa = PBXCopyFilesBuildPhase;
			buildActionMask = 12;
			dstPath = file;
			dstSubfolderSpec = 16;
			files = (
				DB7AE8DF1DF5D09800C2C0C8 /* 3.json in CopyFiles */,
				DB7AE8E01DF5D09800C2C0C8 /* 2.json in CopyFiles */,
				066276AE1DED5EBC003A1071 /* 1.png in CopyFiles */,
				066276AC1DED5004003A1071 /* 1.json in CopyFiles */,
			);
			runOnlyForDeploymentPostprocessing = 0;
		};
/* End PBXCopyFilesBuildPhase section */

/* Begin PBXFileReference section */
		066276AB1DED4FED003A1071 /* 1.json */ = {isa = PBXFileReference; fileEncoding = 4; lastKnownFileType = text.json; path = 1.json; sourceTree = "<group>"; };
		066276AD1DED5EB0003A1071 /* 1.png */ = {isa = PBXFileReference; lastKnownFileType = image.png; path = 1.png; sourceTree = "<group>"; };
		DB37C78E1DE5DC2D00131817 /* YorkClient */ = {isa = PBXFileReference; explicitFileType = "compiled.mach-o.executable"; includeInIndex = 0; path = YorkClient; sourceTree = BUILT_PRODUCTS_DIR; };
		DB37C7981DE5DC4400131817 /* YorkNetwork.cpp */ = {isa = PBXFileReference; fileEncoding = 4; lastKnownFileType = sourcecode.cpp.cpp; name = YorkNetwork.cpp; path = ../../YorkNetWork/YorkNetwork.cpp; sourceTree = "<group>"; };
		DB37C7991DE5DC4400131817 /* YorkNetwork.h */ = {isa = PBXFileReference; fileEncoding = 4; lastKnownFileType = sourcecode.c.h; name = YorkNetwork.h; path = ../../YorkNetWork/YorkNetwork.h; sourceTree = "<group>"; };
		DB37C79A1DE5DC4400131817 /* YorkSocketClient.cpp */ = {isa = PBXFileReference; fileEncoding = 4; lastKnownFileType = sourcecode.cpp.cpp; name = YorkSocketClient.cpp; path = ../../YorkNetWork/YorkSocketClient.cpp; sourceTree = "<group>"; };
		DB37C79B1DE5DC4400131817 /* YorkSocketClient.h */ = {isa = PBXFileReference; fileEncoding = 4; lastKnownFileType = sourcecode.c.h; name = YorkSocketClient.h; path = ../../YorkNetWork/YorkSocketClient.h; sourceTree = "<group>"; };
		DB37C79C1DE5DC4400131817 /* YorkSocketSDKClientSample.cpp */ = {isa = PBXFileReference; fileEncoding = 4; lastKnownFileType = sourcecode.cpp.cpp; name = YorkSocketSDKClientSample.cpp; path = ../../YorkNetWork/YorkSocketSDKClientSample.cpp; sourceTree = "<group>"; };
		DB7AE8DD1DF5D08900C2C0C8 /* 2.json */ = {isa = PBXFileReference; lastKnownFileType = text.json; path = 2.json; sourceTree = "<group>"; };
		DB7AE8DE1DF5D08F00C2C0C8 /* 3.json */ = {isa = PBXFileReference; fileEncoding = 4; lastKnownFileType = text.json; path = 3.json; sourceTree = "<group>"; };
/* End PBXFileReference section */

/* Begin PBXFrameworksBuildPhase section */
		DB37C78B1DE5DC2D00131817 /* Frameworks */ = {
			isa = PBXFrameworksBuildPhase;
			buildActionMask = 2147483647;
			files = (
			);
			runOnlyForDeploymentPostprocessing = 0;
		};
/* End PBXFrameworksBuildPhase section */

/* Begin PBXGroup section */
		DB37C7851DE5DC2D00131817 = {
			isa = PBXGroup;
			children = (
				DB7AE8DE1DF5D08F00C2C0C8 /* 3.json */,
				DB7AE8DD1DF5D08900C2C0C8 /* 2.json */,
				066276AB1DED4FED003A1071 /* 1.json */,
				066276AD1DED5EB0003A1071 /* 1.png */,
				DB37C7901DE5DC2D00131817 /* YorkClient */,
				DB37C78F1DE5DC2D00131817 /* Products */,
			);
			sourceTree = "<group>";
		};
		DB37C78F1DE5DC2D00131817 /* Products */ = {
			isa = PBXGroup;
			children = (
				DB37C78E1DE5DC2D00131817 /* YorkClient */,
			);
			name = Products;
			sourceTree = "<group>";
		};
		DB37C7901DE5DC2D00131817 /* YorkClient */ = {
			isa = PBXGroup;
			children = (
				DB37C7981DE5DC4400131817 /* YorkNetwork.cpp */,
				DB37C7991DE5DC4400131817 /* YorkNetwork.h */,
				DB37C79A1DE5DC4400131817 /* YorkSocketClient.cpp */,
				DB37C79B1DE5DC4400131817 /* YorkSocketClient.h */,
				DB37C79C1DE5DC4400131817 /* YorkSocketSDKClientSample.cpp */,
			);
			path = YorkClient;
			sourceTree = "<group>";
		};
/* End PBXGroup section */

/* Begin PBXNativeTarget section */
		DB37C78D1DE5DC2D00131817 /* YorkClient */ = {
			isa = PBXNativeTarget;
			buildConfigurationList = DB37C7951DE5DC2D00131817 /* Build configuration list for PBXNativeTarget "YorkClient" */;
			buildPhases = (
				DB37C78A1DE5DC2D00131817 /* Sources */,
				DB37C78B1DE5DC2D00131817 /* Frameworks */,
				DB37C78C1DE5DC2D00131817 /* CopyFiles */,
			);
			buildRules = (
			);
			dependencies = (
			);
			name = YorkClient;
			productName = YorkClient;
			productReference = DB37C78E1DE5DC2D00131817 /* YorkClient */;
			productType = "com.apple.product-type.tool";
		};
/* End PBXNativeTarget section */

/* Begin PBXProject section */
		DB37C7861DE5DC2D00131817 /* Project object */ = {
			isa = PBXProject;
			attributes = {
				LastUpgradeCheck = 0800;
				ORGANIZATIONNAME = Zero;
				TargetAttributes = {
					DB37C78D1DE5DC2D00131817 = {
						CreatedOnToolsVersion = 8.0;
						ProvisioningStyle = Automatic;
					};
				};
			};
			buildConfigurationList = DB37C7891DE5DC2D00131817 /* Build configuration list for PBXProject "YorkClient" */;
			compatibilityVersion = "Xcode 3.2";
			developmentRegion = English;
			hasScannedForEncodings = 0;
			knownRegions = (
				en,
			);
			mainGroup = DB37C7851DE5DC2D00131817;
			productRefGroup = DB37C78F1DE5DC2D00131817 /* Products */;
			projectDirPath = "";
			projectRoot = "";
			targets = (
				DB37C78D1DE5DC2D00131817 /* YorkClient */,
			);
		};
/* End PBXProject section */

/* Begin PBXSourcesBuildPhase section */
		DB37C78A1DE5DC2D00131817 /* Sources */ = {
			isa = PBXSourcesBuildPhase;
			buildActionMask = 2147483647;
			files = (
				DB37C79E1DE5DC4400131817 /* YorkSocketClient.cpp in Sources */,
				DB37C79F1DE5DC4400131817 /* YorkSocketSDKClientSample.cpp in Sources */,
				DB37C79D1DE5DC4400131817 /* YorkNetwork.cpp in Sources */,
			);
			runOnlyForDeploymentPostprocessing = 0;
		};
/* End PBXSourcesBuildPhase section */

/* Begin XCBuildConfiguration section */
		DB37C7931DE5DC2D00131817 /* Debug */ = {
			isa = XCBuildConfiguration;
			buildSettings = {
				ALWAYS_SEARCH_USER_PATHS = NO;
				CLANG_ANALYZER_NONNULL = YES;
				CLANG_CXX_LANGUAGE_STANDARD = "gnu++0x";
				CLANG_CXX_LIBRARY = "libc++";
				CLANG_ENABLE_MODULES = YES;
				CLANG_ENABLE_OBJC_ARC = YES;
				CLANG_WARN_BOOL_CONVERSION = YES;
				CLANG_WARN_CONSTANT_CONVERSION = YES;
				CLANG_WARN_DIRECT_OBJC_ISA_USAGE = YES_ERROR;
				CLANG_WARN_DOCUMENTATION_COMMENTS = YES;
				CLANG_WARN_EMPTY_BODY = YES;
				CLANG_WARN_ENUM_CONVERSION = YES;
				CLANG_WARN_INFINITE_RECURSION = YES;
				CLANG_WARN_INT_CONVERSION = YES;
				CLANG_WARN_OBJC_ROOT_CLASS = YES_ERROR;
				CLANG_WARN_SUSPICIOUS_MOVES = YES;
				CLANG_WARN_UNREACHABLE_CODE = YES;
				CLANG_WARN__DUPLICATE_METHOD_MATCH = YES;
				CODE_SIGN_IDENTITY = "-";
				COPY_PHASE_STRIP = NO;
				DEBUG_INFORMATION_FORMAT = dwarf;
				ENABLE_STRICT_OBJC_MSGSEND = YES;
				ENABLE_TESTABILITY = YES;
				GCC_C_LANGUAGE_STANDARD = gnu99;
				GCC_DYNAMIC_NO_PIC = NO;
				GCC_NO_COMMON_BLOCKS = YES;
				GCC_OPTIMIZATION_LEVEL = 0;
				GCC_PREPROCESSOR_DEFINITIONS = (
					"DEBUG=1",
					"$(inherited)",
				);
				GCC_WARN_64_TO_32_BIT_CONVERSION = YES;
				GCC_WARN_ABOUT_RETURN_TYPE = YES_ERROR;
				GCC_WARN_UNDECLARED_SELECTOR = YES;
				GCC_WARN_UNINITIALIZED_AUTOS = YES_AGGRESSIVE;
				GCC_WARN_UNUSED_FUNCTION = YES;
				GCC_WARN_UNUSED_VARIABLE = YES;
				MACOSX_DEPLOYMENT_TARGET = 10.11;
				MTL_ENABLE_DEBUG_INFO = YES;
				ONLY_ACTIVE_ARCH = YES;
				SDKROOT = macosx;
			};
			name = Debug;
		};
		DB37C7941DE5DC2D00131817 /* Release */ = {
			isa = XCBuildConfiguration;
			buildSettings = {
				ALWAYS_SEARCH_USER_PATHS = NO;
				CLANG_ANALYZER_NONNULL = YES;
				CLANG_CXX_LANGUAGE_STANDARD = "gnu++0x";
				CLANG_CXX_LIBRARY = "libc++";
				CLANG_ENABLE_MODULES = YES;
				CLANG_ENABLE_OBJC_ARC = YES;
				CLANG_WARN_BOOL_CONVERSION = YES;
				CLANG_WARN_CONSTANT_CONVERSION = YES;
				CLANG_WARN_DIRECT_OBJC_ISA_USAGE = YES_ERROR;
				CLANG_WARN_DOCUMENTATION_COMMENTS = YES;
				CLANG_WARN_EMPTY_BODY = YES;
				CLANG_WARN_ENUM_CONVERSION = YES;
				CLANG_WARN_INFINITE_RECURSION = YES;
				CLANG_WARN_INT_CONVERSION = YES;
				CLANG_WARN_OBJC_ROOT_CLASS = YES_ERROR;
				CLANG_WARN_SUSPICIOUS_MOVES = YES;
				CLANG_WARN_UNREACHABLE_CODE = YES;
				CLANG_WARN__DUPLICATE_METHOD_MATCH = YES;
				CODE_SIGN_IDENTITY = "-";
				COPY_PHASE_STRIP = NO;
				DEBUG_INFORMATION_FORMAT = "dwarf-with-dsym";
				ENABLE_NS_ASSERTIONS = NO;
				ENABLE_STRICT_OBJC_MSGSEND = YES;
				GCC_C_LANGUAGE_STANDARD = gnu99;
				GCC_NO_COMMON_BLOCKS = YES;
				GCC_WARN_64_TO_32_BIT_CONVERSION = YES;
				GCC_WARN_ABOUT_RETURN_TYPE = YES_ERROR;
				GCC_WARN_UNDECLARED_SELECTOR = YES;
				GCC_WARN_UNINITIALIZED_AUTOS = YES_AGGRESSIVE;
				GCC_WARN_UNUSED_FUNCTION = YES;
				GCC_WARN_UNUSED_VARIABLE = YES;
				MACOSX_DEPLOYMENT_TARGET = 10.11;
				MTL_ENABLE_DEBUG_INFO = NO;
				SDKROOT = macosx;
			};
			name = Release;
		};
		DB37C7961DE5DC2D00131817 /* Debug */ = {
			isa = XCBuildConfiguration;
			buildSettings = {
				PRODUCT_NAME = "$(TARGET_NAME)";
			};
			name = Debug;
		};
		DB37C7971DE5DC2D00131817 /* Release */ = {
			isa = XCBuildConfiguration;
			buildSettings = {
				PRODUCT_NAME = "$(TARGET_NAME)";
			};
			name = Release;
		};
/* End XCBuildConfiguration section */

/* Begin XCConfigurationList section */
		DB37C7891DE5DC2D00131817 /* Build configuration list for PBXProject "YorkClient" */ = {
			isa = XCConfigurationList;
			buildConfigurations = (
				DB37C7931DE5DC2D00131817 /* Debug */,
				DB37C7941DE5DC2D00131817 /* Release */,
			);
			defaultConfigurationIsVisible = 0;
			defaultConfigurationName = Release;
		};
		DB37C7951DE5DC2D00131817 /* Build configuration list for PBXNativeTarget "YorkClient" */ = {
			isa = XCConfigurationList;
			buildConfigurations = (
				DB37C7961DE5DC2D00131817 /* Debug */,
				DB37C7971DE5DC2D00131817 /* Release */,
			);
			defaultConfigurationIsVisible = 0;
			defaultConfigurationName = Release;
		};
/* End XCConfigurationList section */
	};
	rootObject = DB37C7861DE5DC2D00131817 /* Project object */;
}
