// !$*UTF8*$!
{
	archiveVersion = 1;
	classes = {
	};
	objectVersion = 46;
	objects = {

/* Begin PBXBuildFile section */
		061A99E11DEECA4D005C727A /* 1.png in Copy Files */ = {isa = PBXBuildFile; fileRef = 061A99E01DEECA43005C727A /* 1.png */; };
		0669846D1DF7F8DC0092344A /* fileList.txt in Copy Files */ = {isa = PBXBuildFile; fileRef = 0669846C1DF7F8D70092344A /* fileList.txt */; };
		06AC16351DE5705900421FF8 /* YorkNetwork.cpp in Sources */ = {isa = PBXBuildFile; fileRef = 06AC16301DE5705900421FF8 /* YorkNetwork.cpp */; };
		06AC16361DE5705900421FF8 /* YorkSocketSDKSample.cpp in Sources */ = {isa = PBXBuildFile; fileRef = 06AC16321DE5705900421FF8 /* YorkSocketSDKSample.cpp */; };
		06AC16371DE5705900421FF8 /* YorkSocketServer.cpp in Sources */ = {isa = PBXBuildFile; fileRef = 06AC16331DE5705900421FF8 /* YorkSocketServer.cpp */; };
		06C0520F1DF949FB004128A4 /* 161.png in Copy Files */ = {isa = PBXBuildFile; fileRef = 06C051421DF949D3004128A4 /* 161.png */; };
		06C052101DF949FB004128A4 /* 162.png in Copy Files */ = {isa = PBXBuildFile; fileRef = 06C051431DF949D3004128A4 /* 162.png */; };
		06C052111DF949FB004128A4 /* 163.png in Copy Files */ = {isa = PBXBuildFile; fileRef = 06C051441DF949D3004128A4 /* 163.png */; };
		06C052121DF949FB004128A4 /* 164.png in Copy Files */ = {isa = PBXBuildFile; fileRef = 06C051451DF949D3004128A4 /* 164.png */; };
		06C052131DF949FB004128A4 /* 166.png in Copy Files */ = {isa = PBXBuildFile; fileRef = 06C051461DF949D3004128A4 /* 166.png */; };
		06C052141DF949FB004128A4 /* 167.png in Copy Files */ = {isa = PBXBuildFile; fileRef = 06C051471DF949D3004128A4 /* 167.png */; };
		06C052151DF949FB004128A4 /* 168.png in Copy Files */ = {isa = PBXBuildFile; fileRef = 06C051481DF949D3004128A4 /* 168.png */; };
		06C052161DF949FB004128A4 /* 169.png in Copy Files */ = {isa = PBXBuildFile; fileRef = 06C051491DF949D3004128A4 /* 169.png */; };
		06C052171DF949FB004128A4 /* 170.png in Copy Files */ = {isa = PBXBuildFile; fileRef = 06C0514A1DF949D3004128A4 /* 170.png */; };
		06C052181DF949FB004128A4 /* 175.png in Copy Files */ = {isa = PBXBuildFile; fileRef = 06C0514B1DF949D3004128A4 /* 175.png */; };
		06C052191DF949FB004128A4 /* 176.png in Copy Files */ = {isa = PBXBuildFile; fileRef = 06C0514C1DF949D3004128A4 /* 176.png */; };
		06C0521A1DF949FB004128A4 /* 177.png in Copy Files */ = {isa = PBXBuildFile; fileRef = 06C0514D1DF949D3004128A4 /* 177.png */; };
		06C0521B1DF949FB004128A4 /* 178.png in Copy Files */ = {isa = PBXBuildFile; fileRef = 06C0514E1DF949D3004128A4 /* 178.png */; };
		06C0521C1DF949FB004128A4 /* 179.png in Copy Files */ = {isa = PBXBuildFile; fileRef = 06C0514F1DF949D3004128A4 /* 179.png */; };
		06C0521D1DF949FB004128A4 /* 180.png in Copy Files */ = {isa = PBXBuildFile; fileRef = 06C051501DF949D3004128A4 /* 180.png */; };
		06C0521E1DF949FB004128A4 /* 181.png in Copy Files */ = {isa = PBXBuildFile; fileRef = 06C051511DF949D3004128A4 /* 181.png */; };
		06C0521F1DF949FB004128A4 /* 182.png in Copy Files */ = {isa = PBXBuildFile; fileRef = 06C051521DF949D3004128A4 /* 182.png */; };
		06C052201DF949FB004128A4 /* 183.png in Copy Files */ = {isa = PBXBuildFile; fileRef = 06C051531DF949D3004128A4 /* 183.png */; };
		06C052211DF949FB004128A4 /* 184.png in Copy Files */ = {isa = PBXBuildFile; fileRef = 06C051541DF949D3004128A4 /* 184.png */; };
		06C052221DF949FB004128A4 /* 185.png in Copy Files */ = {isa = PBXBuildFile; fileRef = 06C051551DF949D3004128A4 /* 185.png */; };
		06C052231DF949FB004128A4 /* 186.png in Copy Files */ = {isa = PBXBuildFile; fileRef = 06C051561DF949D3004128A4 /* 186.png */; };
		06C052241DF949FB004128A4 /* 187.png in Copy Files */ = {isa = PBXBuildFile; fileRef = 06C051571DF949D3004128A4 /* 187.png */; };
		06C052251DF949FB004128A4 /* 188.png in Copy Files */ = {isa = PBXBuildFile; fileRef = 06C051581DF949D3004128A4 /* 188.png */; };
		06C052261DF949FB004128A4 /* 189.png in Copy Files */ = {isa = PBXBuildFile; fileRef = 06C051591DF949D3004128A4 /* 189.png */; };
		06C052271DF949FB004128A4 /* 190.png in Copy Files */ = {isa = PBXBuildFile; fileRef = 06C0515A1DF949D3004128A4 /* 190.png */; };
		06C052281DF949FB004128A4 /* 191.png in Copy Files */ = {isa = PBXBuildFile; fileRef = 06C0515B1DF949D3004128A4 /* 191.png */; };
		06C052291DF949FB004128A4 /* 192.png in Copy Files */ = {isa = PBXBuildFile; fileRef = 06C0515C1DF949D3004128A4 /* 192.png */; };
		06C0522A1DF949FB004128A4 /* 193.png in Copy Files */ = {isa = PBXBuildFile; fileRef = 06C0515D1DF949D3004128A4 /* 193.png */; };
		06C0522B1DF949FB004128A4 /* 194.png in Copy Files */ = {isa = PBXBuildFile; fileRef = 06C0515E1DF949D3004128A4 /* 194.png */; };
		06C0522C1DF949FB004128A4 /* 195.png in Copy Files */ = {isa = PBXBuildFile; fileRef = 06C0515F1DF949D3004128A4 /* 195.png */; };
		06C0522D1DF949FB004128A4 /* 196.png in Copy Files */ = {isa = PBXBuildFile; fileRef = 06C051601DF949D3004128A4 /* 196.png */; };
		06C0522E1DF949FB004128A4 /* 197.png in Copy Files */ = {isa = PBXBuildFile; fileRef = 06C051611DF949D3004128A4 /* 197.png */; };
		06C0522F1DF949FB004128A4 /* 198.png in Copy Files */ = {isa = PBXBuildFile; fileRef = 06C051621DF949D3004128A4 /* 198.png */; };
		06C052301DF949FB004128A4 /* 199.png in Copy Files */ = {isa = PBXBuildFile; fileRef = 06C051631DF949D3004128A4 /* 199.png */; };
		06C052311DF949FB004128A4 /* 200.png in Copy Files */ = {isa = PBXBuildFile; fileRef = 06C051641DF949D3004128A4 /* 200.png */; };
		06C052321DF949FB004128A4 /* 201.png in Copy Files */ = {isa = PBXBuildFile; fileRef = 06C051651DF949D3004128A4 /* 201.png */; };
		06C052331DF949FB004128A4 /* 202.png in Copy Files */ = {isa = PBXBuildFile; fileRef = 06C051661DF949D3004128A4 /* 202.png */; };
		06C052341DF949FB004128A4 /* 203.png in Copy Files */ = {isa = PBXBuildFile; fileRef = 06C051671DF949D3004128A4 /* 203.png */; };
		06C052351DF949FB004128A4 /* 204.png in Copy Files */ = {isa = PBXBuildFile; fileRef = 06C051681DF949D3004128A4 /* 204.png */; };
		06C052361DF949FB004128A4 /* 205.png in Copy Files */ = {isa = PBXBuildFile; fileRef = 06C051691DF949D3004128A4 /* 205.png */; };
		06C052371DF949FB004128A4 /* 206.png in Copy Files */ = {isa = PBXBuildFile; fileRef = 06C0516A1DF949D3004128A4 /* 206.png */; };
		06C052381DF949FB004128A4 /* 207.png in Copy Files */ = {isa = PBXBuildFile; fileRef = 06C0516B1DF949D3004128A4 /* 207.png */; };
		06C052391DF949FB004128A4 /* 208.png in Copy Files */ = {isa = PBXBuildFile; fileRef = 06C0516C1DF949D3004128A4 /* 208.png */; };
		06C0523A1DF949FB004128A4 /* 209.png in Copy Files */ = {isa = PBXBuildFile; fileRef = 06C0516D1DF949D3004128A4 /* 209.png */; };
		06C0523B1DF949FB004128A4 /* 210.png in Copy Files */ = {isa = PBXBuildFile; fileRef = 06C0516E1DF949D3004128A4 /* 210.png */; };
		06C0523C1DF949FB004128A4 /* 211.png in Copy Files */ = {isa = PBXBuildFile; fileRef = 06C0516F1DF949D3004128A4 /* 211.png */; };
		06C0523D1DF949FB004128A4 /* 212.png in Copy Files */ = {isa = PBXBuildFile; fileRef = 06C051701DF949D3004128A4 /* 212.png */; };
		06C0523E1DF949FB004128A4 /* 213.png in Copy Files */ = {isa = PBXBuildFile; fileRef = 06C051711DF949D3004128A4 /* 213.png */; };
		06C0523F1DF949FB004128A4 /* 214.png in Copy Files */ = {isa = PBXBuildFile; fileRef = 06C051721DF949D3004128A4 /* 214.png */; };
		06C052401DF949FB004128A4 /* 215.png in Copy Files */ = {isa = PBXBuildFile; fileRef = 06C051731DF949D3004128A4 /* 215.png */; };
		06C052411DF949FB004128A4 /* 216.png in Copy Files */ = {isa = PBXBuildFile; fileRef = 06C051741DF949D3004128A4 /* 216.png */; };
		06C052421DF949FB004128A4 /* 217.png in Copy Files */ = {isa = PBXBuildFile; fileRef = 06C051751DF949D3004128A4 /* 217.png */; };
		06C052431DF949FB004128A4 /* 218.png in Copy Files */ = {isa = PBXBuildFile; fileRef = 06C051761DF949D3004128A4 /* 218.png */; };
		06C052441DF949FB004128A4 /* 219.png in Copy Files */ = {isa = PBXBuildFile; fileRef = 06C051771DF949D3004128A4 /* 219.png */; };
		06C052451DF949FB004128A4 /* 220.png in Copy Files */ = {isa = PBXBuildFile; fileRef = 06C051781DF949D3004128A4 /* 220.png */; };
		06C052461DF949FB004128A4 /* 221.png in Copy Files */ = {isa = PBXBuildFile; fileRef = 06C051791DF949D3004128A4 /* 221.png */; };
		06C052471DF949FB004128A4 /* 2.png in Copy Files */ = {isa = PBXBuildFile; fileRef = 06C0517A1DF949D3004128A4 /* 2.png */; };
		06C052481DF949FB004128A4 /* 3.png in Copy Files */ = {isa = PBXBuildFile; fileRef = 06C0517B1DF949D3004128A4 /* 3.png */; };
		06C052491DF949FB004128A4 /* 4.png in Copy Files */ = {isa = PBXBuildFile; fileRef = 06C0517C1DF949D3004128A4 /* 4.png */; };
		06C0524A1DF949FB004128A4 /* 5.png in Copy Files */ = {isa = PBXBuildFile; fileRef = 06C0517D1DF949D3004128A4 /* 5.png */; };
		06C0524B1DF949FB004128A4 /* 6.png in Copy Files */ = {isa = PBXBuildFile; fileRef = 06C0517E1DF949D3004128A4 /* 6.png */; };
		06C0524C1DF949FB004128A4 /* 7.png in Copy Files */ = {isa = PBXBuildFile; fileRef = 06C0517F1DF949D3004128A4 /* 7.png */; };
		06C0524D1DF949FB004128A4 /* 8.png in Copy Files */ = {isa = PBXBuildFile; fileRef = 06C051801DF949D3004128A4 /* 8.png */; };
		06C0524E1DF949FB004128A4 /* 9.png in Copy Files */ = {isa = PBXBuildFile; fileRef = 06C051811DF949D3004128A4 /* 9.png */; };
		06C0524F1DF949FB004128A4 /* 10.png in Copy Files */ = {isa = PBXBuildFile; fileRef = 06C051821DF949D3004128A4 /* 10.png */; };
		06C052501DF949FB004128A4 /* 11.png in Copy Files */ = {isa = PBXBuildFile; fileRef = 06C051831DF949D3004128A4 /* 11.png */; };
		06C052511DF949FB004128A4 /* 12.png in Copy Files */ = {isa = PBXBuildFile; fileRef = 06C051841DF949D3004128A4 /* 12.png */; };
		06C052521DF949FB004128A4 /* 13.png in Copy Files */ = {isa = PBXBuildFile; fileRef = 06C051851DF949D3004128A4 /* 13.png */; };
		06C052531DF949FB004128A4 /* 14.png in Copy Files */ = {isa = PBXBuildFile; fileRef = 06C051861DF949D3004128A4 /* 14.png */; };
		06C052541DF949FB004128A4 /* 15.png in Copy Files */ = {isa = PBXBuildFile; fileRef = 06C051871DF949D3004128A4 /* 15.png */; };
		06C052551DF949FB004128A4 /* 16.png in Copy Files */ = {isa = PBXBuildFile; fileRef = 06C051881DF949D3004128A4 /* 16.png */; };
		06C052561DF949FB004128A4 /* 17.png in Copy Files */ = {isa = PBXBuildFile; fileRef = 06C051891DF949D3004128A4 /* 17.png */; };
		06C052571DF949FB004128A4 /* 18.png in Copy Files */ = {isa = PBXBuildFile; fileRef = 06C0518A1DF949D3004128A4 /* 18.png */; };
		06C052581DF949FB004128A4 /* 19.png in Copy Files */ = {isa = PBXBuildFile; fileRef = 06C0518B1DF949D3004128A4 /* 19.png */; };
		06C052591DF949FB004128A4 /* 20.png in Copy Files */ = {isa = PBXBuildFile; fileRef = 06C0518C1DF949D3004128A4 /* 20.png */; };
		06C0525A1DF949FB004128A4 /* 21.png in Copy Files */ = {isa = PBXBuildFile; fileRef = 06C0518D1DF949D3004128A4 /* 21.png */; };
		06C0525B1DF949FB004128A4 /* 22.png in Copy Files */ = {isa = PBXBuildFile; fileRef = 06C0518E1DF949D3004128A4 /* 22.png */; };
		06C0525C1DF949FB004128A4 /* 23.png in Copy Files */ = {isa = PBXBuildFile; fileRef = 06C0518F1DF949D3004128A4 /* 23.png */; };
		06C0525D1DF949FB004128A4 /* 24.png in Copy Files */ = {isa = PBXBuildFile; fileRef = 06C051901DF949D3004128A4 /* 24.png */; };
		06C0525E1DF949FB004128A4 /* 29.png in Copy Files */ = {isa = PBXBuildFile; fileRef = 06C051911DF949D3004128A4 /* 29.png */; };
		06C0525F1DF949FB004128A4 /* 30.png in Copy Files */ = {isa = PBXBuildFile; fileRef = 06C051921DF949D3004128A4 /* 30.png */; };
		06C052601DF949FB004128A4 /* 31.png in Copy Files */ = {isa = PBXBuildFile; fileRef = 06C051931DF949D3004128A4 /* 31.png */; };
		06C052611DF949FB004128A4 /* 41.png in Copy Files */ = {isa = PBXBuildFile; fileRef = 06C051941DF949D3004128A4 /* 41.png */; };
		06C052621DF949FB004128A4 /* 42.png in Copy Files */ = {isa = PBXBuildFile; fileRef = 06C051951DF949D3004128A4 /* 42.png */; };
		06C052631DF949FB004128A4 /* 43.png in Copy Files */ = {isa = PBXBuildFile; fileRef = 06C051961DF949D3004128A4 /* 43.png */; };
		06C052641DF949FB004128A4 /* 44.png in Copy Files */ = {isa = PBXBuildFile; fileRef = 06C051971DF949D3004128A4 /* 44.png */; };
		06C052651DF949FB004128A4 /* 45.png in Copy Files */ = {isa = PBXBuildFile; fileRef = 06C051981DF949D3004128A4 /* 45.png */; };
		06C052661DF949FB004128A4 /* 46.png in Copy Files */ = {isa = PBXBuildFile; fileRef = 06C051991DF949D3004128A4 /* 46.png */; };
		06C052671DF949FB004128A4 /* 47.png in Copy Files */ = {isa = PBXBuildFile; fileRef = 06C0519A1DF949D3004128A4 /* 47.png */; };
		06C052681DF949FB004128A4 /* 48.png in Copy Files */ = {isa = PBXBuildFile; fileRef = 06C0519B1DF949D3004128A4 /* 48.png */; };
		06C052691DF949FB004128A4 /* 49.png in Copy Files */ = {isa = PBXBuildFile; fileRef = 06C0519C1DF949D3004128A4 /* 49.png */; };
		06C0526A1DF949FB004128A4 /* 51.png in Copy Files */ = {isa = PBXBuildFile; fileRef = 06C0519D1DF949D3004128A4 /* 51.png */; };
		06C0526B1DF949FB004128A4 /* 55.png in Copy Files */ = {isa = PBXBuildFile; fileRef = 06C0519E1DF949D3004128A4 /* 55.png */; };
		06C0526C1DF949FB004128A4 /* 150.png in Copy Files */ = {isa = PBXBuildFile; fileRef = 06C0519F1DF949D3004128A4 /* 150.png */; };
		06C0526D1DF949FB004128A4 /* 151.png in Copy Files */ = {isa = PBXBuildFile; fileRef = 06C051A01DF949D3004128A4 /* 151.png */; };
		06C0526E1DF949FB004128A4 /* 152.png in Copy Files */ = {isa = PBXBuildFile; fileRef = 06C051A11DF949D3004128A4 /* 152.png */; };
		06C0526F1DF949FB004128A4 /* 153.png in Copy Files */ = {isa = PBXBuildFile; fileRef = 06C051A21DF949D3004128A4 /* 153.png */; };
		06C052701DF949FB004128A4 /* 154.png in Copy Files */ = {isa = PBXBuildFile; fileRef = 06C051A31DF949D3004128A4 /* 154.png */; };
		06C052711DF949FB004128A4 /* 155.png in Copy Files */ = {isa = PBXBuildFile; fileRef = 06C051A41DF949D3004128A4 /* 155.png */; };
		06C052721DF949FB004128A4 /* 156.png in Copy Files */ = {isa = PBXBuildFile; fileRef = 06C051A51DF949D3004128A4 /* 156.png */; };
		06C052731DF949FB004128A4 /* 157.png in Copy Files */ = {isa = PBXBuildFile; fileRef = 06C051A61DF949D3004128A4 /* 157.png */; };
		06C052741DF949FB004128A4 /* 158.png in Copy Files */ = {isa = PBXBuildFile; fileRef = 06C051A71DF949D3004128A4 /* 158.png */; };
		06C052751DF949FB004128A4 /* 159.png in Copy Files */ = {isa = PBXBuildFile; fileRef = 06C051A81DF949D3004128A4 /* 159.png */; };
		06C052761DF949FB004128A4 /* 160.png in Copy Files */ = {isa = PBXBuildFile; fileRef = 06C051A91DF949D3004128A4 /* 160.png */; };
		06C052771DF949FB004128A4 /* 148.png in Copy Files */ = {isa = PBXBuildFile; fileRef = 06C051AA1DF949D3004128A4 /* 148.png */; };
		06C052781DF949FB004128A4 /* 149.png in Copy Files */ = {isa = PBXBuildFile; fileRef = 06C051AB1DF949D3004128A4 /* 149.png */; };
		06C052791DF949FB004128A4 /* 0.png in Copy Files */ = {isa = PBXBuildFile; fileRef = 06C051AC1DF949D3004128A4 /* 0.png */; };
		06C0527A1DF949FB004128A4 /* 25.png in Copy Files */ = {isa = PBXBuildFile; fileRef = 06C051AD1DF949D3004128A4 /* 25.png */; };
		06C0527B1DF949FB004128A4 /* 26.png in Copy Files */ = {isa = PBXBuildFile; fileRef = 06C051AE1DF949D3004128A4 /* 26.png */; };
		06C0527C1DF949FB004128A4 /* 27.png in Copy Files */ = {isa = PBXBuildFile; fileRef = 06C051AF1DF949D3004128A4 /* 27.png */; };
		06C0527D1DF949FB004128A4 /* 28.png in Copy Files */ = {isa = PBXBuildFile; fileRef = 06C051B01DF949D3004128A4 /* 28.png */; };
		06C0527E1DF949FB004128A4 /* 32.png in Copy Files */ = {isa = PBXBuildFile; fileRef = 06C051B11DF949D3004128A4 /* 32.png */; };
		06C0527F1DF949FB004128A4 /* 33.png in Copy Files */ = {isa = PBXBuildFile; fileRef = 06C051B21DF949D3004128A4 /* 33.png */; };
		06C052801DF949FB004128A4 /* 34.png in Copy Files */ = {isa = PBXBuildFile; fileRef = 06C051B31DF949D3004128A4 /* 34.png */; };
		06C052811DF949FB004128A4 /* 35.png in Copy Files */ = {isa = PBXBuildFile; fileRef = 06C051B41DF949D3004128A4 /* 35.png */; };
		06C052821DF949FB004128A4 /* 36.png in Copy Files */ = {isa = PBXBuildFile; fileRef = 06C051B51DF949D3004128A4 /* 36.png */; };
		06C052831DF949FB004128A4 /* 37.png in Copy Files */ = {isa = PBXBuildFile; fileRef = 06C051B61DF949D3004128A4 /* 37.png */; };
		06C052841DF949FB004128A4 /* 38.png in Copy Files */ = {isa = PBXBuildFile; fileRef = 06C051B71DF949D3004128A4 /* 38.png */; };
		06C052851DF949FB004128A4 /* 39.png in Copy Files */ = {isa = PBXBuildFile; fileRef = 06C051B81DF949D3004128A4 /* 39.png */; };
		06C052861DF949FB004128A4 /* 40.png in Copy Files */ = {isa = PBXBuildFile; fileRef = 06C051B91DF949D3004128A4 /* 40.png */; };
		06C052871DF949FB004128A4 /* 50.png in Copy Files */ = {isa = PBXBuildFile; fileRef = 06C051BA1DF949D3004128A4 /* 50.png */; };
		06C052881DF949FB004128A4 /* 52.png in Copy Files */ = {isa = PBXBuildFile; fileRef = 06C051BB1DF949D3004128A4 /* 52.png */; };
		06C052891DF949FB004128A4 /* 53.png in Copy Files */ = {isa = PBXBuildFile; fileRef = 06C051BC1DF949D3004128A4 /* 53.png */; };
		06C0528A1DF949FB004128A4 /* 54.png in Copy Files */ = {isa = PBXBuildFile; fileRef = 06C051BD1DF949D3004128A4 /* 54.png */; };
		06C0528B1DF949FB004128A4 /* 56.png in Copy Files */ = {isa = PBXBuildFile; fileRef = 06C051BE1DF949D3004128A4 /* 56.png */; };
		06C0528C1DF949FB004128A4 /* 57.png in Copy Files */ = {isa = PBXBuildFile; fileRef = 06C051BF1DF949D3004128A4 /* 57.png */; };
		06C0528D1DF949FB004128A4 /* 58.png in Copy Files */ = {isa = PBXBuildFile; fileRef = 06C051C01DF949D3004128A4 /* 58.png */; };
		06C0528E1DF949FB004128A4 /* 59.png in Copy Files */ = {isa = PBXBuildFile; fileRef = 06C051C11DF949D3004128A4 /* 59.png */; };
		06C0528F1DF949FB004128A4 /* 60.png in Copy Files */ = {isa = PBXBuildFile; fileRef = 06C051C21DF949D3004128A4 /* 60.png */; };
		06C052901DF949FB004128A4 /* 61.png in Copy Files */ = {isa = PBXBuildFile; fileRef = 06C051C31DF949D3004128A4 /* 61.png */; };
		06C052911DF949FB004128A4 /* 62.png in Copy Files */ = {isa = PBXBuildFile; fileRef = 06C051C41DF949D3004128A4 /* 62.png */; };
		06C052921DF949FB004128A4 /* 63.png in Copy Files */ = {isa = PBXBuildFile; fileRef = 06C051C51DF949D3004128A4 /* 63.png */; };
		06C052931DF949FB004128A4 /* 64.png in Copy Files */ = {isa = PBXBuildFile; fileRef = 06C051C61DF949D3004128A4 /* 64.png */; };
		06C052941DF949FB004128A4 /* 65.png in Copy Files */ = {isa = PBXBuildFile; fileRef = 06C051C71DF949D3004128A4 /* 65.png */; };
		06C052951DF949FB004128A4 /* 66.png in Copy Files */ = {isa = PBXBuildFile; fileRef = 06C051C81DF949D3004128A4 /* 66.png */; };
		06C052961DF949FB004128A4 /* 67.png in Copy Files */ = {isa = PBXBuildFile; fileRef = 06C051C91DF949D3004128A4 /* 67.png */; };
		06C052971DF949FB004128A4 /* 68.png in Copy Files */ = {isa = PBXBuildFile; fileRef = 06C051CA1DF949D3004128A4 /* 68.png */; };
		06C052981DF949FB004128A4 /* 69.png in Copy Files */ = {isa = PBXBuildFile; fileRef = 06C051CB1DF949D3004128A4 /* 69.png */; };
		06C052991DF949FB004128A4 /* 70.png in Copy Files */ = {isa = PBXBuildFile; fileRef = 06C051CC1DF949D3004128A4 /* 70.png */; };
		06C0529A1DF949FB004128A4 /* 71.png in Copy Files */ = {isa = PBXBuildFile; fileRef = 06C051CD1DF949D3004128A4 /* 71.png */; };
		06C0529B1DF949FB004128A4 /* 73.png in Copy Files */ = {isa = PBXBuildFile; fileRef = 06C051CE1DF949D3004128A4 /* 73.png */; };
		06C0529C1DF949FB004128A4 /* 74.png in Copy Files */ = {isa = PBXBuildFile; fileRef = 06C051CF1DF949D3004128A4 /* 74.png */; };
		06C0529D1DF949FB004128A4 /* 75.png in Copy Files */ = {isa = PBXBuildFile; fileRef = 06C051D01DF949D3004128A4 /* 75.png */; };
		06C0529E1DF949FB004128A4 /* 76.png in Copy Files */ = {isa = PBXBuildFile; fileRef = 06C051D11DF949D3004128A4 /* 76.png */; };
		06C0529F1DF949FB004128A4 /* 77.png in Copy Files */ = {isa = PBXBuildFile; fileRef = 06C051D21DF949D3004128A4 /* 77.png */; };
		06C052A01DF949FB004128A4 /* 78.png in Copy Files */ = {isa = PBXBuildFile; fileRef = 06C051D31DF949D3004128A4 /* 78.png */; };
		06C052A11DF949FB004128A4 /* 79.png in Copy Files */ = {isa = PBXBuildFile; fileRef = 06C051D41DF949D3004128A4 /* 79.png */; };
		06C052A21DF949FB004128A4 /* 80.png in Copy Files */ = {isa = PBXBuildFile; fileRef = 06C051D51DF949D3004128A4 /* 80.png */; };
		06C052A31DF949FB004128A4 /* 81.png in Copy Files */ = {isa = PBXBuildFile; fileRef = 06C051D61DF949D3004128A4 /* 81.png */; };
		06C052A41DF949FB004128A4 /* 82.png in Copy Files */ = {isa = PBXBuildFile; fileRef = 06C051D71DF949D3004128A4 /* 82.png */; };
		06C052A51DF949FB004128A4 /* 83.png in Copy Files */ = {isa = PBXBuildFile; fileRef = 06C051D81DF949D3004128A4 /* 83.png */; };
		06C052A61DF949FB004128A4 /* 84.png in Copy Files */ = {isa = PBXBuildFile; fileRef = 06C051D91DF949D3004128A4 /* 84.png */; };
		06C052A71DF949FB004128A4 /* 85.png in Copy Files */ = {isa = PBXBuildFile; fileRef = 06C051DA1DF949D3004128A4 /* 85.png */; };
		06C052A81DF949FB004128A4 /* 86.png in Copy Files */ = {isa = PBXBuildFile; fileRef = 06C051DB1DF949D3004128A4 /* 86.png */; };
		06C052A91DF949FB004128A4 /* 87.png in Copy Files */ = {isa = PBXBuildFile; fileRef = 06C051DC1DF949D3004128A4 /* 87.png */; };
		06C052AA1DF949FB004128A4 /* 88.png in Copy Files */ = {isa = PBXBuildFile; fileRef = 06C051DD1DF949D3004128A4 /* 88.png */; };
		06C052AB1DF949FB004128A4 /* 89.png in Copy Files */ = {isa = PBXBuildFile; fileRef = 06C051DE1DF949D3004128A4 /* 89.png */; };
		06C052AC1DF949FB004128A4 /* 90.png in Copy Files */ = {isa = PBXBuildFile; fileRef = 06C051DF1DF949D3004128A4 /* 90.png */; };
		06C052AD1DF949FB004128A4 /* 91.png in Copy Files */ = {isa = PBXBuildFile; fileRef = 06C051E01DF949D3004128A4 /* 91.png */; };
		06C052AE1DF949FB004128A4 /* 92.png in Copy Files */ = {isa = PBXBuildFile; fileRef = 06C051E11DF949D3004128A4 /* 92.png */; };
		06C052AF1DF949FB004128A4 /* 93.png in Copy Files */ = {isa = PBXBuildFile; fileRef = 06C051E21DF949D3004128A4 /* 93.png */; };
		06C052B01DF949FB004128A4 /* 94.png in Copy Files */ = {isa = PBXBuildFile; fileRef = 06C051E31DF949D3004128A4 /* 94.png */; };
		06C052B11DF949FB004128A4 /* 95.png in Copy Files */ = {isa = PBXBuildFile; fileRef = 06C051E41DF949D3004128A4 /* 95.png */; };
		06C052B21DF949FB004128A4 /* 96.png in Copy Files */ = {isa = PBXBuildFile; fileRef = 06C051E51DF949D3004128A4 /* 96.png */; };
		06C052B31DF949FB004128A4 /* 97.png in Copy Files */ = {isa = PBXBuildFile; fileRef = 06C051E61DF949D3004128A4 /* 97.png */; };
		06C052B41DF949FB004128A4 /* 98.png in Copy Files */ = {isa = PBXBuildFile; fileRef = 06C051E71DF949D3004128A4 /* 98.png */; };
		06C052B51DF949FB004128A4 /* 99.png in Copy Files */ = {isa = PBXBuildFile; fileRef = 06C051E81DF949D3004128A4 /* 99.png */; };
		06C052B61DF949FB004128A4 /* 100.png in Copy Files */ = {isa = PBXBuildFile; fileRef = 06C051E91DF949D3004128A4 /* 100.png */; };
		06C052B71DF949FB004128A4 /* 101.png in Copy Files */ = {isa = PBXBuildFile; fileRef = 06C051EA1DF949D3004128A4 /* 101.png */; };
		06C052B81DF949FB004128A4 /* 102.png in Copy Files */ = {isa = PBXBuildFile; fileRef = 06C051EB1DF949D3004128A4 /* 102.png */; };
		06C052B91DF949FB004128A4 /* 103.png in Copy Files */ = {isa = PBXBuildFile; fileRef = 06C051EC1DF949D3004128A4 /* 103.png */; };
		06C052BA1DF949FB004128A4 /* 104.png in Copy Files */ = {isa = PBXBuildFile; fileRef = 06C051ED1DF949D3004128A4 /* 104.png */; };
		06C052BB1DF949FB004128A4 /* 105.png in Copy Files */ = {isa = PBXBuildFile; fileRef = 06C051EE1DF949D3004128A4 /* 105.png */; };
		06C052BC1DF949FB004128A4 /* 106.png in Copy Files */ = {isa = PBXBuildFile; fileRef = 06C051EF1DF949D3004128A4 /* 106.png */; };
		06C052BD1DF949FB004128A4 /* 107.png in Copy Files */ = {isa = PBXBuildFile; fileRef = 06C051F01DF949D3004128A4 /* 107.png */; };
		06C052BE1DF949FB004128A4 /* 108.png in Copy Files */ = {isa = PBXBuildFile; fileRef = 06C051F11DF949D3004128A4 /* 108.png */; };
		06C052BF1DF949FB004128A4 /* 109.png in Copy Files */ = {isa = PBXBuildFile; fileRef = 06C051F21DF949D3004128A4 /* 109.png */; };
		06C052C01DF949FB004128A4 /* 110.png in Copy Files */ = {isa = PBXBuildFile; fileRef = 06C051F31DF949D3004128A4 /* 110.png */; };
		06C052C11DF949FB004128A4 /* 111.png in Copy Files */ = {isa = PBXBuildFile; fileRef = 06C051F41DF949D3004128A4 /* 111.png */; };
		06C052C21DF949FB004128A4 /* 112.png in Copy Files */ = {isa = PBXBuildFile; fileRef = 06C051F51DF949D3004128A4 /* 112.png */; };
		06C052C31DF949FB004128A4 /* 113.png in Copy Files */ = {isa = PBXBuildFile; fileRef = 06C051F61DF949D3004128A4 /* 113.png */; };
		06C052C41DF949FB004128A4 /* 114.png in Copy Files */ = {isa = PBXBuildFile; fileRef = 06C051F71DF949D3004128A4 /* 114.png */; };
		06C052C51DF949FB004128A4 /* 115.png in Copy Files */ = {isa = PBXBuildFile; fileRef = 06C051F81DF949D3004128A4 /* 115.png */; };
		06C052C61DF949FB004128A4 /* 116.png in Copy Files */ = {isa = PBXBuildFile; fileRef = 06C051F91DF949D3004128A4 /* 116.png */; };
		06C052C71DF949FB004128A4 /* 117.png in Copy Files */ = {isa = PBXBuildFile; fileRef = 06C051FA1DF949D3004128A4 /* 117.png */; };
		06C052C81DF949FB004128A4 /* 118.png in Copy Files */ = {isa = PBXBuildFile; fileRef = 06C051FB1DF949D3004128A4 /* 118.png */; };
		06C052C91DF949FB004128A4 /* 119.png in Copy Files */ = {isa = PBXBuildFile; fileRef = 06C051FC1DF949D3004128A4 /* 119.png */; };
		06C052CA1DF949FB004128A4 /* 120.png in Copy Files */ = {isa = PBXBuildFile; fileRef = 06C051FD1DF949D3004128A4 /* 120.png */; };
		06C052CB1DF949FB004128A4 /* 121.png in Copy Files */ = {isa = PBXBuildFile; fileRef = 06C051FE1DF949D3004128A4 /* 121.png */; };
		06C052CC1DF949FB004128A4 /* 122.png in Copy Files */ = {isa = PBXBuildFile; fileRef = 06C051FF1DF949D3004128A4 /* 122.png */; };
		06C052CD1DF949FB004128A4 /* 123.png in Copy Files */ = {isa = PBXBuildFile; fileRef = 06C052001DF949D3004128A4 /* 123.png */; };
		06C052CE1DF949FB004128A4 /* 124.png in Copy Files */ = {isa = PBXBuildFile; fileRef = 06C052011DF949D3004128A4 /* 124.png */; };
		06C052CF1DF949FB004128A4 /* 125.png in Copy Files */ = {isa = PBXBuildFile; fileRef = 06C052021DF949D3004128A4 /* 125.png */; };
		06C052D01DF949FB004128A4 /* 126.png in Copy Files */ = {isa = PBXBuildFile; fileRef = 06C052031DF949D3004128A4 /* 126.png */; };
		06C052D11DF949FB004128A4 /* 127.png in Copy Files */ = {isa = PBXBuildFile; fileRef = 06C052041DF949D3004128A4 /* 127.png */; };
		06C052D21DF949FB004128A4 /* 128.png in Copy Files */ = {isa = PBXBuildFile; fileRef = 06C052051DF949D3004128A4 /* 128.png */; };
		06C052D31DF949FB004128A4 /* 129.png in Copy Files */ = {isa = PBXBuildFile; fileRef = 06C052061DF949D3004128A4 /* 129.png */; };
		06C052D41DF949FB004128A4 /* 130.png in Copy Files */ = {isa = PBXBuildFile; fileRef = 06C052071DF949D3004128A4 /* 130.png */; };
		06C052D51DF949FB004128A4 /* 131.png in Copy Files */ = {isa = PBXBuildFile; fileRef = 06C052081DF949D3004128A4 /* 131.png */; };
		06C052D61DF949FB004128A4 /* 132.png in Copy Files */ = {isa = PBXBuildFile; fileRef = 06C052091DF949D3004128A4 /* 132.png */; };
		06C052D71DF949FB004128A4 /* 133.png in Copy Files */ = {isa = PBXBuildFile; fileRef = 06C0520A1DF949D3004128A4 /* 133.png */; };
		06C052D81DF949FB004128A4 /* 134.png in Copy Files */ = {isa = PBXBuildFile; fileRef = 06C0520B1DF949D3004128A4 /* 134.png */; };
		06C052D91DF949FB004128A4 /* 135.png in Copy Files */ = {isa = PBXBuildFile; fileRef = 06C0520C1DF949D3004128A4 /* 135.png */; };
		06C052DA1DF949FB004128A4 /* 146.png in Copy Files */ = {isa = PBXBuildFile; fileRef = 06C0520D1DF949D3004128A4 /* 146.png */; };
		06C052DB1DF949FB004128A4 /* 147.png in Copy Files */ = {isa = PBXBuildFile; fileRef = 06C0520E1DF949D3004128A4 /* 147.png */; };
		DB37C7A11DE5DD8900131817 /* 1.txt in Copy Files */ = {isa = PBXBuildFile; fileRef = DB37C7A01DE5DD8900131817 /* 1.txt */; };
		DB37C7A31DE5DD9D00131817 /* 1.json in Copy Files */ = {isa = PBXBuildFile; fileRef = DB37C7A21DE5DD9D00131817 /* 1.json */; };
		DBA840A41DEAB3CA002CF1CC /* 2.json in Copy Files */ = {isa = PBXBuildFile; fileRef = DBA840A31DEAB3C2002CF1CC /* 2.json */; };
		DBA840AA1DEB48A7002CF1CC /* 3.json in Copy Files */ = {isa = PBXBuildFile; fileRef = DBA840A91DEB48A0002CF1CC /* 3.json */; };
/* End PBXBuildFile section */

/* Begin PBXCopyFilesBuildPhase section */
		06AC15E51DE56F1500421FF8 /* Copy Files */ = {
			isa = PBXCopyFilesBuildPhase;
			buildActionMask = 12;
			dstPath = file;
			dstSubfolderSpec = 16;
			files = (
				06C0520F1DF949FB004128A4 /* 161.png in Copy Files */,
				06C052101DF949FB004128A4 /* 162.png in Copy Files */,
				06C052111DF949FB004128A4 /* 163.png in Copy Files */,
				06C052121DF949FB004128A4 /* 164.png in Copy Files */,
				06C052131DF949FB004128A4 /* 166.png in Copy Files */,
				06C052141DF949FB004128A4 /* 167.png in Copy Files */,
				06C052151DF949FB004128A4 /* 168.png in Copy Files */,
				06C052161DF949FB004128A4 /* 169.png in Copy Files */,
				06C052171DF949FB004128A4 /* 170.png in Copy Files */,
				06C052181DF949FB004128A4 /* 175.png in Copy Files */,
				06C052191DF949FB004128A4 /* 176.png in Copy Files */,
				06C0521A1DF949FB004128A4 /* 177.png in Copy Files */,
				06C0521B1DF949FB004128A4 /* 178.png in Copy Files */,
				06C0521C1DF949FB004128A4 /* 179.png in Copy Files */,
				06C0521D1DF949FB004128A4 /* 180.png in Copy Files */,
				06C0521E1DF949FB004128A4 /* 181.png in Copy Files */,
				06C0521F1DF949FB004128A4 /* 182.png in Copy Files */,
				06C052201DF949FB004128A4 /* 183.png in Copy Files */,
				06C052211DF949FB004128A4 /* 184.png in Copy Files */,
				06C052221DF949FB004128A4 /* 185.png in Copy Files */,
				06C052231DF949FB004128A4 /* 186.png in Copy Files */,
				06C052241DF949FB004128A4 /* 187.png in Copy Files */,
				06C052251DF949FB004128A4 /* 188.png in Copy Files */,
				06C052261DF949FB004128A4 /* 189.png in Copy Files */,
				06C052271DF949FB004128A4 /* 190.png in Copy Files */,
				06C052281DF949FB004128A4 /* 191.png in Copy Files */,
				06C052291DF949FB004128A4 /* 192.png in Copy Files */,
				06C0522A1DF949FB004128A4 /* 193.png in Copy Files */,
				06C0522B1DF949FB004128A4 /* 194.png in Copy Files */,
				06C0522C1DF949FB004128A4 /* 195.png in Copy Files */,
				06C0522D1DF949FB004128A4 /* 196.png in Copy Files */,
				06C0522E1DF949FB004128A4 /* 197.png in Copy Files */,
				06C0522F1DF949FB004128A4 /* 198.png in Copy Files */,
				06C052301DF949FB004128A4 /* 199.png in Copy Files */,
				06C052311DF949FB004128A4 /* 200.png in Copy Files */,
				06C052321DF949FB004128A4 /* 201.png in Copy Files */,
				06C052331DF949FB004128A4 /* 202.png in Copy Files */,
				06C052341DF949FB004128A4 /* 203.png in Copy Files */,
				06C052351DF949FB004128A4 /* 204.png in Copy Files */,
				06C052361DF949FB004128A4 /* 205.png in Copy Files */,
				06C052371DF949FB004128A4 /* 206.png in Copy Files */,
				06C052381DF949FB004128A4 /* 207.png in Copy Files */,
				06C052391DF949FB004128A4 /* 208.png in Copy Files */,
				06C0523A1DF949FB004128A4 /* 209.png in Copy Files */,
				06C0523B1DF949FB004128A4 /* 210.png in Copy Files */,
				06C0523C1DF949FB004128A4 /* 211.png in Copy Files */,
				06C0523D1DF949FB004128A4 /* 212.png in Copy Files */,
				06C0523E1DF949FB004128A4 /* 213.png in Copy Files */,
				06C0523F1DF949FB004128A4 /* 214.png in Copy Files */,
				06C052401DF949FB004128A4 /* 215.png in Copy Files */,
				06C052411DF949FB004128A4 /* 216.png in Copy Files */,
				06C052421DF949FB004128A4 /* 217.png in Copy Files */,
				06C052431DF949FB004128A4 /* 218.png in Copy Files */,
				06C052441DF949FB004128A4 /* 219.png in Copy Files */,
				06C052451DF949FB004128A4 /* 220.png in Copy Files */,
				06C052461DF949FB004128A4 /* 221.png in Copy Files */,
				06C052471DF949FB004128A4 /* 2.png in Copy Files */,
				06C052481DF949FB004128A4 /* 3.png in Copy Files */,
				06C052491DF949FB004128A4 /* 4.png in Copy Files */,
				06C0524A1DF949FB004128A4 /* 5.png in Copy Files */,
				06C0524B1DF949FB004128A4 /* 6.png in Copy Files */,
				06C0524C1DF949FB004128A4 /* 7.png in Copy Files */,
				06C0524D1DF949FB004128A4 /* 8.png in Copy Files */,
				06C0524E1DF949FB004128A4 /* 9.png in Copy Files */,
				06C0524F1DF949FB004128A4 /* 10.png in Copy Files */,
				06C052501DF949FB004128A4 /* 11.png in Copy Files */,
				06C052511DF949FB004128A4 /* 12.png in Copy Files */,
				06C052521DF949FB004128A4 /* 13.png in Copy Files */,
				06C052531DF949FB004128A4 /* 14.png in Copy Files */,
				06C052541DF949FB004128A4 /* 15.png in Copy Files */,
				06C052551DF949FB004128A4 /* 16.png in Copy Files */,
				06C052561DF949FB004128A4 /* 17.png in Copy Files */,
				06C052571DF949FB004128A4 /* 18.png in Copy Files */,
				06C052581DF949FB004128A4 /* 19.png in Copy Files */,
				06C052591DF949FB004128A4 /* 20.png in Copy Files */,
				06C0525A1DF949FB004128A4 /* 21.png in Copy Files */,
				06C0525B1DF949FB004128A4 /* 22.png in Copy Files */,
				06C0525C1DF949FB004128A4 /* 23.png in Copy Files */,
				06C0525D1DF949FB004128A4 /* 24.png in Copy Files */,
				06C0525E1DF949FB004128A4 /* 29.png in Copy Files */,
				06C0525F1DF949FB004128A4 /* 30.png in Copy Files */,
				06C052601DF949FB004128A4 /* 31.png in Copy Files */,
				06C052611DF949FB004128A4 /* 41.png in Copy Files */,
				06C052621DF949FB004128A4 /* 42.png in Copy Files */,
				06C052631DF949FB004128A4 /* 43.png in Copy Files */,
				06C052641DF949FB004128A4 /* 44.png in Copy Files */,
				06C052651DF949FB004128A4 /* 45.png in Copy Files */,
				06C052661DF949FB004128A4 /* 46.png in Copy Files */,
				06C052671DF949FB004128A4 /* 47.png in Copy Files */,
				06C052681DF949FB004128A4 /* 48.png in Copy Files */,
				06C052691DF949FB004128A4 /* 49.png in Copy Files */,
				06C0526A1DF949FB004128A4 /* 51.png in Copy Files */,
				06C0526B1DF949FB004128A4 /* 55.png in Copy Files */,
				06C0526C1DF949FB004128A4 /* 150.png in Copy Files */,
				06C0526D1DF949FB004128A4 /* 151.png in Copy Files */,
				06C0526E1DF949FB004128A4 /* 152.png in Copy Files */,
				06C0526F1DF949FB004128A4 /* 153.png in Copy Files */,
				06C052701DF949FB004128A4 /* 154.png in Copy Files */,
				06C052711DF949FB004128A4 /* 155.png in Copy Files */,
				06C052721DF949FB004128A4 /* 156.png in Copy Files */,
				06C052731DF949FB004128A4 /* 157.png in Copy Files */,
				06C052741DF949FB004128A4 /* 158.png in Copy Files */,
				06C052751DF949FB004128A4 /* 159.png in Copy Files */,
				06C052761DF949FB004128A4 /* 160.png in Copy Files */,
				06C052771DF949FB004128A4 /* 148.png in Copy Files */,
				06C052781DF949FB004128A4 /* 149.png in Copy Files */,
				06C052791DF949FB004128A4 /* 0.png in Copy Files */,
				06C0527A1DF949FB004128A4 /* 25.png in Copy Files */,
				06C0527B1DF949FB004128A4 /* 26.png in Copy Files */,
				06C0527C1DF949FB004128A4 /* 27.png in Copy Files */,
				06C0527D1DF949FB004128A4 /* 28.png in Copy Files */,
				06C0527E1DF949FB004128A4 /* 32.png in Copy Files */,
				06C0527F1DF949FB004128A4 /* 33.png in Copy Files */,
				06C052801DF949FB004128A4 /* 34.png in Copy Files */,
				06C052811DF949FB004128A4 /* 35.png in Copy Files */,
				06C052821DF949FB004128A4 /* 36.png in Copy Files */,
				06C052831DF949FB004128A4 /* 37.png in Copy Files */,
				06C052841DF949FB004128A4 /* 38.png in Copy Files */,
				06C052851DF949FB004128A4 /* 39.png in Copy Files */,
				06C052861DF949FB004128A4 /* 40.png in Copy Files */,
				06C052871DF949FB004128A4 /* 50.png in Copy Files */,
				06C052881DF949FB004128A4 /* 52.png in Copy Files */,
				06C052891DF949FB004128A4 /* 53.png in Copy Files */,
				06C0528A1DF949FB004128A4 /* 54.png in Copy Files */,
				06C0528B1DF949FB004128A4 /* 56.png in Copy Files */,
				06C0528C1DF949FB004128A4 /* 57.png in Copy Files */,
				06C0528D1DF949FB004128A4 /* 58.png in Copy Files */,
				06C0528E1DF949FB004128A4 /* 59.png in Copy Files */,
				06C0528F1DF949FB004128A4 /* 60.png in Copy Files */,
				06C052901DF949FB004128A4 /* 61.png in Copy Files */,
				06C052911DF949FB004128A4 /* 62.png in Copy Files */,
				06C052921DF949FB004128A4 /* 63.png in Copy Files */,
				06C052931DF949FB004128A4 /* 64.png in Copy Files */,
				06C052941DF949FB004128A4 /* 65.png in Copy Files */,
				06C052951DF949FB004128A4 /* 66.png in Copy Files */,
				06C052961DF949FB004128A4 /* 67.png in Copy Files */,
				06C052971DF949FB004128A4 /* 68.png in Copy Files */,
				06C052981DF949FB004128A4 /* 69.png in Copy Files */,
				06C052991DF949FB004128A4 /* 70.png in Copy Files */,
				06C0529A1DF949FB004128A4 /* 71.png in Copy Files */,
				06C0529B1DF949FB004128A4 /* 73.png in Copy Files */,
				06C0529C1DF949FB004128A4 /* 74.png in Copy Files */,
				06C0529D1DF949FB004128A4 /* 75.png in Copy Files */,
				06C0529E1DF949FB004128A4 /* 76.png in Copy Files */,
				06C0529F1DF949FB004128A4 /* 77.png in Copy Files */,
				06C052A01DF949FB004128A4 /* 78.png in Copy Files */,
				06C052A11DF949FB004128A4 /* 79.png in Copy Files */,
				06C052A21DF949FB004128A4 /* 80.png in Copy Files */,
				06C052A31DF949FB004128A4 /* 81.png in Copy Files */,
				06C052A41DF949FB004128A4 /* 82.png in Copy Files */,
				06C052A51DF949FB004128A4 /* 83.png in Copy Files */,
				06C052A61DF949FB004128A4 /* 84.png in Copy Files */,
				06C052A71DF949FB004128A4 /* 85.png in Copy Files */,
				06C052A81DF949FB004128A4 /* 86.png in Copy Files */,
				06C052A91DF949FB004128A4 /* 87.png in Copy Files */,
				06C052AA1DF949FB004128A4 /* 88.png in Copy Files */,
				06C052AB1DF949FB004128A4 /* 89.png in Copy Files */,
				06C052AC1DF949FB004128A4 /* 90.png in Copy Files */,
				06C052AD1DF949FB004128A4 /* 91.png in Copy Files */,
				06C052AE1DF949FB004128A4 /* 92.png in Copy Files */,
				06C052AF1DF949FB004128A4 /* 93.png in Copy Files */,
				06C052B01DF949FB004128A4 /* 94.png in Copy Files */,
				06C052B11DF949FB004128A4 /* 95.png in Copy Files */,
				06C052B21DF949FB004128A4 /* 96.png in Copy Files */,
				06C052B31DF949FB004128A4 /* 97.png in Copy Files */,
				06C052B41DF949FB004128A4 /* 98.png in Copy Files */,
				06C052B51DF949FB004128A4 /* 99.png in Copy Files */,
				06C052B61DF949FB004128A4 /* 100.png in Copy Files */,
				06C052B71DF949FB004128A4 /* 101.png in Copy Files */,
				06C052B81DF949FB004128A4 /* 102.png in Copy Files */,
				06C052B91DF949FB004128A4 /* 103.png in Copy Files */,
				06C052BA1DF949FB004128A4 /* 104.png in Copy Files */,
				06C052BB1DF949FB004128A4 /* 105.png in Copy Files */,
				06C052BC1DF949FB004128A4 /* 106.png in Copy Files */,
				06C052BD1DF949FB004128A4 /* 107.png in Copy Files */,
				06C052BE1DF949FB004128A4 /* 108.png in Copy Files */,
				06C052BF1DF949FB004128A4 /* 109.png in Copy Files */,
				06C052C01DF949FB004128A4 /* 110.png in Copy Files */,
				06C052C11DF949FB004128A4 /* 111.png in Copy Files */,
				06C052C21DF949FB004128A4 /* 112.png in Copy Files */,
				06C052C31DF949FB004128A4 /* 113.png in Copy Files */,
				06C052C41DF949FB004128A4 /* 114.png in Copy Files */,
				06C052C51DF949FB004128A4 /* 115.png in Copy Files */,
				06C052C61DF949FB004128A4 /* 116.png in Copy Files */,
				06C052C71DF949FB004128A4 /* 117.png in Copy Files */,
				06C052C81DF949FB004128A4 /* 118.png in Copy Files */,
				06C052C91DF949FB004128A4 /* 119.png in Copy Files */,
				06C052CA1DF949FB004128A4 /* 120.png in Copy Files */,
				06C052CB1DF949FB004128A4 /* 121.png in Copy Files */,
				06C052CC1DF949FB004128A4 /* 122.png in Copy Files */,
				06C052CD1DF949FB004128A4 /* 123.png in Copy Files */,
				06C052CE1DF949FB004128A4 /* 124.png in Copy Files */,
				06C052CF1DF949FB004128A4 /* 125.png in Copy Files */,
				06C052D01DF949FB004128A4 /* 126.png in Copy Files */,
				06C052D11DF949FB004128A4 /* 127.png in Copy Files */,
				06C052D21DF949FB004128A4 /* 128.png in Copy Files */,
				06C052D31DF949FB004128A4 /* 129.png in Copy Files */,
				06C052D41DF949FB004128A4 /* 130.png in Copy Files */,
				06C052D51DF949FB004128A4 /* 131.png in Copy Files */,
				06C052D61DF949FB004128A4 /* 132.png in Copy Files */,
				06C052D71DF949FB004128A4 /* 133.png in Copy Files */,
				06C052D81DF949FB004128A4 /* 134.png in Copy Files */,
				06C052D91DF949FB004128A4 /* 135.png in Copy Files */,
				06C052DA1DF949FB004128A4 /* 146.png in Copy Files */,
				06C052DB1DF949FB004128A4 /* 147.png in Copy Files */,
				0669846D1DF7F8DC0092344A /* fileList.txt in Copy Files */,
				061A99E11DEECA4D005C727A /* 1.png in Copy Files */,
				DBA840AA1DEB48A7002CF1CC /* 3.json in Copy Files */,
				DBA840A41DEAB3CA002CF1CC /* 2.json in Copy Files */,
				DB37C7A31DE5DD9D00131817 /* 1.json in Copy Files */,
				DB37C7A11DE5DD8900131817 /* 1.txt in Copy Files */,
			);
			name = "Copy Files";
			runOnlyForDeploymentPostprocessing = 0;
		};
/* End PBXCopyFilesBuildPhase section */

/* Begin PBXFileReference section */
		061A99E01DEECA43005C727A /* 1.png */ = {isa = PBXFileReference; lastKnownFileType = image.png; path = 1.png; sourceTree = "<group>"; };
		0669846C1DF7F8D70092344A /* fileList.txt */ = {isa = PBXFileReference; fileEncoding = 4; lastKnownFileType = text; path = fileList.txt; sourceTree = "<group>"; };
		06AC15E71DE56F1500421FF8 /* YorkServer */ = {isa = PBXFileReference; explicitFileType = "compiled.mach-o.executable"; includeInIndex = 0; path = YorkServer; sourceTree = BUILT_PRODUCTS_DIR; };
		06AC16301DE5705900421FF8 /* YorkNetwork.cpp */ = {isa = PBXFileReference; fileEncoding = 4; lastKnownFileType = sourcecode.cpp.cpp; name = YorkNetwork.cpp; path = ../../YorkNetWork/YorkNetwork.cpp; sourceTree = "<group>"; };
		06AC16311DE5705900421FF8 /* YorkNetwork.h */ = {isa = PBXFileReference; fileEncoding = 4; lastKnownFileType = sourcecode.c.h; name = YorkNetwork.h; path = ../../YorkNetWork/YorkNetwork.h; sourceTree = "<group>"; };
		06AC16321DE5705900421FF8 /* YorkSocketSDKSample.cpp */ = {isa = PBXFileReference; fileEncoding = 4; lastKnownFileType = sourcecode.cpp.cpp; name = YorkSocketSDKSample.cpp; path = ../../YorkNetWork/YorkSocketSDKSample.cpp; sourceTree = "<group>"; };
		06AC16331DE5705900421FF8 /* YorkSocketServer.cpp */ = {isa = PBXFileReference; fileEncoding = 4; lastKnownFileType = sourcecode.cpp.cpp; name = YorkSocketServer.cpp; path = ../../YorkNetWork/YorkSocketServer.cpp; sourceTree = "<group>"; };
		06AC16341DE5705900421FF8 /* YorkSocketServer.h */ = {isa = PBXFileReference; fileEncoding = 4; lastKnownFileType = sourcecode.c.h; name = YorkSocketServer.h; path = ../../YorkNetWork/YorkSocketServer.h; sourceTree = "<group>"; };
		06C051421DF949D3004128A4 /* 161.png */ = {isa = PBXFileReference; lastKnownFileType = image.png; path = 161.png; sourceTree = "<group>"; };
		06C051431DF949D3004128A4 /* 162.png */ = {isa = PBXFileReference; lastKnownFileType = image.png; path = 162.png; sourceTree = "<group>"; };
		06C051441DF949D3004128A4 /* 163.png */ = {isa = PBXFileReference; lastKnownFileType = image.png; path = 163.png; sourceTree = "<group>"; };
		06C051451DF949D3004128A4 /* 164.png */ = {isa = PBXFileReference; lastKnownFileType = image.png; path = 164.png; sourceTree = "<group>"; };
		06C051461DF949D3004128A4 /* 166.png */ = {isa = PBXFileReference; lastKnownFileType = image.png; path = 166.png; sourceTree = "<group>"; };
		06C051471DF949D3004128A4 /* 167.png */ = {isa = PBXFileReference; lastKnownFileType = image.png; path = 167.png; sourceTree = "<group>"; };
		06C051481DF949D3004128A4 /* 168.png */ = {isa = PBXFileReference; lastKnownFileType = image.png; path = 168.png; sourceTree = "<group>"; };
		06C051491DF949D3004128A4 /* 169.png */ = {isa = PBXFileReference; lastKnownFileType = image.png; path = 169.png; sourceTree = "<group>"; };
		06C0514A1DF949D3004128A4 /* 170.png */ = {isa = PBXFileReference; lastKnownFileType = image.png; path = 170.png; sourceTree = "<group>"; };
		06C0514B1DF949D3004128A4 /* 175.png */ = {isa = PBXFileReference; lastKnownFileType = image.png; path = 175.png; sourceTree = "<group>"; };
		06C0514C1DF949D3004128A4 /* 176.png */ = {isa = PBXFileReference; lastKnownFileType = image.png; path = 176.png; sourceTree = "<group>"; };
		06C0514D1DF949D3004128A4 /* 177.png */ = {isa = PBXFileReference; lastKnownFileType = image.png; path = 177.png; sourceTree = "<group>"; };
		06C0514E1DF949D3004128A4 /* 178.png */ = {isa = PBXFileReference; lastKnownFileType = image.png; path = 178.png; sourceTree = "<group>"; };
		06C0514F1DF949D3004128A4 /* 179.png */ = {isa = PBXFileReference; lastKnownFileType = image.png; path = 179.png; sourceTree = "<group>"; };
		06C051501DF949D3004128A4 /* 180.png */ = {isa = PBXFileReference; lastKnownFileType = image.png; path = 180.png; sourceTree = "<group>"; };
		06C051511DF949D3004128A4 /* 181.png */ = {isa = PBXFileReference; lastKnownFileType = image.png; path = 181.png; sourceTree = "<group>"; };
		06C051521DF949D3004128A4 /* 182.png */ = {isa = PBXFileReference; lastKnownFileType = image.png; path = 182.png; sourceTree = "<group>"; };
		06C051531DF949D3004128A4 /* 183.png */ = {isa = PBXFileReference; lastKnownFileType = image.png; path = 183.png; sourceTree = "<group>"; };
		06C051541DF949D3004128A4 /* 184.png */ = {isa = PBXFileReference; lastKnownFileType = image.png; path = 184.png; sourceTree = "<group>"; };
		06C051551DF949D3004128A4 /* 185.png */ = {isa = PBXFileReference; lastKnownFileType = image.png; path = 185.png; sourceTree = "<group>"; };
		06C051561DF949D3004128A4 /* 186.png */ = {isa = PBXFileReference; lastKnownFileType = image.png; path = 186.png; sourceTree = "<group>"; };
		06C051571DF949D3004128A4 /* 187.png */ = {isa = PBXFileReference; lastKnownFileType = image.png; path = 187.png; sourceTree = "<group>"; };
		06C051581DF949D3004128A4 /* 188.png */ = {isa = PBXFileReference; lastKnownFileType = image.png; path = 188.png; sourceTree = "<group>"; };
		06C051591DF949D3004128A4 /* 189.png */ = {isa = PBXFileReference; lastKnownFileType = image.png; path = 189.png; sourceTree = "<group>"; };
		06C0515A1DF949D3004128A4 /* 190.png */ = {isa = PBXFileReference; lastKnownFileType = image.png; path = 190.png; sourceTree = "<group>"; };
		06C0515B1DF949D3004128A4 /* 191.png */ = {isa = PBXFileReference; lastKnownFileType = image.png; path = 191.png; sourceTree = "<group>"; };
		06C0515C1DF949D3004128A4 /* 192.png */ = {isa = PBXFileReference; lastKnownFileType = image.png; path = 192.png; sourceTree = "<group>"; };
		06C0515D1DF949D3004128A4 /* 193.png */ = {isa = PBXFileReference; lastKnownFileType = image.png; path = 193.png; sourceTree = "<group>"; };
		06C0515E1DF949D3004128A4 /* 194.png */ = {isa = PBXFileReference; lastKnownFileType = image.png; path = 194.png; sourceTree = "<group>"; };
		06C0515F1DF949D3004128A4 /* 195.png */ = {isa = PBXFileReference; lastKnownFileType = image.png; path = 195.png; sourceTree = "<group>"; };
		06C051601DF949D3004128A4 /* 196.png */ = {isa = PBXFileReference; lastKnownFileType = image.png; path = 196.png; sourceTree = "<group>"; };
		06C051611DF949D3004128A4 /* 197.png */ = {isa = PBXFileReference; lastKnownFileType = image.png; path = 197.png; sourceTree = "<group>"; };
		06C051621DF949D3004128A4 /* 198.png */ = {isa = PBXFileReference; lastKnownFileType = image.png; path = 198.png; sourceTree = "<group>"; };
		06C051631DF949D3004128A4 /* 199.png */ = {isa = PBXFileReference; lastKnownFileType = image.png; path = 199.png; sourceTree = "<group>"; };
		06C051641DF949D3004128A4 /* 200.png */ = {isa = PBXFileReference; lastKnownFileType = image.png; path = 200.png; sourceTree = "<group>"; };
		06C051651DF949D3004128A4 /* 201.png */ = {isa = PBXFileReference; lastKnownFileType = image.png; path = 201.png; sourceTree = "<group>"; };
		06C051661DF949D3004128A4 /* 202.png */ = {isa = PBXFileReference; lastKnownFileType = image.png; path = 202.png; sourceTree = "<group>"; };
		06C051671DF949D3004128A4 /* 203.png */ = {isa = PBXFileReference; lastKnownFileType = image.png; path = 203.png; sourceTree = "<group>"; };
		06C051681DF949D3004128A4 /* 204.png */ = {isa = PBXFileReference; lastKnownFileType = image.png; path = 204.png; sourceTree = "<group>"; };
		06C051691DF949D3004128A4 /* 205.png */ = {isa = PBXFileReference; lastKnownFileType = image.png; path = 205.png; sourceTree = "<group>"; };
		06C0516A1DF949D3004128A4 /* 206.png */ = {isa = PBXFileReference; lastKnownFileType = image.png; path = 206.png; sourceTree = "<group>"; };
		06C0516B1DF949D3004128A4 /* 207.png */ = {isa = PBXFileReference; lastKnownFileType = image.png; path = 207.png; sourceTree = "<group>"; };
		06C0516C1DF949D3004128A4 /* 208.png */ = {isa = PBXFileReference; lastKnownFileType = image.png; path = 208.png; sourceTree = "<group>"; };
		06C0516D1DF949D3004128A4 /* 209.png */ = {isa = PBXFileReference; lastKnownFileType = image.png; path = 209.png; sourceTree = "<group>"; };
		06C0516E1DF949D3004128A4 /* 210.png */ = {isa = PBXFileReference; lastKnownFileType = image.png; path = 210.png; sourceTree = "<group>"; };
		06C0516F1DF949D3004128A4 /* 211.png */ = {isa = PBXFileReference; lastKnownFileType = image.png; path = 211.png; sourceTree = "<group>"; };
		06C051701DF949D3004128A4 /* 212.png */ = {isa = PBXFileReference; lastKnownFileType = image.png; path = 212.png; sourceTree = "<group>"; };
		06C051711DF949D3004128A4 /* 213.png */ = {isa = PBXFileReference; lastKnownFileType = image.png; path = 213.png; sourceTree = "<group>"; };
		06C051721DF949D3004128A4 /* 214.png */ = {isa = PBXFileReference; lastKnownFileType = image.png; path = 214.png; sourceTree = "<group>"; };
		06C051731DF949D3004128A4 /* 215.png */ = {isa = PBXFileReference; lastKnownFileType = image.png; path = 215.png; sourceTree = "<group>"; };
		06C051741DF949D3004128A4 /* 216.png */ = {isa = PBXFileReference; lastKnownFileType = image.png; path = 216.png; sourceTree = "<group>"; };
		06C051751DF949D3004128A4 /* 217.png */ = {isa = PBXFileReference; lastKnownFileType = image.png; path = 217.png; sourceTree = "<group>"; };
		06C051761DF949D3004128A4 /* 218.png */ = {isa = PBXFileReference; lastKnownFileType = image.png; path = 218.png; sourceTree = "<group>"; };
		06C051771DF949D3004128A4 /* 219.png */ = {isa = PBXFileReference; lastKnownFileType = image.png; path = 219.png; sourceTree = "<group>"; };
		06C051781DF949D3004128A4 /* 220.png */ = {isa = PBXFileReference; lastKnownFileType = image.png; path = 220.png; sourceTree = "<group>"; };
		06C051791DF949D3004128A4 /* 221.png */ = {isa = PBXFileReference; lastKnownFileType = image.png; path = 221.png; sourceTree = "<group>"; };
		06C0517A1DF949D3004128A4 /* 2.png */ = {isa = PBXFileReference; lastKnownFileType = image.png; path = 2.png; sourceTree = "<group>"; };
		06C0517B1DF949D3004128A4 /* 3.png */ = {isa = PBXFileReference; lastKnownFileType = image.png; path = 3.png; sourceTree = "<group>"; };
		06C0517C1DF949D3004128A4 /* 4.png */ = {isa = PBXFileReference; lastKnownFileType = image.png; path = 4.png; sourceTree = "<group>"; };
		06C0517D1DF949D3004128A4 /* 5.png */ = {isa = PBXFileReference; lastKnownFileType = image.png; path = 5.png; sourceTree = "<group>"; };
		06C0517E1DF949D3004128A4 /* 6.png */ = {isa = PBXFileReference; lastKnownFileType = image.png; path = 6.png; sourceTree = "<group>"; };
		06C0517F1DF949D3004128A4 /* 7.png */ = {isa = PBXFileReference; lastKnownFileType = image.png; path = 7.png; sourceTree = "<group>"; };
		06C051801DF949D3004128A4 /* 8.png */ = {isa = PBXFileReference; lastKnownFileType = image.png; path = 8.png; sourceTree = "<group>"; };
		06C051811DF949D3004128A4 /* 9.png */ = {isa = PBXFileReference; lastKnownFileType = image.png; path = 9.png; sourceTree = "<group>"; };
		06C051821DF949D3004128A4 /* 10.png */ = {isa = PBXFileReference; lastKnownFileType = image.png; path = 10.png; sourceTree = "<group>"; };
		06C051831DF949D3004128A4 /* 11.png */ = {isa = PBXFileReference; lastKnownFileType = image.png; path = 11.png; sourceTree = "<group>"; };
		06C051841DF949D3004128A4 /* 12.png */ = {isa = PBXFileReference; lastKnownFileType = image.png; path = 12.png; sourceTree = "<group>"; };
		06C051851DF949D3004128A4 /* 13.png */ = {isa = PBXFileReference; lastKnownFileType = image.png; path = 13.png; sourceTree = "<group>"; };
		06C051861DF949D3004128A4 /* 14.png */ = {isa = PBXFileReference; lastKnownFileType = image.png; path = 14.png; sourceTree = "<group>"; };
		06C051871DF949D3004128A4 /* 15.png */ = {isa = PBXFileReference; lastKnownFileType = image.png; path = 15.png; sourceTree = "<group>"; };
		06C051881DF949D3004128A4 /* 16.png */ = {isa = PBXFileReference; lastKnownFileType = image.png; path = 16.png; sourceTree = "<group>"; };
		06C051891DF949D3004128A4 /* 17.png */ = {isa = PBXFileReference; lastKnownFileType = image.png; path = 17.png; sourceTree = "<group>"; };
		06C0518A1DF949D3004128A4 /* 18.png */ = {isa = PBXFileReference; lastKnownFileType = image.png; path = 18.png; sourceTree = "<group>"; };
		06C0518B1DF949D3004128A4 /* 19.png */ = {isa = PBXFileReference; lastKnownFileType = image.png; path = 19.png; sourceTree = "<group>"; };
		06C0518C1DF949D3004128A4 /* 20.png */ = {isa = PBXFileReference; lastKnownFileType = image.png; path = 20.png; sourceTree = "<group>"; };
		06C0518D1DF949D3004128A4 /* 21.png */ = {isa = PBXFileReference; lastKnownFileType = image.png; path = 21.png; sourceTree = "<group>"; };
		06C0518E1DF949D3004128A4 /* 22.png */ = {isa = PBXFileReference; lastKnownFileType = image.png; path = 22.png; sourceTree = "<group>"; };
		06C0518F1DF949D3004128A4 /* 23.png */ = {isa = PBXFileReference; lastKnownFileType = image.png; path = 23.png; sourceTree = "<group>"; };
		06C051901DF949D3004128A4 /* 24.png */ = {isa = PBXFileReference; lastKnownFileType = image.png; path = 24.png; sourceTree = "<group>"; };
		06C051911DF949D3004128A4 /* 29.png */ = {isa = PBXFileReference; lastKnownFileType = image.png; path = 29.png; sourceTree = "<group>"; };
		06C051921DF949D3004128A4 /* 30.png */ = {isa = PBXFileReference; lastKnownFileType = image.png; path = 30.png; sourceTree = "<group>"; };
		06C051931DF949D3004128A4 /* 31.png */ = {isa = PBXFileReference; lastKnownFileType = image.png; path = 31.png; sourceTree = "<group>"; };
		06C051941DF949D3004128A4 /* 41.png */ = {isa = PBXFileReference; lastKnownFileType = image.png; path = 41.png; sourceTree = "<group>"; };
		06C051951DF949D3004128A4 /* 42.png */ = {isa = PBXFileReference; lastKnownFileType = image.png; path = 42.png; sourceTree = "<group>"; };
		06C051961DF949D3004128A4 /* 43.png */ = {isa = PBXFileReference; lastKnownFileType = image.png; path = 43.png; sourceTree = "<group>"; };
		06C051971DF949D3004128A4 /* 44.png */ = {isa = PBXFileReference; lastKnownFileType = image.png; path = 44.png; sourceTree = "<group>"; };
		06C051981DF949D3004128A4 /* 45.png */ = {isa = PBXFileReference; lastKnownFileType = image.png; path = 45.png; sourceTree = "<group>"; };
		06C051991DF949D3004128A4 /* 46.png */ = {isa = PBXFileReference; lastKnownFileType = image.png; path = 46.png; sourceTree = "<group>"; };
		06C0519A1DF949D3004128A4 /* 47.png */ = {isa = PBXFileReference; lastKnownFileType = image.png; path = 47.png; sourceTree = "<group>"; };
		06C0519B1DF949D3004128A4 /* 48.png */ = {isa = PBXFileReference; lastKnownFileType = image.png; path = 48.png; sourceTree = "<group>"; };
		06C0519C1DF949D3004128A4 /* 49.png */ = {isa = PBXFileReference; lastKnownFileType = image.png; path = 49.png; sourceTree = "<group>"; };
		06C0519D1DF949D3004128A4 /* 51.png */ = {isa = PBXFileReference; lastKnownFileType = image.png; path = 51.png; sourceTree = "<group>"; };
		06C0519E1DF949D3004128A4 /* 55.png */ = {isa = PBXFileReference; lastKnownFileType = image.png; path = 55.png; sourceTree = "<group>"; };
		06C0519F1DF949D3004128A4 /* 150.png */ = {isa = PBXFileReference; lastKnownFileType = image.png; path = 150.png; sourceTree = "<group>"; };
		06C051A01DF949D3004128A4 /* 151.png */ = {isa = PBXFileReference; lastKnownFileType = image.png; path = 151.png; sourceTree = "<group>"; };
		06C051A11DF949D3004128A4 /* 152.png */ = {isa = PBXFileReference; lastKnownFileType = image.png; path = 152.png; sourceTree = "<group>"; };
		06C051A21DF949D3004128A4 /* 153.png */ = {isa = PBXFileReference; lastKnownFileType = image.png; path = 153.png; sourceTree = "<group>"; };
		06C051A31DF949D3004128A4 /* 154.png */ = {isa = PBXFileReference; lastKnownFileType = image.png; path = 154.png; sourceTree = "<group>"; };
		06C051A41DF949D3004128A4 /* 155.png */ = {isa = PBXFileReference; lastKnownFileType = image.png; path = 155.png; sourceTree = "<group>"; };
		06C051A51DF949D3004128A4 /* 156.png */ = {isa = PBXFileReference; lastKnownFileType = image.png; path = 156.png; sourceTree = "<group>"; };
		06C051A61DF949D3004128A4 /* 157.png */ = {isa = PBXFileReference; lastKnownFileType = image.png; path = 157.png; sourceTree = "<group>"; };
		06C051A71DF949D3004128A4 /* 158.png */ = {isa = PBXFileReference; lastKnownFileType = image.png; path = 158.png; sourceTree = "<group>"; };
		06C051A81DF949D3004128A4 /* 159.png */ = {isa = PBXFileReference; lastKnownFileType = image.png; path = 159.png; sourceTree = "<group>"; };
		06C051A91DF949D3004128A4 /* 160.png */ = {isa = PBXFileReference; lastKnownFileType = image.png; path = 160.png; sourceTree = "<group>"; };
		06C051AA1DF949D3004128A4 /* 148.png */ = {isa = PBXFileReference; lastKnownFileType = image.png; path = 148.png; sourceTree = "<group>"; };
		06C051AB1DF949D3004128A4 /* 149.png */ = {isa = PBXFileReference; lastKnownFileType = image.png; path = 149.png; sourceTree = "<group>"; };
		06C051AC1DF949D3004128A4 /* 0.png */ = {isa = PBXFileReference; lastKnownFileType = image.png; path = 0.png; sourceTree = "<group>"; };
		06C051AD1DF949D3004128A4 /* 25.png */ = {isa = PBXFileReference; lastKnownFileType = image.png; path = 25.png; sourceTree = "<group>"; };
		06C051AE1DF949D3004128A4 /* 26.png */ = {isa = PBXFileReference; lastKnownFileType = image.png; path = 26.png; sourceTree = "<group>"; };
		06C051AF1DF949D3004128A4 /* 27.png */ = {isa = PBXFileReference; lastKnownFileType = image.png; path = 27.png; sourceTree = "<group>"; };
		06C051B01DF949D3004128A4 /* 28.png */ = {isa = PBXFileReference; lastKnownFileType = image.png; path = 28.png; sourceTree = "<group>"; };
		06C051B11DF949D3004128A4 /* 32.png */ = {isa = PBXFileReference; lastKnownFileType = image.png; path = 32.png; sourceTree = "<group>"; };
		06C051B21DF949D3004128A4 /* 33.png */ = {isa = PBXFileReference; lastKnownFileType = image.png; path = 33.png; sourceTree = "<group>"; };
		06C051B31DF949D3004128A4 /* 34.png */ = {isa = PBXFileReference; lastKnownFileType = image.png; path = 34.png; sourceTree = "<group>"; };
		06C051B41DF949D3004128A4 /* 35.png */ = {isa = PBXFileReference; lastKnownFileType = image.png; path = 35.png; sourceTree = "<group>"; };
		06C051B51DF949D3004128A4 /* 36.png */ = {isa = PBXFileReference; lastKnownFileType = image.png; path = 36.png; sourceTree = "<group>"; };
		06C051B61DF949D3004128A4 /* 37.png */ = {isa = PBXFileReference; lastKnownFileType = image.png; path = 37.png; sourceTree = "<group>"; };
		06C051B71DF949D3004128A4 /* 38.png */ = {isa = PBXFileReference; lastKnownFileType = image.png; path = 38.png; sourceTree = "<group>"; };
		06C051B81DF949D3004128A4 /* 39.png */ = {isa = PBXFileReference; lastKnownFileType = image.png; path = 39.png; sourceTree = "<group>"; };
		06C051B91DF949D3004128A4 /* 40.png */ = {isa = PBXFileReference; lastKnownFileType = image.png; path = 40.png; sourceTree = "<group>"; };
		06C051BA1DF949D3004128A4 /* 50.png */ = {isa = PBXFileReference; lastKnownFileType = image.png; path = 50.png; sourceTree = "<group>"; };
		06C051BB1DF949D3004128A4 /* 52.png */ = {isa = PBXFileReference; lastKnownFileType = image.png; path = 52.png; sourceTree = "<group>"; };
		06C051BC1DF949D3004128A4 /* 53.png */ = {isa = PBXFileReference; lastKnownFileType = image.png; path = 53.png; sourceTree = "<group>"; };
		06C051BD1DF949D3004128A4 /* 54.png */ = {isa = PBXFileReference; lastKnownFileType = image.png; path = 54.png; sourceTree = "<group>"; };
		06C051BE1DF949D3004128A4 /* 56.png */ = {isa = PBXFileReference; lastKnownFileType = image.png; path = 56.png; sourceTree = "<group>"; };
		06C051BF1DF949D3004128A4 /* 57.png */ = {isa = PBXFileReference; lastKnownFileType = image.png; path = 57.png; sourceTree = "<group>"; };
		06C051C01DF949D3004128A4 /* 58.png */ = {isa = PBXFileReference; lastKnownFileType = image.png; path = 58.png; sourceTree = "<group>"; };
		06C051C11DF949D3004128A4 /* 59.png */ = {isa = PBXFileReference; lastKnownFileType = image.png; path = 59.png; sourceTree = "<group>"; };
		06C051C21DF949D3004128A4 /* 60.png */ = {isa = PBXFileReference; lastKnownFileType = image.png; path = 60.png; sourceTree = "<group>"; };
		06C051C31DF949D3004128A4 /* 61.png */ = {isa = PBXFileReference; lastKnownFileType = image.png; path = 61.png; sourceTree = "<group>"; };
		06C051C41DF949D3004128A4 /* 62.png */ = {isa = PBXFileReference; lastKnownFileType = image.png; path = 62.png; sourceTree = "<group>"; };
		06C051C51DF949D3004128A4 /* 63.png */ = {isa = PBXFileReference; lastKnownFileType = image.png; path = 63.png; sourceTree = "<group>"; };
		06C051C61DF949D3004128A4 /* 64.png */ = {isa = PBXFileReference; lastKnownFileType = image.png; path = 64.png; sourceTree = "<group>"; };
		06C051C71DF949D3004128A4 /* 65.png */ = {isa = PBXFileReference; lastKnownFileType = image.png; path = 65.png; sourceTree = "<group>"; };
		06C051C81DF949D3004128A4 /* 66.png */ = {isa = PBXFileReference; lastKnownFileType = image.png; path = 66.png; sourceTree = "<group>"; };
		06C051C91DF949D3004128A4 /* 67.png */ = {isa = PBXFileReference; lastKnownFileType = image.png; path = 67.png; sourceTree = "<group>"; };
		06C051CA1DF949D3004128A4 /* 68.png */ = {isa = PBXFileReference; lastKnownFileType = image.png; path = 68.png; sourceTree = "<group>"; };
		06C051CB1DF949D3004128A4 /* 69.png */ = {isa = PBXFileReference; lastKnownFileType = image.png; path = 69.png; sourceTree = "<group>"; };
		06C051CC1DF949D3004128A4 /* 70.png */ = {isa = PBXFileReference; lastKnownFileType = image.png; path = 70.png; sourceTree = "<group>"; };
		06C051CD1DF949D3004128A4 /* 71.png */ = {isa = PBXFileReference; lastKnownFileType = image.png; path = 71.png; sourceTree = "<group>"; };
		06C051CE1DF949D3004128A4 /* 73.png */ = {isa = PBXFileReference; lastKnownFileType = image.png; path = 73.png; sourceTree = "<group>"; };
		06C051CF1DF949D3004128A4 /* 74.png */ = {isa = PBXFileReference; lastKnownFileType = image.png; path = 74.png; sourceTree = "<group>"; };
		06C051D01DF949D3004128A4 /* 75.png */ = {isa = PBXFileReference; lastKnownFileType = image.png; path = 75.png; sourceTree = "<group>"; };
		06C051D11DF949D3004128A4 /* 76.png */ = {isa = PBXFileReference; lastKnownFileType = image.png; path = 76.png; sourceTree = "<group>"; };
		06C051D21DF949D3004128A4 /* 77.png */ = {isa = PBXFileReference; lastKnownFileType = image.png; path = 77.png; sourceTree = "<group>"; };
		06C051D31DF949D3004128A4 /* 78.png */ = {isa = PBXFileReference; lastKnownFileType = image.png; path = 78.png; sourceTree = "<group>"; };
		06C051D41DF949D3004128A4 /* 79.png */ = {isa = PBXFileReference; lastKnownFileType = image.png; path = 79.png; sourceTree = "<group>"; };
		06C051D51DF949D3004128A4 /* 80.png */ = {isa = PBXFileReference; lastKnownFileType = image.png; path = 80.png; sourceTree = "<group>"; };
		06C051D61DF949D3004128A4 /* 81.png */ = {isa = PBXFileReference; lastKnownFileType = image.png; path = 81.png; sourceTree = "<group>"; };
		06C051D71DF949D3004128A4 /* 82.png */ = {isa = PBXFileReference; lastKnownFileType = image.png; path = 82.png; sourceTree = "<group>"; };
		06C051D81DF949D3004128A4 /* 83.png */ = {isa = PBXFileReference; lastKnownFileType = image.png; path = 83.png; sourceTree = "<group>"; };
		06C051D91DF949D3004128A4 /* 84.png */ = {isa = PBXFileReference; lastKnownFileType = image.png; path = 84.png; sourceTree = "<group>"; };
		06C051DA1DF949D3004128A4 /* 85.png */ = {isa = PBXFileReference; lastKnownFileType = image.png; path = 85.png; sourceTree = "<group>"; };
		06C051DB1DF949D3004128A4 /* 86.png */ = {isa = PBXFileReference; lastKnownFileType = image.png; path = 86.png; sourceTree = "<group>"; };
		06C051DC1DF949D3004128A4 /* 87.png */ = {isa = PBXFileReference; lastKnownFileType = image.png; path = 87.png; sourceTree = "<group>"; };
		06C051DD1DF949D3004128A4 /* 88.png */ = {isa = PBXFileReference; lastKnownFileType = image.png; path = 88.png; sourceTree = "<group>"; };
		06C051DE1DF949D3004128A4 /* 89.png */ = {isa = PBXFileReference; lastKnownFileType = image.png; path = 89.png; sourceTree = "<group>"; };
		06C051DF1DF949D3004128A4 /* 90.png */ = {isa = PBXFileReference; lastKnownFileType = image.png; path = 90.png; sourceTree = "<group>"; };
		06C051E01DF949D3004128A4 /* 91.png */ = {isa = PBXFileReference; lastKnownFileType = image.png; path = 91.png; sourceTree = "<group>"; };
		06C051E11DF949D3004128A4 /* 92.png */ = {isa = PBXFileReference; lastKnownFileType = image.png; path = 92.png; sourceTree = "<group>"; };
		06C051E21DF949D3004128A4 /* 93.png */ = {isa = PBXFileReference; lastKnownFileType = image.png; path = 93.png; sourceTree = "<group>"; };
		06C051E31DF949D3004128A4 /* 94.png */ = {isa = PBXFileReference; lastKnownFileType = image.png; path = 94.png; sourceTree = "<group>"; };
		06C051E41DF949D3004128A4 /* 95.png */ = {isa = PBXFileReference; lastKnownFileType = image.png; path = 95.png; sourceTree = "<group>"; };
		06C051E51DF949D3004128A4 /* 96.png */ = {isa = PBXFileReference; lastKnownFileType = image.png; path = 96.png; sourceTree = "<group>"; };
		06C051E61DF949D3004128A4 /* 97.png */ = {isa = PBXFileReference; lastKnownFileType = image.png; path = 97.png; sourceTree = "<group>"; };
		06C051E71DF949D3004128A4 /* 98.png */ = {isa = PBXFileReference; lastKnownFileType = image.png; path = 98.png; sourceTree = "<group>"; };
		06C051E81DF949D3004128A4 /* 99.png */ = {isa = PBXFileReference; lastKnownFileType = image.png; path = 99.png; sourceTree = "<group>"; };
		06C051E91DF949D3004128A4 /* 100.png */ = {isa = PBXFileReference; lastKnownFileType = image.png; path = 100.png; sourceTree = "<group>"; };
		06C051EA1DF949D3004128A4 /* 101.png */ = {isa = PBXFileReference; lastKnownFileType = image.png; path = 101.png; sourceTree = "<group>"; };
		06C051EB1DF949D3004128A4 /* 102.png */ = {isa = PBXFileReference; lastKnownFileType = image.png; path = 102.png; sourceTree = "<group>"; };
		06C051EC1DF949D3004128A4 /* 103.png */ = {isa = PBXFileReference; lastKnownFileType = image.png; path = 103.png; sourceTree = "<group>"; };
		06C051ED1DF949D3004128A4 /* 104.png */ = {isa = PBXFileReference; lastKnownFileType = image.png; path = 104.png; sourceTree = "<group>"; };
		06C051EE1DF949D3004128A4 /* 105.png */ = {isa = PBXFileReference; lastKnownFileType = image.png; path = 105.png; sourceTree = "<group>"; };
		06C051EF1DF949D3004128A4 /* 106.png */ = {isa = PBXFileReference; lastKnownFileType = image.png; path = 106.png; sourceTree = "<group>"; };
		06C051F01DF949D3004128A4 /* 107.png */ = {isa = PBXFileReference; lastKnownFileType = image.png; path = 107.png; sourceTree = "<group>"; };
		06C051F11DF949D3004128A4 /* 108.png */ = {isa = PBXFileReference; lastKnownFileType = image.png; path = 108.png; sourceTree = "<group>"; };
		06C051F21DF949D3004128A4 /* 109.png */ = {isa = PBXFileReference; lastKnownFileType = image.png; path = 109.png; sourceTree = "<group>"; };
		06C051F31DF949D3004128A4 /* 110.png */ = {isa = PBXFileReference; lastKnownFileType = image.png; path = 110.png; sourceTree = "<group>"; };
		06C051F41DF949D3004128A4 /* 111.png */ = {isa = PBXFileReference; lastKnownFileType = image.png; path = 111.png; sourceTree = "<group>"; };
		06C051F51DF949D3004128A4 /* 112.png */ = {isa = PBXFileReference; lastKnownFileType = image.png; path = 112.png; sourceTree = "<group>"; };
		06C051F61DF949D3004128A4 /* 113.png */ = {isa = PBXFileReference; lastKnownFileType = image.png; path = 113.png; sourceTree = "<group>"; };
		06C051F71DF949D3004128A4 /* 114.png */ = {isa = PBXFileReference; lastKnownFileType = image.png; path = 114.png; sourceTree = "<group>"; };
		06C051F81DF949D3004128A4 /* 115.png */ = {isa = PBXFileReference; lastKnownFileType = image.png; path = 115.png; sourceTree = "<group>"; };
		06C051F91DF949D3004128A4 /* 116.png */ = {isa = PBXFileReference; lastKnownFileType = image.png; path = 116.png; sourceTree = "<group>"; };
		06C051FA1DF949D3004128A4 /* 117.png */ = {isa = PBXFileReference; lastKnownFileType = image.png; path = 117.png; sourceTree = "<group>"; };
		06C051FB1DF949D3004128A4 /* 118.png */ = {isa = PBXFileReference; lastKnownFileType = image.png; path = 118.png; sourceTree = "<group>"; };
		06C051FC1DF949D3004128A4 /* 119.png */ = {isa = PBXFileReference; lastKnownFileType = image.png; path = 119.png; sourceTree = "<group>"; };
		06C051FD1DF949D3004128A4 /* 120.png */ = {isa = PBXFileReference; lastKnownFileType = image.png; path = 120.png; sourceTree = "<group>"; };
		06C051FE1DF949D3004128A4 /* 121.png */ = {isa = PBXFileReference; lastKnownFileType = image.png; path = 121.png; sourceTree = "<group>"; };
		06C051FF1DF949D3004128A4 /* 122.png */ = {isa = PBXFileReference; lastKnownFileType = image.png; path = 122.png; sourceTree = "<group>"; };
		06C052001DF949D3004128A4 /* 123.png */ = {isa = PBXFileReference; lastKnownFileType = image.png; path = 123.png; sourceTree = "<group>"; };
		06C052011DF949D3004128A4 /* 124.png */ = {isa = PBXFileReference; lastKnownFileType = image.png; path = 124.png; sourceTree = "<group>"; };
		06C052021DF949D3004128A4 /* 125.png */ = {isa = PBXFileReference; lastKnownFileType = image.png; path = 125.png; sourceTree = "<group>"; };
		06C052031DF949D3004128A4 /* 126.png */ = {isa = PBXFileReference; lastKnownFileType = image.png; path = 126.png; sourceTree = "<group>"; };
		06C052041DF949D3004128A4 /* 127.png */ = {isa = PBXFileReference; lastKnownFileType = image.png; path = 127.png; sourceTree = "<group>"; };
		06C052051DF949D3004128A4 /* 128.png */ = {isa = PBXFileReference; lastKnownFileType = image.png; path = 128.png; sourceTree = "<group>"; };
		06C052061DF949D3004128A4 /* 129.png */ = {isa = PBXFileReference; lastKnownFileType = image.png; path = 129.png; sourceTree = "<group>"; };
		06C052071DF949D3004128A4 /* 130.png */ = {isa = PBXFileReference; lastKnownFileType = image.png; path = 130.png; sourceTree = "<group>"; };
		06C052081DF949D3004128A4 /* 131.png */ = {isa = PBXFileReference; lastKnownFileType = image.png; path = 131.png; sourceTree = "<group>"; };
		06C052091DF949D3004128A4 /* 132.png */ = {isa = PBXFileReference; lastKnownFileType = image.png; path = 132.png; sourceTree = "<group>"; };
		06C0520A1DF949D3004128A4 /* 133.png */ = {isa = PBXFileReference; lastKnownFileType = image.png; path = 133.png; sourceTree = "<group>"; };
		06C0520B1DF949D3004128A4 /* 134.png */ = {isa = PBXFileReference; lastKnownFileType = image.png; path = 134.png; sourceTree = "<group>"; };
		06C0520C1DF949D3004128A4 /* 135.png */ = {isa = PBXFileReference; lastKnownFileType = image.png; path = 135.png; sourceTree = "<group>"; };
		06C0520D1DF949D3004128A4 /* 146.png */ = {isa = PBXFileReference; lastKnownFileType = image.png; path = 146.png; sourceTree = "<group>"; };
		06C0520E1DF949D3004128A4 /* 147.png */ = {isa = PBXFileReference; lastKnownFileType = image.png; path = 147.png; sourceTree = "<group>"; };
		DB37C7A01DE5DD8900131817 /* 1.txt */ = {isa = PBXFileReference; lastKnownFileType = text; name = 1.txt; path = YorkServer/1.txt; sourceTree = "<group>"; };
		DB37C7A21DE5DD9D00131817 /* 1.json */ = {isa = PBXFileReference; lastKnownFileType = text.json; name = 1.json; path = YorkServer/1.json; sourceTree = "<group>"; };
		DBA840A31DEAB3C2002CF1CC /* 2.json */ = {isa = PBXFileReference; lastKnownFileType = text.json; name = 2.json; path = YorkServer/2.json; sourceTree = "<group>"; };
		DBA840A91DEB48A0002CF1CC /* 3.json */ = {isa = PBXFileReference; fileEncoding = 4; lastKnownFileType = text.json; name = 3.json; path = YorkServer/3.json; sourceTree = "<group>"; };
/* End PBXFileReference section */

/* Begin PBXFrameworksBuildPhase section */
		06AC15E41DE56F1500421FF8 /* Frameworks */ = {
			isa = PBXFrameworksBuildPhase;
			buildActionMask = 2147483647;
			files = (
			);
			runOnlyForDeploymentPostprocessing = 0;
		};
/* End PBXFrameworksBuildPhase section */

/* Begin PBXGroup section */
		064631BF1DF9490600A3F597 /* Files */ = {
			isa = PBXGroup;
			children = (
				06C052DC1DF94A26004128A4 /* Pic */,
				0669846C1DF7F8D70092344A /* fileList.txt */,
				DBA840A91DEB48A0002CF1CC /* 3.json */,
				DBA840A31DEAB3C2002CF1CC /* 2.json */,
				DB37C7A21DE5DD9D00131817 /* 1.json */,
				DB37C7A01DE5DD8900131817 /* 1.txt */,
			);
			name = Files;
			sourceTree = "<group>";
		};
		06AC15DE1DE56F1500421FF8 = {
			isa = PBXGroup;
			children = (
				064631BF1DF9490600A3F597 /* Files */,
				06AC15E91DE56F1500421FF8 /* YorkServer */,
				06AC15E81DE56F1500421FF8 /* Products */,
			);
			sourceTree = "<group>";
		};
		06AC15E81DE56F1500421FF8 /* Products */ = {
			isa = PBXGroup;
			children = (
				06AC15E71DE56F1500421FF8 /* YorkServer */,
			);
			name = Products;
			sourceTree = "<group>";
		};
		06AC15E91DE56F1500421FF8 /* YorkServer */ = {
			isa = PBXGroup;
			children = (
				06AC16301DE5705900421FF8 /* YorkNetwork.cpp */,
				06AC16311DE5705900421FF8 /* YorkNetwork.h */,
				06AC16321DE5705900421FF8 /* YorkSocketSDKSample.cpp */,
				06AC16331DE5705900421FF8 /* YorkSocketServer.cpp */,
				06AC16341DE5705900421FF8 /* YorkSocketServer.h */,
			);
			path = YorkServer;
			sourceTree = "<group>";
		};
		06C052DC1DF94A26004128A4 /* Pic */ = {
			isa = PBXGroup;
			children = (
				061A99E01DEECA43005C727A /* 1.png */,
				06C051421DF949D3004128A4 /* 161.png */,
				06C051431DF949D3004128A4 /* 162.png */,
				06C051441DF949D3004128A4 /* 163.png */,
				06C051451DF949D3004128A4 /* 164.png */,
				06C051461DF949D3004128A4 /* 166.png */,
				06C051471DF949D3004128A4 /* 167.png */,
				06C051481DF949D3004128A4 /* 168.png */,
				06C051491DF949D3004128A4 /* 169.png */,
				06C0514A1DF949D3004128A4 /* 170.png */,
				06C0514B1DF949D3004128A4 /* 175.png */,
				06C0514C1DF949D3004128A4 /* 176.png */,
				06C0514D1DF949D3004128A4 /* 177.png */,
				06C0514E1DF949D3004128A4 /* 178.png */,
				06C0514F1DF949D3004128A4 /* 179.png */,
				06C051501DF949D3004128A4 /* 180.png */,
				06C051511DF949D3004128A4 /* 181.png */,
				06C051521DF949D3004128A4 /* 182.png */,
				06C051531DF949D3004128A4 /* 183.png */,
				06C051541DF949D3004128A4 /* 184.png */,
				06C051551DF949D3004128A4 /* 185.png */,
				06C051561DF949D3004128A4 /* 186.png */,
				06C051571DF949D3004128A4 /* 187.png */,
				06C051581DF949D3004128A4 /* 188.png */,
				06C051591DF949D3004128A4 /* 189.png */,
				06C0515A1DF949D3004128A4 /* 190.png */,
				06C0515B1DF949D3004128A4 /* 191.png */,
				06C0515C1DF949D3004128A4 /* 192.png */,
				06C0515D1DF949D3004128A4 /* 193.png */,
				06C0515E1DF949D3004128A4 /* 194.png */,
				06C0515F1DF949D3004128A4 /* 195.png */,
				06C051601DF949D3004128A4 /* 196.png */,
				06C051611DF949D3004128A4 /* 197.png */,
				06C051621DF949D3004128A4 /* 198.png */,
				06C051631DF949D3004128A4 /* 199.png */,
				06C051641DF949D3004128A4 /* 200.png */,
				06C051651DF949D3004128A4 /* 201.png */,
				06C051661DF949D3004128A4 /* 202.png */,
				06C051671DF949D3004128A4 /* 203.png */,
				06C051681DF949D3004128A4 /* 204.png */,
				06C051691DF949D3004128A4 /* 205.png */,
				06C0516A1DF949D3004128A4 /* 206.png */,
				06C0516B1DF949D3004128A4 /* 207.png */,
				06C0516C1DF949D3004128A4 /* 208.png */,
				06C0516D1DF949D3004128A4 /* 209.png */,
				06C0516E1DF949D3004128A4 /* 210.png */,
				06C0516F1DF949D3004128A4 /* 211.png */,
				06C051701DF949D3004128A4 /* 212.png */,
				06C051711DF949D3004128A4 /* 213.png */,
				06C051721DF949D3004128A4 /* 214.png */,
				06C051731DF949D3004128A4 /* 215.png */,
				06C051741DF949D3004128A4 /* 216.png */,
				06C051751DF949D3004128A4 /* 217.png */,
				06C051761DF949D3004128A4 /* 218.png */,
				06C051771DF949D3004128A4 /* 219.png */,
				06C051781DF949D3004128A4 /* 220.png */,
				06C051791DF949D3004128A4 /* 221.png */,
				06C0517A1DF949D3004128A4 /* 2.png */,
				06C0517B1DF949D3004128A4 /* 3.png */,
				06C0517C1DF949D3004128A4 /* 4.png */,
				06C0517D1DF949D3004128A4 /* 5.png */,
				06C0517E1DF949D3004128A4 /* 6.png */,
				06C0517F1DF949D3004128A4 /* 7.png */,
				06C051801DF949D3004128A4 /* 8.png */,
				06C051811DF949D3004128A4 /* 9.png */,
				06C051821DF949D3004128A4 /* 10.png */,
				06C051831DF949D3004128A4 /* 11.png */,
				06C051841DF949D3004128A4 /* 12.png */,
				06C051851DF949D3004128A4 /* 13.png */,
				06C051861DF949D3004128A4 /* 14.png */,
				06C051871DF949D3004128A4 /* 15.png */,
				06C051881DF949D3004128A4 /* 16.png */,
				06C051891DF949D3004128A4 /* 17.png */,
				06C0518A1DF949D3004128A4 /* 18.png */,
				06C0518B1DF949D3004128A4 /* 19.png */,
				06C0518C1DF949D3004128A4 /* 20.png */,
				06C0518D1DF949D3004128A4 /* 21.png */,
				06C0518E1DF949D3004128A4 /* 22.png */,
				06C0518F1DF949D3004128A4 /* 23.png */,
				06C051901DF949D3004128A4 /* 24.png */,
				06C051911DF949D3004128A4 /* 29.png */,
				06C051921DF949D3004128A4 /* 30.png */,
				06C051931DF949D3004128A4 /* 31.png */,
				06C051941DF949D3004128A4 /* 41.png */,
				06C051951DF949D3004128A4 /* 42.png */,
				06C051961DF949D3004128A4 /* 43.png */,
				06C051971DF949D3004128A4 /* 44.png */,
				06C051981DF949D3004128A4 /* 45.png */,
				06C051991DF949D3004128A4 /* 46.png */,
				06C0519A1DF949D3004128A4 /* 47.png */,
				06C0519B1DF949D3004128A4 /* 48.png */,
				06C0519C1DF949D3004128A4 /* 49.png */,
				06C0519D1DF949D3004128A4 /* 51.png */,
				06C0519E1DF949D3004128A4 /* 55.png */,
				06C0519F1DF949D3004128A4 /* 150.png */,
				06C051A01DF949D3004128A4 /* 151.png */,
				06C051A11DF949D3004128A4 /* 152.png */,
				06C051A21DF949D3004128A4 /* 153.png */,
				06C051A31DF949D3004128A4 /* 154.png */,
				06C051A41DF949D3004128A4 /* 155.png */,
				06C051A51DF949D3004128A4 /* 156.png */,
				06C051A61DF949D3004128A4 /* 157.png */,
				06C051A71DF949D3004128A4 /* 158.png */,
				06C051A81DF949D3004128A4 /* 159.png */,
				06C051A91DF949D3004128A4 /* 160.png */,
				06C051AA1DF949D3004128A4 /* 148.png */,
				06C051AB1DF949D3004128A4 /* 149.png */,
				06C051AC1DF949D3004128A4 /* 0.png */,
				06C051AD1DF949D3004128A4 /* 25.png */,
				06C051AE1DF949D3004128A4 /* 26.png */,
				06C051AF1DF949D3004128A4 /* 27.png */,
				06C051B01DF949D3004128A4 /* 28.png */,
				06C051B11DF949D3004128A4 /* 32.png */,
				06C051B21DF949D3004128A4 /* 33.png */,
				06C051B31DF949D3004128A4 /* 34.png */,
				06C051B41DF949D3004128A4 /* 35.png */,
				06C051B51DF949D3004128A4 /* 36.png */,
				06C051B61DF949D3004128A4 /* 37.png */,
				06C051B71DF949D3004128A4 /* 38.png */,
				06C051B81DF949D3004128A4 /* 39.png */,
				06C051B91DF949D3004128A4 /* 40.png */,
				06C051BA1DF949D3004128A4 /* 50.png */,
				06C051BB1DF949D3004128A4 /* 52.png */,
				06C051BC1DF949D3004128A4 /* 53.png */,
				06C051BD1DF949D3004128A4 /* 54.png */,
				06C051BE1DF949D3004128A4 /* 56.png */,
				06C051BF1DF949D3004128A4 /* 57.png */,
				06C051C01DF949D3004128A4 /* 58.png */,
				06C051C11DF949D3004128A4 /* 59.png */,
				06C051C21DF949D3004128A4 /* 60.png */,
				06C051C31DF949D3004128A4 /* 61.png */,
				06C051C41DF949D3004128A4 /* 62.png */,
				06C051C51DF949D3004128A4 /* 63.png */,
				06C051C61DF949D3004128A4 /* 64.png */,
				06C051C71DF949D3004128A4 /* 65.png */,
				06C051C81DF949D3004128A4 /* 66.png */,
				06C051C91DF949D3004128A4 /* 67.png */,
				06C051CA1DF949D3004128A4 /* 68.png */,
				06C051CB1DF949D3004128A4 /* 69.png */,
				06C051CC1DF949D3004128A4 /* 70.png */,
				06C051CD1DF949D3004128A4 /* 71.png */,
				06C051CE1DF949D3004128A4 /* 73.png */,
				06C051CF1DF949D3004128A4 /* 74.png */,
				06C051D01DF949D3004128A4 /* 75.png */,
				06C051D11DF949D3004128A4 /* 76.png */,
				06C051D21DF949D3004128A4 /* 77.png */,
				06C051D31DF949D3004128A4 /* 78.png */,
				06C051D41DF949D3004128A4 /* 79.png */,
				06C051D51DF949D3004128A4 /* 80.png */,
				06C051D61DF949D3004128A4 /* 81.png */,
				06C051D71DF949D3004128A4 /* 82.png */,
				06C051D81DF949D3004128A4 /* 83.png */,
				06C051D91DF949D3004128A4 /* 84.png */,
				06C051DA1DF949D3004128A4 /* 85.png */,
				06C051DB1DF949D3004128A4 /* 86.png */,
				06C051DC1DF949D3004128A4 /* 87.png */,
				06C051DD1DF949D3004128A4 /* 88.png */,
				06C051DE1DF949D3004128A4 /* 89.png */,
				06C051DF1DF949D3004128A4 /* 90.png */,
				06C051E01DF949D3004128A4 /* 91.png */,
				06C051E11DF949D3004128A4 /* 92.png */,
				06C051E21DF949D3004128A4 /* 93.png */,
				06C051E31DF949D3004128A4 /* 94.png */,
				06C051E41DF949D3004128A4 /* 95.png */,
				06C051E51DF949D3004128A4 /* 96.png */,
				06C051E61DF949D3004128A4 /* 97.png */,
				06C051E71DF949D3004128A4 /* 98.png */,
				06C051E81DF949D3004128A4 /* 99.png */,
				06C051E91DF949D3004128A4 /* 100.png */,
				06C051EA1DF949D3004128A4 /* 101.png */,
				06C051EB1DF949D3004128A4 /* 102.png */,
				06C051EC1DF949D3004128A4 /* 103.png */,
				06C051ED1DF949D3004128A4 /* 104.png */,
				06C051EE1DF949D3004128A4 /* 105.png */,
				06C051EF1DF949D3004128A4 /* 106.png */,
				06C051F01DF949D3004128A4 /* 107.png */,
				06C051F11DF949D3004128A4 /* 108.png */,
				06C051F21DF949D3004128A4 /* 109.png */,
				06C051F31DF949D3004128A4 /* 110.png */,
				06C051F41DF949D3004128A4 /* 111.png */,
				06C051F51DF949D3004128A4 /* 112.png */,
				06C051F61DF949D3004128A4 /* 113.png */,
				06C051F71DF949D3004128A4 /* 114.png */,
				06C051F81DF949D3004128A4 /* 115.png */,
				06C051F91DF949D3004128A4 /* 116.png */,
				06C051FA1DF949D3004128A4 /* 117.png */,
				06C051FB1DF949D3004128A4 /* 118.png */,
				06C051FC1DF949D3004128A4 /* 119.png */,
				06C051FD1DF949D3004128A4 /* 120.png */,
				06C051FE1DF949D3004128A4 /* 121.png */,
				06C051FF1DF949D3004128A4 /* 122.png */,
				06C052001DF949D3004128A4 /* 123.png */,
				06C052011DF949D3004128A4 /* 124.png */,
				06C052021DF949D3004128A4 /* 125.png */,
				06C052031DF949D3004128A4 /* 126.png */,
				06C052041DF949D3004128A4 /* 127.png */,
				06C052051DF949D3004128A4 /* 128.png */,
				06C052061DF949D3004128A4 /* 129.png */,
				06C052071DF949D3004128A4 /* 130.png */,
				06C052081DF949D3004128A4 /* 131.png */,
				06C052091DF949D3004128A4 /* 132.png */,
				06C0520A1DF949D3004128A4 /* 133.png */,
				06C0520B1DF949D3004128A4 /* 134.png */,
				06C0520C1DF949D3004128A4 /* 135.png */,
				06C0520D1DF949D3004128A4 /* 146.png */,
				06C0520E1DF949D3004128A4 /* 147.png */,
			);
			name = Pic;
			sourceTree = "<group>";
		};
/* End PBXGroup section */

/* Begin PBXNativeTarget section */
		06AC15E61DE56F1500421FF8 /* YorkServer */ = {
			isa = PBXNativeTarget;
			buildConfigurationList = 06AC15EE1DE56F1500421FF8 /* Build configuration list for PBXNativeTarget "YorkServer" */;
			buildPhases = (
				06AC15E31DE56F1500421FF8 /* Sources */,
				06AC15E41DE56F1500421FF8 /* Frameworks */,
				06AC15E51DE56F1500421FF8 /* Copy Files */,
			);
			buildRules = (
			);
			dependencies = (
			);
			name = YorkServer;
			productName = YorkServer;
			productReference = 06AC15E71DE56F1500421FF8 /* YorkServer */;
			productType = "com.apple.product-type.tool";
		};
/* End PBXNativeTarget section */

/* Begin PBXProject section */
		06AC15DF1DE56F1500421FF8 /* Project object */ = {
			isa = PBXProject;
			attributes = {
				LastUpgradeCheck = 0730;
				ORGANIZATIONNAME = Zero;
				TargetAttributes = {
					06AC15E61DE56F1500421FF8 = {
						CreatedOnToolsVersion = 7.3.1;
					};
				};
			};
			buildConfigurationList = 06AC15E21DE56F1500421FF8 /* Build configuration list for PBXProject "YorkServer" */;
			compatibilityVersion = "Xcode 3.2";
			developmentRegion = English;
			hasScannedForEncodings = 0;
			knownRegions = (
				en,
			);
			mainGroup = 06AC15DE1DE56F1500421FF8;
			productRefGroup = 06AC15E81DE56F1500421FF8 /* Products */;
			projectDirPath = "";
			projectRoot = "";
			targets = (
				06AC15E61DE56F1500421FF8 /* YorkServer */,
			);
		};
/* End PBXProject section */

/* Begin PBXSourcesBuildPhase section */
		06AC15E31DE56F1500421FF8 /* Sources */ = {
			isa = PBXSourcesBuildPhase;
			buildActionMask = 2147483647;
			files = (
				06AC16361DE5705900421FF8 /* YorkSocketSDKSample.cpp in Sources */,
				06AC16351DE5705900421FF8 /* YorkNetwork.cpp in Sources */,
				06AC16371DE5705900421FF8 /* YorkSocketServer.cpp in Sources */,
			);
			runOnlyForDeploymentPostprocessing = 0;
		};
/* End PBXSourcesBuildPhase section */

/* Begin XCBuildConfiguration section */
		06AC15EC1DE56F1500421FF8 /* Debug */ = {
			isa = XCBuildConfiguration;
			buildSettings = {
				ALWAYS_SEARCH_USER_PATHS = NO;
				CLANG_ANALYZER_NONNULL = YES;
				CLANG_CXX_LANGUAGE_STANDARD = "gnu++0x";
				CLANG_CXX_LIBRARY = "libc++";
				CLANG_ENABLE_MODULES = YES;
				CLANG_ENABLE_OBJC_ARC = YES;
				CLANG_WARN_BOOL_CONVERSION = YES;
				CLANG_WARN_CONSTANT_CONVERSION = YES;
				CLANG_WARN_DIRECT_OBJC_ISA_USAGE = YES_ERROR;
				CLANG_WARN_EMPTY_BODY = YES;
				CLANG_WARN_ENUM_CONVERSION = YES;
				CLANG_WARN_INT_CONVERSION = YES;
				CLANG_WARN_OBJC_ROOT_CLASS = YES_ERROR;
				CLANG_WARN_UNREACHABLE_CODE = YES;
				CLANG_WARN__DUPLICATE_METHOD_MATCH = YES;
				CODE_SIGN_IDENTITY = "-";
				COPY_PHASE_STRIP = NO;
				DEBUG_INFORMATION_FORMAT = dwarf;
				ENABLE_STRICT_OBJC_MSGSEND = YES;
				ENABLE_TESTABILITY = YES;
				GCC_C_LANGUAGE_STANDARD = gnu99;
				GCC_DYNAMIC_NO_PIC = NO;
				GCC_NO_COMMON_BLOCKS = YES;
				GCC_OPTIMIZATION_LEVEL = 0;
				GCC_PREPROCESSOR_DEFINITIONS = (
					"DEBUG=1",
					"$(inherited)",
				);
				GCC_WARN_64_TO_32_BIT_CONVERSION = YES;
				GCC_WARN_ABOUT_RETURN_TYPE = YES_ERROR;
				GCC_WARN_UNDECLARED_SELECTOR = YES;
				GCC_WARN_UNINITIALIZED_AUTOS = YES_AGGRESSIVE;
				GCC_WARN_UNUSED_FUNCTION = YES;
				GCC_WARN_UNUSED_VARIABLE = YES;
				MACOSX_DEPLOYMENT_TARGET = 10.11;
				MTL_ENABLE_DEBUG_INFO = YES;
				ONLY_ACTIVE_ARCH = YES;
				SDKROOT = macosx;
			};
			name = Debug;
		};
		06AC15ED1DE56F1500421FF8 /* Release */ = {
			isa = XCBuildConfiguration;
			buildSettings = {
				ALWAYS_SEARCH_USER_PATHS = NO;
				CLANG_ANALYZER_NONNULL = YES;
				CLANG_CXX_LANGUAGE_STANDARD = "gnu++0x";
				CLANG_CXX_LIBRARY = "libc++";
				CLANG_ENABLE_MODULES = YES;
				CLANG_ENABLE_OBJC_ARC = YES;
				CLANG_WARN_BOOL_CONVERSION = YES;
				CLANG_WARN_CONSTANT_CONVERSION = YES;
				CLANG_WARN_DIRECT_OBJC_ISA_USAGE = YES_ERROR;
				CLANG_WARN_EMPTY_BODY = YES;
				CLANG_WARN_ENUM_CONVERSION = YES;
				CLANG_WARN_INT_CONVERSION = YES;
				CLANG_WARN_OBJC_ROOT_CLASS = YES_ERROR;
				CLANG_WARN_UNREACHABLE_CODE = YES;
				CLANG_WARN__DUPLICATE_METHOD_MATCH = YES;
				CODE_SIGN_IDENTITY = "-";
				COPY_PHASE_STRIP = NO;
				DEBUG_INFORMATION_FORMAT = "dwarf-with-dsym";
				ENABLE_NS_ASSERTIONS = NO;
				ENABLE_STRICT_OBJC_MSGSEND = YES;
				GCC_C_LANGUAGE_STANDARD = gnu99;
				GCC_NO_COMMON_BLOCKS = YES;
				GCC_WARN_64_TO_32_BIT_CONVERSION = YES;
				GCC_WARN_ABOUT_RETURN_TYPE = YES_ERROR;
				GCC_WARN_UNDECLARED_SELECTOR = YES;
				GCC_WARN_UNINITIALIZED_AUTOS = YES_AGGRESSIVE;
				GCC_WARN_UNUSED_FUNCTION = YES;
				GCC_WARN_UNUSED_VARIABLE = YES;
				MACOSX_DEPLOYMENT_TARGET = 10.11;
				MTL_ENABLE_DEBUG_INFO = NO;
				SDKROOT = macosx;
			};
			name = Release;
		};
		06AC15EF1DE56F1500421FF8 /* Debug */ = {
			isa = XCBuildConfiguration;
			buildSettings = {
				MACOSX_DEPLOYMENT_TARGET = 10.10;
				PRODUCT_NAME = "$(TARGET_NAME)";
			};
			name = Debug;
		};
		06AC15F01DE56F1500421FF8 /* Release */ = {
			isa = XCBuildConfiguration;
			buildSettings = {
				MACOSX_DEPLOYMENT_TARGET = 10.10;
				PRODUCT_NAME = "$(TARGET_NAME)";
			};
			name = Release;
		};
/* End XCBuildConfiguration section */

/* Begin XCConfigurationList section */
		06AC15E21DE56F1500421FF8 /* Build configuration list for PBXProject "YorkServer" */ = {
			isa = XCConfigurationList;
			buildConfigurations = (
				06AC15EC1DE56F1500421FF8 /* Debug */,
				06AC15ED1DE56F1500421FF8 /* Release */,
			);
			defaultConfigurationIsVisible = 0;
			defaultConfigurationName = Release;
		};
		06AC15EE1DE56F1500421FF8 /* Build configuration list for PBXNativeTarget "YorkServer" */ = {
			isa = XCConfigurationList;
			buildConfigurations = (
				06AC15EF1DE56F1500421FF8 /* Debug */,
				06AC15F01DE56F1500421FF8 /* Release */,
			);
			defaultConfigurationIsVisible = 0;
			defaultConfigurationName = Release;
		};
/* End XCConfigurationList section */
	};
	rootObject = 06AC15DF1DE56F1500421FF8 /* Project object */;
}
