// !$*UTF8*$!
{
	archiveVersion = 1;
	classes = {
	};
	objectVersion = 46;
	objects = {

/* Begin PBXBuildFile section */
		0669846D1DF7F8DC0092344A /* fileList.txt in Copy Files */ = {isa = PBXBuildFile; fileRef = 0669846C1DF7F8D70092344A /* fileList.txt */; };
		06AC16351DE5705900421FF8 /* YorkNetwork.cpp in Sources */ = {isa = PBXBuildFile; fileRef = 06AC16301DE5705900421FF8 /* YorkNetwork.cpp */; };
		06AC16361DE5705900421FF8 /* YorkSocketSDKSample.cpp in Sources */ = {isa = PBXBuildFile; fileRef = 06AC16321DE5705900421FF8 /* YorkSocketSDKSample.cpp */; };
		06AC16371DE5705900421FF8 /* YorkSocketServer.cpp in Sources */ = {isa = PBXBuildFile; fileRef = 06AC16331DE5705900421FF8 /* YorkSocketServer.cpp */; };
		DB37C7A11DE5DD8900131817 /* 1.txt in Copy Files */ = {isa = PBXBuildFile; fileRef = DB37C7A01DE5DD8900131817 /* 1.txt */; };
		DB37C7A31DE5DD9D00131817 /* 1.json in Copy Files */ = {isa = PBXBuildFile; fileRef = DB37C7A21DE5DD9D00131817 /* 1.json */; };
		DBA840A41DEAB3CA002CF1CC /* 2.json in Copy Files */ = {isa = PBXBuildFile; fileRef = DBA840A31DEAB3C2002CF1CC /* 2.json */; };
		DBA840AA1DEB48A7002CF1CC /* 3.json in Copy Files */ = {isa = PBXBuildFile; fileRef = DBA840A91DEB48A0002CF1CC /* 3.json */; };
/* End PBXBuildFile section */

/* Begin PBXCopyFilesBuildPhase section */
		06AC15E51DE56F1500421FF8 /* Copy Files */ = {
			isa = PBXCopyFilesBuildPhase;
			buildActionMask = 12;
			dstPath = file;
			dstSubfolderSpec = 16;
			files = (
				0669846D1DF7F8DC0092344A /* fileList.txt in Copy Files */,
				DBA840AA1DEB48A7002CF1CC /* 3.json in Copy Files */,
				DBA840A41DEAB3CA002CF1CC /* 2.json in Copy Files */,
				DB37C7A31DE5DD9D00131817 /* 1.json in Copy Files */,
				DB37C7A11DE5DD8900131817 /* 1.txt in Copy Files */,
			);
			name = "Copy Files";
			runOnlyForDeploymentPostprocessing = 0;
		};
/* End PBXCopyFilesBuildPhase section */

/* Begin PBXFileReference section */
		0669846C1DF7F8D70092344A /* fileList.txt */ = {isa = PBXFileReference; fileEncoding = 4; lastKnownFileType = text; path = fileList.txt; sourceTree = "<group>"; };
		06AC15E71DE56F1500421FF8 /* YorkServer */ = {isa = PBXFileReference; explicitFileType = "compiled.mach-o.executable"; includeInIndex = 0; path = YorkServer; sourceTree = BUILT_PRODUCTS_DIR; };
		06AC16301DE5705900421FF8 /* YorkNetwork.cpp */ = {isa = PBXFileReference; fileEncoding = 4; lastKnownFileType = sourcecode.cpp.cpp; name = YorkNetwork.cpp; path = ../../YorkNetWork/YorkNetwork.cpp; sourceTree = "<group>"; };
		06AC16311DE5705900421FF8 /* YorkNetwork.h */ = {isa = PBXFileReference; fileEncoding = 4; lastKnownFileType = sourcecode.c.h; name = YorkNetwork.h; path = ../../YorkNetWork/YorkNetwork.h; sourceTree = "<group>"; };
		06AC16321DE5705900421FF8 /* YorkSocketSDKSample.cpp */ = {isa = PBXFileReference; fileEncoding = 4; lastKnownFileType = sourcecode.cpp.cpp; name = YorkSocketSDKSample.cpp; path = ../../YorkNetWork/YorkSocketSDKSample.cpp; sourceTree = "<group>"; };
		06AC16331DE5705900421FF8 /* YorkSocketServer.cpp */ = {isa = PBXFileReference; fileEncoding = 4; lastKnownFileType = sourcecode.cpp.cpp; name = YorkSocketServer.cpp; path = ../../YorkNetWork/YorkSocketServer.cpp; sourceTree = "<group>"; };
		06AC16341DE5705900421FF8 /* YorkSocketServer.h */ = {isa = PBXFileReference; fileEncoding = 4; lastKnownFileType = sourcecode.c.h; name = YorkSocketServer.h; path = ../../YorkNetWork/YorkSocketServer.h; sourceTree = "<group>"; };
		DB37C7A01DE5DD8900131817 /* 1.txt */ = {isa = PBXFileReference; lastKnownFileType = text; name = 1.txt; path = YorkServer/1.txt; sourceTree = "<group>"; };
		DB37C7A21DE5DD9D00131817 /* 1.json */ = {isa = PBXFileReference; lastKnownFileType = text.json; name = 1.json; path = YorkServer/1.json; sourceTree = "<group>"; };
		DB5213571DFEE28100B33CF4 /* 161.png */ = {isa = PBXFileReference; lastKnownFileType = image.png; name = 161.png; path = "../../../Downloads/StageCreator-master-e69e69e93305c58d129693faed3df2672dc03dc3/StageJsonCreator/161.png"; sourceTree = "<group>"; };
		DB5213581DFEE28100B33CF4 /* 162.png */ = {isa = PBXFileReference; lastKnownFileType = image.png; name = 162.png; path = "../../../Downloads/StageCreator-master-e69e69e93305c58d129693faed3df2672dc03dc3/StageJsonCreator/162.png"; sourceTree = "<group>"; };
		DB5213591DFEE28100B33CF4 /* 163.png */ = {isa = PBXFileReference; lastKnownFileType = image.png; name = 163.png; path = "../../../Downloads/StageCreator-master-e69e69e93305c58d129693faed3df2672dc03dc3/StageJsonCreator/163.png"; sourceTree = "<group>"; };
		DB52135A1DFEE28100B33CF4 /* 164.png */ = {isa = PBXFileReference; lastKnownFileType = image.png; name = 164.png; path = "../../../Downloads/StageCreator-master-e69e69e93305c58d129693faed3df2672dc03dc3/StageJsonCreator/164.png"; sourceTree = "<group>"; };
		DB52135B1DFEE28100B33CF4 /* 166.png */ = {isa = PBXFileReference; lastKnownFileType = image.png; name = 166.png; path = "../../../Downloads/StageCreator-master-e69e69e93305c58d129693faed3df2672dc03dc3/StageJsonCreator/166.png"; sourceTree = "<group>"; };
		DB52135C1DFEE28100B33CF4 /* 167.png */ = {isa = PBXFileReference; lastKnownFileType = image.png; name = 167.png; path = "../../../Downloads/StageCreator-master-e69e69e93305c58d129693faed3df2672dc03dc3/StageJsonCreator/167.png"; sourceTree = "<group>"; };
		DB52135D1DFEE28100B33CF4 /* 168.png */ = {isa = PBXFileReference; lastKnownFileType = image.png; name = 168.png; path = "../../../Downloads/StageCreator-master-e69e69e93305c58d129693faed3df2672dc03dc3/StageJsonCreator/168.png"; sourceTree = "<group>"; };
		DB52135E1DFEE28100B33CF4 /* 169.png */ = {isa = PBXFileReference; lastKnownFileType = image.png; name = 169.png; path = "../../../Downloads/StageCreator-master-e69e69e93305c58d129693faed3df2672dc03dc3/StageJsonCreator/169.png"; sourceTree = "<group>"; };
		DB52135F1DFEE28100B33CF4 /* 170.png */ = {isa = PBXFileReference; lastKnownFileType = image.png; name = 170.png; path = "../../../Downloads/StageCreator-master-e69e69e93305c58d129693faed3df2672dc03dc3/StageJsonCreator/170.png"; sourceTree = "<group>"; };
		DB5213601DFEE28100B33CF4 /* 175.png */ = {isa = PBXFileReference; lastKnownFileType = image.png; name = 175.png; path = "../../../Downloads/StageCreator-master-e69e69e93305c58d129693faed3df2672dc03dc3/StageJsonCreator/175.png"; sourceTree = "<group>"; };
		DB5213611DFEE28100B33CF4 /* 176.png */ = {isa = PBXFileReference; lastKnownFileType = image.png; name = 176.png; path = "../../../Downloads/StageCreator-master-e69e69e93305c58d129693faed3df2672dc03dc3/StageJsonCreator/176.png"; sourceTree = "<group>"; };
		DB5213621DFEE28100B33CF4 /* 177.png */ = {isa = PBXFileReference; lastKnownFileType = image.png; name = 177.png; path = "../../../Downloads/StageCreator-master-e69e69e93305c58d129693faed3df2672dc03dc3/StageJsonCreator/177.png"; sourceTree = "<group>"; };
		DB5213631DFEE28100B33CF4 /* 178.png */ = {isa = PBXFileReference; lastKnownFileType = image.png; name = 178.png; path = "../../../Downloads/StageCreator-master-e69e69e93305c58d129693faed3df2672dc03dc3/StageJsonCreator/178.png"; sourceTree = "<group>"; };
		DB5213641DFEE28100B33CF4 /* 179.png */ = {isa = PBXFileReference; lastKnownFileType = image.png; name = 179.png; path = "../../../Downloads/StageCreator-master-e69e69e93305c58d129693faed3df2672dc03dc3/StageJsonCreator/179.png"; sourceTree = "<group>"; };
		DB5213651DFEE28100B33CF4 /* 180.png */ = {isa = PBXFileReference; lastKnownFileType = image.png; name = 180.png; path = "../../../Downloads/StageCreator-master-e69e69e93305c58d129693faed3df2672dc03dc3/StageJsonCreator/180.png"; sourceTree = "<group>"; };
		DB5213661DFEE28100B33CF4 /* 181.png */ = {isa = PBXFileReference; lastKnownFileType = image.png; name = 181.png; path = "../../../Downloads/StageCreator-master-e69e69e93305c58d129693faed3df2672dc03dc3/StageJsonCreator/181.png"; sourceTree = "<group>"; };
		DB5213671DFEE28100B33CF4 /* 182.png */ = {isa = PBXFileReference; lastKnownFileType = image.png; name = 182.png; path = "../../../Downloads/StageCreator-master-e69e69e93305c58d129693faed3df2672dc03dc3/StageJsonCreator/182.png"; sourceTree = "<group>"; };
		DB5213681DFEE28100B33CF4 /* 183.png */ = {isa = PBXFileReference; lastKnownFileType = image.png; name = 183.png; path = "../../../Downloads/StageCreator-master-e69e69e93305c58d129693faed3df2672dc03dc3/StageJsonCreator/183.png"; sourceTree = "<group>"; };
		DB5213691DFEE28100B33CF4 /* 184.png */ = {isa = PBXFileReference; lastKnownFileType = image.png; name = 184.png; path = "../../../Downloads/StageCreator-master-e69e69e93305c58d129693faed3df2672dc03dc3/StageJsonCreator/184.png"; sourceTree = "<group>"; };
		DB52136A1DFEE28100B33CF4 /* 211.png */ = {isa = PBXFileReference; lastKnownFileType = image.png; name = 211.png; path = "../../../Downloads/StageCreator-master-e69e69e93305c58d129693faed3df2672dc03dc3/StageJsonCreator/211.png"; sourceTree = "<group>"; };
		DB52136B1DFEE28100B33CF4 /* 212.png */ = {isa = PBXFileReference; lastKnownFileType = image.png; name = 212.png; path = "../../../Downloads/StageCreator-master-e69e69e93305c58d129693faed3df2672dc03dc3/StageJsonCreator/212.png"; sourceTree = "<group>"; };
		DB52136C1DFEE28100B33CF4 /* 213.png */ = {isa = PBXFileReference; lastKnownFileType = image.png; name = 213.png; path = "../../../Downloads/StageCreator-master-e69e69e93305c58d129693faed3df2672dc03dc3/StageJsonCreator/213.png"; sourceTree = "<group>"; };
		DB52136D1DFEE28100B33CF4 /* 214.png */ = {isa = PBXFileReference; lastKnownFileType = image.png; name = 214.png; path = "../../../Downloads/StageCreator-master-e69e69e93305c58d129693faed3df2672dc03dc3/StageJsonCreator/214.png"; sourceTree = "<group>"; };
		DB52136E1DFEE28100B33CF4 /* 215.png */ = {isa = PBXFileReference; lastKnownFileType = image.png; name = 215.png; path = "../../../Downloads/StageCreator-master-e69e69e93305c58d129693faed3df2672dc03dc3/StageJsonCreator/215.png"; sourceTree = "<group>"; };
		DB52136F1DFEE28100B33CF4 /* 216.png */ = {isa = PBXFileReference; lastKnownFileType = image.png; name = 216.png; path = "../../../Downloads/StageCreator-master-e69e69e93305c58d129693faed3df2672dc03dc3/StageJsonCreator/216.png"; sourceTree = "<group>"; };
		DB5213701DFEE28100B33CF4 /* 217.png */ = {isa = PBXFileReference; lastKnownFileType = image.png; name = 217.png; path = "../../../Downloads/StageCreator-master-e69e69e93305c58d129693faed3df2672dc03dc3/StageJsonCreator/217.png"; sourceTree = "<group>"; };
		DB5213711DFEE28100B33CF4 /* 218.png */ = {isa = PBXFileReference; lastKnownFileType = image.png; name = 218.png; path = "../../../Downloads/StageCreator-master-e69e69e93305c58d129693faed3df2672dc03dc3/StageJsonCreator/218.png"; sourceTree = "<group>"; };
		DB5213721DFEE28100B33CF4 /* 219.png */ = {isa = PBXFileReference; lastKnownFileType = image.png; name = 219.png; path = "../../../Downloads/StageCreator-master-e69e69e93305c58d129693faed3df2672dc03dc3/StageJsonCreator/219.png"; sourceTree = "<group>"; };
		DB5213731DFEE28100B33CF4 /* 220.png */ = {isa = PBXFileReference; lastKnownFileType = image.png; name = 220.png; path = "../../../Downloads/StageCreator-master-e69e69e93305c58d129693faed3df2672dc03dc3/StageJsonCreator/220.png"; sourceTree = "<group>"; };
		DB5213741DFEE28100B33CF4 /* 221.png */ = {isa = PBXFileReference; lastKnownFileType = image.png; name = 221.png; path = "../../../Downloads/StageCreator-master-e69e69e93305c58d129693faed3df2672dc03dc3/StageJsonCreator/221.png"; sourceTree = "<group>"; };
		DB5213751DFEE28100B33CF4 /* 185.png */ = {isa = PBXFileReference; lastKnownFileType = image.png; name = 185.png; path = "../../../Downloads/StageCreator-master-e69e69e93305c58d129693faed3df2672dc03dc3/StageJsonCreator/185.png"; sourceTree = "<group>"; };
		DB5213761DFEE28100B33CF4 /* 186.png */ = {isa = PBXFileReference; lastKnownFileType = image.png; name = 186.png; path = "../../../Downloads/StageCreator-master-e69e69e93305c58d129693faed3df2672dc03dc3/StageJsonCreator/186.png"; sourceTree = "<group>"; };
		DB5213771DFEE28100B33CF4 /* 187.png */ = {isa = PBXFileReference; lastKnownFileType = image.png; name = 187.png; path = "../../../Downloads/StageCreator-master-e69e69e93305c58d129693faed3df2672dc03dc3/StageJsonCreator/187.png"; sourceTree = "<group>"; };
		DB5213781DFEE28100B33CF4 /* 188.png */ = {isa = PBXFileReference; lastKnownFileType = image.png; name = 188.png; path = "../../../Downloads/StageCreator-master-e69e69e93305c58d129693faed3df2672dc03dc3/StageJsonCreator/188.png"; sourceTree = "<group>"; };
		DB5213791DFEE28100B33CF4 /* 189.png */ = {isa = PBXFileReference; lastKnownFileType = image.png; name = 189.png; path = "../../../Downloads/StageCreator-master-e69e69e93305c58d129693faed3df2672dc03dc3/StageJsonCreator/189.png"; sourceTree = "<group>"; };
		DB52137A1DFEE28100B33CF4 /* 190.png */ = {isa = PBXFileReference; lastKnownFileType = image.png; name = 190.png; path = "../../../Downloads/StageCreator-master-e69e69e93305c58d129693faed3df2672dc03dc3/StageJsonCreator/190.png"; sourceTree = "<group>"; };
		DB52137B1DFEE28100B33CF4 /* 191.png */ = {isa = PBXFileReference; lastKnownFileType = image.png; name = 191.png; path = "../../../Downloads/StageCreator-master-e69e69e93305c58d129693faed3df2672dc03dc3/StageJsonCreator/191.png"; sourceTree = "<group>"; };
		DB52137C1DFEE28100B33CF4 /* 192.png */ = {isa = PBXFileReference; lastKnownFileType = image.png; name = 192.png; path = "../../../Downloads/StageCreator-master-e69e69e93305c58d129693faed3df2672dc03dc3/StageJsonCreator/192.png"; sourceTree = "<group>"; };
		DB52137D1DFEE28100B33CF4 /* 193.png */ = {isa = PBXFileReference; lastKnownFileType = image.png; name = 193.png; path = "../../../Downloads/StageCreator-master-e69e69e93305c58d129693faed3df2672dc03dc3/StageJsonCreator/193.png"; sourceTree = "<group>"; };
		DB52137E1DFEE28100B33CF4 /* 194.png */ = {isa = PBXFileReference; lastKnownFileType = image.png; name = 194.png; path = "../../../Downloads/StageCreator-master-e69e69e93305c58d129693faed3df2672dc03dc3/StageJsonCreator/194.png"; sourceTree = "<group>"; };
		DB52137F1DFEE28100B33CF4 /* 195.png */ = {isa = PBXFileReference; lastKnownFileType = image.png; name = 195.png; path = "../../../Downloads/StageCreator-master-e69e69e93305c58d129693faed3df2672dc03dc3/StageJsonCreator/195.png"; sourceTree = "<group>"; };
		DB5213801DFEE28100B33CF4 /* 196.png */ = {isa = PBXFileReference; lastKnownFileType = image.png; name = 196.png; path = "../../../Downloads/StageCreator-master-e69e69e93305c58d129693faed3df2672dc03dc3/StageJsonCreator/196.png"; sourceTree = "<group>"; };
		DB5213811DFEE28100B33CF4 /* 197.png */ = {isa = PBXFileReference; lastKnownFileType = image.png; name = 197.png; path = "../../../Downloads/StageCreator-master-e69e69e93305c58d129693faed3df2672dc03dc3/StageJsonCreator/197.png"; sourceTree = "<group>"; };
		DB5213821DFEE28100B33CF4 /* 198.png */ = {isa = PBXFileReference; lastKnownFileType = image.png; name = 198.png; path = "../../../Downloads/StageCreator-master-e69e69e93305c58d129693faed3df2672dc03dc3/StageJsonCreator/198.png"; sourceTree = "<group>"; };
		DB5213831DFEE28100B33CF4 /* 199.png */ = {isa = PBXFileReference; lastKnownFileType = image.png; name = 199.png; path = "../../../Downloads/StageCreator-master-e69e69e93305c58d129693faed3df2672dc03dc3/StageJsonCreator/199.png"; sourceTree = "<group>"; };
		DB5213841DFEE28100B33CF4 /* 200.png */ = {isa = PBXFileReference; lastKnownFileType = image.png; name = 200.png; path = "../../../Downloads/StageCreator-master-e69e69e93305c58d129693faed3df2672dc03dc3/StageJsonCreator/200.png"; sourceTree = "<group>"; };
		DB5213851DFEE28100B33CF4 /* 201.png */ = {isa = PBXFileReference; lastKnownFileType = image.png; name = 201.png; path = "../../../Downloads/StageCreator-master-e69e69e93305c58d129693faed3df2672dc03dc3/StageJsonCreator/201.png"; sourceTree = "<group>"; };
		DB5213861DFEE28100B33CF4 /* 202.png */ = {isa = PBXFileReference; lastKnownFileType = image.png; name = 202.png; path = "../../../Downloads/StageCreator-master-e69e69e93305c58d129693faed3df2672dc03dc3/StageJsonCreator/202.png"; sourceTree = "<group>"; };
		DB5213871DFEE28100B33CF4 /* 203.png */ = {isa = PBXFileReference; lastKnownFileType = image.png; name = 203.png; path = "../../../Downloads/StageCreator-master-e69e69e93305c58d129693faed3df2672dc03dc3/StageJsonCreator/203.png"; sourceTree = "<group>"; };
		DB5213881DFEE28100B33CF4 /* 204.png */ = {isa = PBXFileReference; lastKnownFileType = image.png; name = 204.png; path = "../../../Downloads/StageCreator-master-e69e69e93305c58d129693faed3df2672dc03dc3/StageJsonCreator/204.png"; sourceTree = "<group>"; };
		DB5213891DFEE28100B33CF4 /* 205.png */ = {isa = PBXFileReference; lastKnownFileType = image.png; name = 205.png; path = "../../../Downloads/StageCreator-master-e69e69e93305c58d129693faed3df2672dc03dc3/StageJsonCreator/205.png"; sourceTree = "<group>"; };
		DB52138A1DFEE28100B33CF4 /* 206.png */ = {isa = PBXFileReference; lastKnownFileType = image.png; name = 206.png; path = "../../../Downloads/StageCreator-master-e69e69e93305c58d129693faed3df2672dc03dc3/StageJsonCreator/206.png"; sourceTree = "<group>"; };
		DB52138B1DFEE28100B33CF4 /* 207.png */ = {isa = PBXFileReference; lastKnownFileType = image.png; name = 207.png; path = "../../../Downloads/StageCreator-master-e69e69e93305c58d129693faed3df2672dc03dc3/StageJsonCreator/207.png"; sourceTree = "<group>"; };
		DB52138C1DFEE28100B33CF4 /* 208.png */ = {isa = PBXFileReference; lastKnownFileType = image.png; name = 208.png; path = "../../../Downloads/StageCreator-master-e69e69e93305c58d129693faed3df2672dc03dc3/StageJsonCreator/208.png"; sourceTree = "<group>"; };
		DB52138D1DFEE28100B33CF4 /* 209.png */ = {isa = PBXFileReference; lastKnownFileType = image.png; name = 209.png; path = "../../../Downloads/StageCreator-master-e69e69e93305c58d129693faed3df2672dc03dc3/StageJsonCreator/209.png"; sourceTree = "<group>"; };
		DB52138E1DFEE28100B33CF4 /* 210.png */ = {isa = PBXFileReference; lastKnownFileType = image.png; name = 210.png; path = "../../../Downloads/StageCreator-master-e69e69e93305c58d129693faed3df2672dc03dc3/StageJsonCreator/210.png"; sourceTree = "<group>"; };
		DB52138F1DFEE28100B33CF4 /* 157.png */ = {isa = PBXFileReference; lastKnownFileType = image.png; name = 157.png; path = "../../../Downloads/StageCreator-master-e69e69e93305c58d129693faed3df2672dc03dc3/StageJsonCreator/157.png"; sourceTree = "<group>"; };
		DB5213901DFEE28100B33CF4 /* 158.png */ = {isa = PBXFileReference; lastKnownFileType = image.png; name = 158.png; path = "../../../Downloads/StageCreator-master-e69e69e93305c58d129693faed3df2672dc03dc3/StageJsonCreator/158.png"; sourceTree = "<group>"; };
		DB5213911DFEE28100B33CF4 /* 159.png */ = {isa = PBXFileReference; lastKnownFileType = image.png; name = 159.png; path = "../../../Downloads/StageCreator-master-e69e69e93305c58d129693faed3df2672dc03dc3/StageJsonCreator/159.png"; sourceTree = "<group>"; };
		DB5213921DFEE28100B33CF4 /* 160.png */ = {isa = PBXFileReference; lastKnownFileType = image.png; name = 160.png; path = "../../../Downloads/StageCreator-master-e69e69e93305c58d129693faed3df2672dc03dc3/StageJsonCreator/160.png"; sourceTree = "<group>"; };
		DB5213931DFEE28100B33CF4 /* -1.png */ = {isa = PBXFileReference; lastKnownFileType = image.png; name = "-1.png"; path = "../../../Downloads/StageCreator-master-e69e69e93305c58d129693faed3df2672dc03dc3/StageJsonCreator/-1.png"; sourceTree = "<group>"; };
		DB5213941DFEE28100B33CF4 /* dyna.png */ = {isa = PBXFileReference; lastKnownFileType = image.png; name = dyna.png; path = "../../../Downloads/StageCreator-master-e69e69e93305c58d129693faed3df2672dc03dc3/StageJsonCreator/dyna.png"; sourceTree = "<group>"; };
		DB5213951DFEE28100B33CF4 /* arrow_hor_2.png */ = {isa = PBXFileReference; lastKnownFileType = image.png; name = arrow_hor_2.png; path = "../../../Downloads/StageCreator-master-e69e69e93305c58d129693faed3df2672dc03dc3/StageJsonCreator/arrow_hor_2.png"; sourceTree = "<group>"; };
		DB5213961DFEE28100B33CF4 /* arrow_ver_2.png */ = {isa = PBXFileReference; lastKnownFileType = image.png; name = arrow_ver_2.png; path = "../../../Downloads/StageCreator-master-e69e69e93305c58d129693faed3df2672dc03dc3/StageJsonCreator/arrow_ver_2.png"; sourceTree = "<group>"; };
		DB5213971DFEE28100B33CF4 /* arrow_hor_1.png */ = {isa = PBXFileReference; lastKnownFileType = image.png; name = arrow_hor_1.png; path = "../../../Downloads/StageCreator-master-e69e69e93305c58d129693faed3df2672dc03dc3/StageJsonCreator/arrow_hor_1.png"; sourceTree = "<group>"; };
		DB5213981DFEE28100B33CF4 /* arrow_ver_1.png */ = {isa = PBXFileReference; lastKnownFileType = image.png; name = arrow_ver_1.png; path = "../../../Downloads/StageCreator-master-e69e69e93305c58d129693faed3df2672dc03dc3/StageJsonCreator/arrow_ver_1.png"; sourceTree = "<group>"; };
		DB5213991DFEE28100B33CF4 /* arrow_hor.png */ = {isa = PBXFileReference; lastKnownFileType = image.png; name = arrow_hor.png; path = "../../../Downloads/StageCreator-master-e69e69e93305c58d129693faed3df2672dc03dc3/StageJsonCreator/arrow_hor.png"; sourceTree = "<group>"; };
		DB52139A1DFEE28100B33CF4 /* arrow_ver.png */ = {isa = PBXFileReference; lastKnownFileType = image.png; name = arrow_ver.png; path = "../../../Downloads/StageCreator-master-e69e69e93305c58d129693faed3df2672dc03dc3/StageJsonCreator/arrow_ver.png"; sourceTree = "<group>"; };
		DB52139B1DFEE28100B33CF4 /* 148.png */ = {isa = PBXFileReference; lastKnownFileType = image.png; name = 148.png; path = "../../../Downloads/StageCreator-master-e69e69e93305c58d129693faed3df2672dc03dc3/StageJsonCreator/148.png"; sourceTree = "<group>"; };
		DB52139C1DFEE28100B33CF4 /* 149.png */ = {isa = PBXFileReference; lastKnownFileType = image.png; name = 149.png; path = "../../../Downloads/StageCreator-master-e69e69e93305c58d129693faed3df2672dc03dc3/StageJsonCreator/149.png"; sourceTree = "<group>"; };
		DB52139D1DFEE28100B33CF4 /* 150.png */ = {isa = PBXFileReference; lastKnownFileType = image.png; name = 150.png; path = "../../../Downloads/StageCreator-master-e69e69e93305c58d129693faed3df2672dc03dc3/StageJsonCreator/150.png"; sourceTree = "<group>"; };
		DB52139E1DFEE28100B33CF4 /* 151.png */ = {isa = PBXFileReference; lastKnownFileType = image.png; name = 151.png; path = "../../../Downloads/StageCreator-master-e69e69e93305c58d129693faed3df2672dc03dc3/StageJsonCreator/151.png"; sourceTree = "<group>"; };
		DB52139F1DFEE28100B33CF4 /* 152.png */ = {isa = PBXFileReference; lastKnownFileType = image.png; name = 152.png; path = "../../../Downloads/StageCreator-master-e69e69e93305c58d129693faed3df2672dc03dc3/StageJsonCreator/152.png"; sourceTree = "<group>"; };
		DB5213A01DFEE28100B33CF4 /* 153.png */ = {isa = PBXFileReference; lastKnownFileType = image.png; name = 153.png; path = "../../../Downloads/StageCreator-master-e69e69e93305c58d129693faed3df2672dc03dc3/StageJsonCreator/153.png"; sourceTree = "<group>"; };
		DB5213A11DFEE28100B33CF4 /* 154.png */ = {isa = PBXFileReference; lastKnownFileType = image.png; name = 154.png; path = "../../../Downloads/StageCreator-master-e69e69e93305c58d129693faed3df2672dc03dc3/StageJsonCreator/154.png"; sourceTree = "<group>"; };
		DB5213A21DFEE28100B33CF4 /* 155.png */ = {isa = PBXFileReference; lastKnownFileType = image.png; name = 155.png; path = "../../../Downloads/StageCreator-master-e69e69e93305c58d129693faed3df2672dc03dc3/StageJsonCreator/155.png"; sourceTree = "<group>"; };
		DB5213A31DFEE28100B33CF4 /* 156.png */ = {isa = PBXFileReference; lastKnownFileType = image.png; name = 156.png; path = "../../../Downloads/StageCreator-master-e69e69e93305c58d129693faed3df2672dc03dc3/StageJsonCreator/156.png"; sourceTree = "<group>"; };
		DB5213A41DFEE28100B33CF4 /* evi01.png */ = {isa = PBXFileReference; lastKnownFileType = image.png; name = evi01.png; path = "../../../Downloads/StageCreator-master-e69e69e93305c58d129693faed3df2672dc03dc3/StageJsonCreator/evi01.png"; sourceTree = "<group>"; };
		DB5213A51DFEE28100B33CF4 /* evi02.png */ = {isa = PBXFileReference; lastKnownFileType = image.png; name = evi02.png; path = "../../../Downloads/StageCreator-master-e69e69e93305c58d129693faed3df2672dc03dc3/StageJsonCreator/evi02.png"; sourceTree = "<group>"; };
		DB5213A61DFEE28100B33CF4 /* evi03.png */ = {isa = PBXFileReference; lastKnownFileType = image.png; name = evi03.png; path = "../../../Downloads/StageCreator-master-e69e69e93305c58d129693faed3df2672dc03dc3/StageJsonCreator/evi03.png"; sourceTree = "<group>"; };
		DB5213A71DFEE28100B33CF4 /* 0.png */ = {isa = PBXFileReference; lastKnownFileType = image.png; name = 0.png; path = "../../../Downloads/StageCreator-master-e69e69e93305c58d129693faed3df2672dc03dc3/StageJsonCreator/0.png"; sourceTree = "<group>"; };
		DB5213A81DFEE28100B33CF4 /* 1.png */ = {isa = PBXFileReference; lastKnownFileType = image.png; name = 1.png; path = "../../../Downloads/StageCreator-master-e69e69e93305c58d129693faed3df2672dc03dc3/StageJsonCreator/1.png"; sourceTree = "<group>"; };
		DB5213A91DFEE28100B33CF4 /* 2.png */ = {isa = PBXFileReference; lastKnownFileType = image.png; name = 2.png; path = "../../../Downloads/StageCreator-master-e69e69e93305c58d129693faed3df2672dc03dc3/StageJsonCreator/2.png"; sourceTree = "<group>"; };
		DB5213AA1DFEE28100B33CF4 /* 3.png */ = {isa = PBXFileReference; lastKnownFileType = image.png; name = 3.png; path = "../../../Downloads/StageCreator-master-e69e69e93305c58d129693faed3df2672dc03dc3/StageJsonCreator/3.png"; sourceTree = "<group>"; };
		DB5213AB1DFEE28100B33CF4 /* 4.png */ = {isa = PBXFileReference; lastKnownFileType = image.png; name = 4.png; path = "../../../Downloads/StageCreator-master-e69e69e93305c58d129693faed3df2672dc03dc3/StageJsonCreator/4.png"; sourceTree = "<group>"; };
		DB5213AC1DFEE28100B33CF4 /* 5.png */ = {isa = PBXFileReference; lastKnownFileType = image.png; name = 5.png; path = "../../../Downloads/StageCreator-master-e69e69e93305c58d129693faed3df2672dc03dc3/StageJsonCreator/5.png"; sourceTree = "<group>"; };
		DB5213AD1DFEE28100B33CF4 /* 6.png */ = {isa = PBXFileReference; lastKnownFileType = image.png; name = 6.png; path = "../../../Downloads/StageCreator-master-e69e69e93305c58d129693faed3df2672dc03dc3/StageJsonCreator/6.png"; sourceTree = "<group>"; };
		DB5213AE1DFEE28100B33CF4 /* 7.png */ = {isa = PBXFileReference; lastKnownFileType = image.png; name = 7.png; path = "../../../Downloads/StageCreator-master-e69e69e93305c58d129693faed3df2672dc03dc3/StageJsonCreator/7.png"; sourceTree = "<group>"; };
		DB5213AF1DFEE28100B33CF4 /* 8.png */ = {isa = PBXFileReference; lastKnownFileType = image.png; name = 8.png; path = "../../../Downloads/StageCreator-master-e69e69e93305c58d129693faed3df2672dc03dc3/StageJsonCreator/8.png"; sourceTree = "<group>"; };
		DB5213B01DFEE28100B33CF4 /* 9.png */ = {isa = PBXFileReference; lastKnownFileType = image.png; name = 9.png; path = "../../../Downloads/StageCreator-master-e69e69e93305c58d129693faed3df2672dc03dc3/StageJsonCreator/9.png"; sourceTree = "<group>"; };
		DB5213B11DFEE28100B33CF4 /* 10.png */ = {isa = PBXFileReference; lastKnownFileType = image.png; name = 10.png; path = "../../../Downloads/StageCreator-master-e69e69e93305c58d129693faed3df2672dc03dc3/StageJsonCreator/10.png"; sourceTree = "<group>"; };
		DB5213B21DFEE28100B33CF4 /* 11.png */ = {isa = PBXFileReference; lastKnownFileType = image.png; name = 11.png; path = "../../../Downloads/StageCreator-master-e69e69e93305c58d129693faed3df2672dc03dc3/StageJsonCreator/11.png"; sourceTree = "<group>"; };
		DB5213B31DFEE28100B33CF4 /* 12.png */ = {isa = PBXFileReference; lastKnownFileType = image.png; name = 12.png; path = "../../../Downloads/StageCreator-master-e69e69e93305c58d129693faed3df2672dc03dc3/StageJsonCreator/12.png"; sourceTree = "<group>"; };
		DB5213B41DFEE28100B33CF4 /* 13.png */ = {isa = PBXFileReference; lastKnownFileType = image.png; name = 13.png; path = "../../../Downloads/StageCreator-master-e69e69e93305c58d129693faed3df2672dc03dc3/StageJsonCreator/13.png"; sourceTree = "<group>"; };
		DB5213B51DFEE28100B33CF4 /* 14.png */ = {isa = PBXFileReference; lastKnownFileType = image.png; name = 14.png; path = "../../../Downloads/StageCreator-master-e69e69e93305c58d129693faed3df2672dc03dc3/StageJsonCreator/14.png"; sourceTree = "<group>"; };
		DB5213B61DFEE28100B33CF4 /* 15.png */ = {isa = PBXFileReference; lastKnownFileType = image.png; name = 15.png; path = "../../../Downloads/StageCreator-master-e69e69e93305c58d129693faed3df2672dc03dc3/StageJsonCreator/15.png"; sourceTree = "<group>"; };
		DB5213B71DFEE28100B33CF4 /* 16.png */ = {isa = PBXFileReference; lastKnownFileType = image.png; name = 16.png; path = "../../../Downloads/StageCreator-master-e69e69e93305c58d129693faed3df2672dc03dc3/StageJsonCreator/16.png"; sourceTree = "<group>"; };
		DB5213B81DFEE28100B33CF4 /* 17.png */ = {isa = PBXFileReference; lastKnownFileType = image.png; name = 17.png; path = "../../../Downloads/StageCreator-master-e69e69e93305c58d129693faed3df2672dc03dc3/StageJsonCreator/17.png"; sourceTree = "<group>"; };
		DB5213B91DFEE28100B33CF4 /* 18.png */ = {isa = PBXFileReference; lastKnownFileType = image.png; name = 18.png; path = "../../../Downloads/StageCreator-master-e69e69e93305c58d129693faed3df2672dc03dc3/StageJsonCreator/18.png"; sourceTree = "<group>"; };
		DB5213BA1DFEE28100B33CF4 /* 19.png */ = {isa = PBXFileReference; lastKnownFileType = image.png; name = 19.png; path = "../../../Downloads/StageCreator-master-e69e69e93305c58d129693faed3df2672dc03dc3/StageJsonCreator/19.png"; sourceTree = "<group>"; };
		DB5213BB1DFEE28100B33CF4 /* 20.png */ = {isa = PBXFileReference; lastKnownFileType = image.png; name = 20.png; path = "../../../Downloads/StageCreator-master-e69e69e93305c58d129693faed3df2672dc03dc3/StageJsonCreator/20.png"; sourceTree = "<group>"; };
		DB5213BC1DFEE28100B33CF4 /* 21.png */ = {isa = PBXFileReference; lastKnownFileType = image.png; name = 21.png; path = "../../../Downloads/StageCreator-master-e69e69e93305c58d129693faed3df2672dc03dc3/StageJsonCreator/21.png"; sourceTree = "<group>"; };
		DB5213BD1DFEE28100B33CF4 /* 22.png */ = {isa = PBXFileReference; lastKnownFileType = image.png; name = 22.png; path = "../../../Downloads/StageCreator-master-e69e69e93305c58d129693faed3df2672dc03dc3/StageJsonCreator/22.png"; sourceTree = "<group>"; };
		DB5213BE1DFEE28100B33CF4 /* 23.png */ = {isa = PBXFileReference; lastKnownFileType = image.png; name = 23.png; path = "../../../Downloads/StageCreator-master-e69e69e93305c58d129693faed3df2672dc03dc3/StageJsonCreator/23.png"; sourceTree = "<group>"; };
		DB5213BF1DFEE28100B33CF4 /* 24.png */ = {isa = PBXFileReference; lastKnownFileType = image.png; name = 24.png; path = "../../../Downloads/StageCreator-master-e69e69e93305c58d129693faed3df2672dc03dc3/StageJsonCreator/24.png"; sourceTree = "<group>"; };
		DB5213C01DFEE28100B33CF4 /* 25.png */ = {isa = PBXFileReference; lastKnownFileType = image.png; name = 25.png; path = "../../../Downloads/StageCreator-master-e69e69e93305c58d129693faed3df2672dc03dc3/StageJsonCreator/25.png"; sourceTree = "<group>"; };
		DB5213C11DFEE28100B33CF4 /* 26.png */ = {isa = PBXFileReference; lastKnownFileType = image.png; name = 26.png; path = "../../../Downloads/StageCreator-master-e69e69e93305c58d129693faed3df2672dc03dc3/StageJsonCreator/26.png"; sourceTree = "<group>"; };
		DB5213C21DFEE28100B33CF4 /* 27.png */ = {isa = PBXFileReference; lastKnownFileType = image.png; name = 27.png; path = "../../../Downloads/StageCreator-master-e69e69e93305c58d129693faed3df2672dc03dc3/StageJsonCreator/27.png"; sourceTree = "<group>"; };
		DB5213C31DFEE28100B33CF4 /* 28.png */ = {isa = PBXFileReference; lastKnownFileType = image.png; name = 28.png; path = "../../../Downloads/StageCreator-master-e69e69e93305c58d129693faed3df2672dc03dc3/StageJsonCreator/28.png"; sourceTree = "<group>"; };
		DB5213C41DFEE28100B33CF4 /* 29.png */ = {isa = PBXFileReference; lastKnownFileType = image.png; name = 29.png; path = "../../../Downloads/StageCreator-master-e69e69e93305c58d129693faed3df2672dc03dc3/StageJsonCreator/29.png"; sourceTree = "<group>"; };
		DB5213C51DFEE28100B33CF4 /* 30.png */ = {isa = PBXFileReference; lastKnownFileType = image.png; name = 30.png; path = "../../../Downloads/StageCreator-master-e69e69e93305c58d129693faed3df2672dc03dc3/StageJsonCreator/30.png"; sourceTree = "<group>"; };
		DB5213C61DFEE28100B33CF4 /* 31.png */ = {isa = PBXFileReference; lastKnownFileType = image.png; name = 31.png; path = "../../../Downloads/StageCreator-master-e69e69e93305c58d129693faed3df2672dc03dc3/StageJsonCreator/31.png"; sourceTree = "<group>"; };
		DB5213C71DFEE28100B33CF4 /* 32.png */ = {isa = PBXFileReference; lastKnownFileType = image.png; name = 32.png; path = "../../../Downloads/StageCreator-master-e69e69e93305c58d129693faed3df2672dc03dc3/StageJsonCreator/32.png"; sourceTree = "<group>"; };
		DB5213C81DFEE28100B33CF4 /* 33.png */ = {isa = PBXFileReference; lastKnownFileType = image.png; name = 33.png; path = "../../../Downloads/StageCreator-master-e69e69e93305c58d129693faed3df2672dc03dc3/StageJsonCreator/33.png"; sourceTree = "<group>"; };
		DB5213C91DFEE28100B33CF4 /* 34.png */ = {isa = PBXFileReference; lastKnownFileType = image.png; name = 34.png; path = "../../../Downloads/StageCreator-master-e69e69e93305c58d129693faed3df2672dc03dc3/StageJsonCreator/34.png"; sourceTree = "<group>"; };
		DB5213CA1DFEE28100B33CF4 /* 35.png */ = {isa = PBXFileReference; lastKnownFileType = image.png; name = 35.png; path = "../../../Downloads/StageCreator-master-e69e69e93305c58d129693faed3df2672dc03dc3/StageJsonCreator/35.png"; sourceTree = "<group>"; };
		DB5213CB1DFEE28100B33CF4 /* 36.png */ = {isa = PBXFileReference; lastKnownFileType = image.png; name = 36.png; path = "../../../Downloads/StageCreator-master-e69e69e93305c58d129693faed3df2672dc03dc3/StageJsonCreator/36.png"; sourceTree = "<group>"; };
		DB5213CC1DFEE28100B33CF4 /* 37.png */ = {isa = PBXFileReference; lastKnownFileType = image.png; name = 37.png; path = "../../../Downloads/StageCreator-master-e69e69e93305c58d129693faed3df2672dc03dc3/StageJsonCreator/37.png"; sourceTree = "<group>"; };
		DB5213CD1DFEE28100B33CF4 /* 38.png */ = {isa = PBXFileReference; lastKnownFileType = image.png; name = 38.png; path = "../../../Downloads/StageCreator-master-e69e69e93305c58d129693faed3df2672dc03dc3/StageJsonCreator/38.png"; sourceTree = "<group>"; };
		DB5213CE1DFEE28100B33CF4 /* 39.png */ = {isa = PBXFileReference; lastKnownFileType = image.png; name = 39.png; path = "../../../Downloads/StageCreator-master-e69e69e93305c58d129693faed3df2672dc03dc3/StageJsonCreator/39.png"; sourceTree = "<group>"; };
		DB5213CF1DFEE28100B33CF4 /* 40.png */ = {isa = PBXFileReference; lastKnownFileType = image.png; name = 40.png; path = "../../../Downloads/StageCreator-master-e69e69e93305c58d129693faed3df2672dc03dc3/StageJsonCreator/40.png"; sourceTree = "<group>"; };
		DB5213D01DFEE28100B33CF4 /* 41.png */ = {isa = PBXFileReference; lastKnownFileType = image.png; name = 41.png; path = "../../../Downloads/StageCreator-master-e69e69e93305c58d129693faed3df2672dc03dc3/StageJsonCreator/41.png"; sourceTree = "<group>"; };
		DB5213D11DFEE28100B33CF4 /* 42.png */ = {isa = PBXFileReference; lastKnownFileType = image.png; name = 42.png; path = "../../../Downloads/StageCreator-master-e69e69e93305c58d129693faed3df2672dc03dc3/StageJsonCreator/42.png"; sourceTree = "<group>"; };
		DB5213D21DFEE28100B33CF4 /* 43.png */ = {isa = PBXFileReference; lastKnownFileType = image.png; name = 43.png; path = "../../../Downloads/StageCreator-master-e69e69e93305c58d129693faed3df2672dc03dc3/StageJsonCreator/43.png"; sourceTree = "<group>"; };
		DB5213D31DFEE28100B33CF4 /* 44.png */ = {isa = PBXFileReference; lastKnownFileType = image.png; name = 44.png; path = "../../../Downloads/StageCreator-master-e69e69e93305c58d129693faed3df2672dc03dc3/StageJsonCreator/44.png"; sourceTree = "<group>"; };
		DB5213D41DFEE28100B33CF4 /* 45.png */ = {isa = PBXFileReference; lastKnownFileType = image.png; name = 45.png; path = "../../../Downloads/StageCreator-master-e69e69e93305c58d129693faed3df2672dc03dc3/StageJsonCreator/45.png"; sourceTree = "<group>"; };
		DB5213D51DFEE28100B33CF4 /* 46.png */ = {isa = PBXFileReference; lastKnownFileType = image.png; name = 46.png; path = "../../../Downloads/StageCreator-master-e69e69e93305c58d129693faed3df2672dc03dc3/StageJsonCreator/46.png"; sourceTree = "<group>"; };
		DB5213D61DFEE28100B33CF4 /* 47.png */ = {isa = PBXFileReference; lastKnownFileType = image.png; name = 47.png; path = "../../../Downloads/StageCreator-master-e69e69e93305c58d129693faed3df2672dc03dc3/StageJsonCreator/47.png"; sourceTree = "<group>"; };
		DB5213D71DFEE28100B33CF4 /* 48.png */ = {isa = PBXFileReference; lastKnownFileType = image.png; name = 48.png; path = "../../../Downloads/StageCreator-master-e69e69e93305c58d129693faed3df2672dc03dc3/StageJsonCreator/48.png"; sourceTree = "<group>"; };
		DB5213D81DFEE28100B33CF4 /* 49.png */ = {isa = PBXFileReference; lastKnownFileType = image.png; name = 49.png; path = "../../../Downloads/StageCreator-master-e69e69e93305c58d129693faed3df2672dc03dc3/StageJsonCreator/49.png"; sourceTree = "<group>"; };
		DB5213D91DFEE28100B33CF4 /* 50.png */ = {isa = PBXFileReference; lastKnownFileType = image.png; name = 50.png; path = "../../../Downloads/StageCreator-master-e69e69e93305c58d129693faed3df2672dc03dc3/StageJsonCreator/50.png"; sourceTree = "<group>"; };
		DB5213DA1DFEE28100B33CF4 /* 51.png */ = {isa = PBXFileReference; lastKnownFileType = image.png; name = 51.png; path = "../../../Downloads/StageCreator-master-e69e69e93305c58d129693faed3df2672dc03dc3/StageJsonCreator/51.png"; sourceTree = "<group>"; };
		DB5213DB1DFEE28100B33CF4 /* 52.png */ = {isa = PBXFileReference; lastKnownFileType = image.png; name = 52.png; path = "../../../Downloads/StageCreator-master-e69e69e93305c58d129693faed3df2672dc03dc3/StageJsonCreator/52.png"; sourceTree = "<group>"; };
		DB5213DC1DFEE28100B33CF4 /* 53.png */ = {isa = PBXFileReference; lastKnownFileType = image.png; name = 53.png; path = "../../../Downloads/StageCreator-master-e69e69e93305c58d129693faed3df2672dc03dc3/StageJsonCreator/53.png"; sourceTree = "<group>"; };
		DB5213DD1DFEE28100B33CF4 /* 54.png */ = {isa = PBXFileReference; lastKnownFileType = image.png; name = 54.png; path = "../../../Downloads/StageCreator-master-e69e69e93305c58d129693faed3df2672dc03dc3/StageJsonCreator/54.png"; sourceTree = "<group>"; };
		DB5213DE1DFEE28100B33CF4 /* 55.png */ = {isa = PBXFileReference; lastKnownFileType = image.png; name = 55.png; path = "../../../Downloads/StageCreator-master-e69e69e93305c58d129693faed3df2672dc03dc3/StageJsonCreator/55.png"; sourceTree = "<group>"; };
		DB5213DF1DFEE28100B33CF4 /* 56.png */ = {isa = PBXFileReference; lastKnownFileType = image.png; name = 56.png; path = "../../../Downloads/StageCreator-master-e69e69e93305c58d129693faed3df2672dc03dc3/StageJsonCreator/56.png"; sourceTree = "<group>"; };
		DB5213E01DFEE28100B33CF4 /* 57.png */ = {isa = PBXFileReference; lastKnownFileType = image.png; name = 57.png; path = "../../../Downloads/StageCreator-master-e69e69e93305c58d129693faed3df2672dc03dc3/StageJsonCreator/57.png"; sourceTree = "<group>"; };
		DB5213E11DFEE28100B33CF4 /* 58.png */ = {isa = PBXFileReference; lastKnownFileType = image.png; name = 58.png; path = "../../../Downloads/StageCreator-master-e69e69e93305c58d129693faed3df2672dc03dc3/StageJsonCreator/58.png"; sourceTree = "<group>"; };
		DB5213E21DFEE28100B33CF4 /* 59.png */ = {isa = PBXFileReference; lastKnownFileType = image.png; name = 59.png; path = "../../../Downloads/StageCreator-master-e69e69e93305c58d129693faed3df2672dc03dc3/StageJsonCreator/59.png"; sourceTree = "<group>"; };
		DB5213E31DFEE28100B33CF4 /* 60.png */ = {isa = PBXFileReference; lastKnownFileType = image.png; name = 60.png; path = "../../../Downloads/StageCreator-master-e69e69e93305c58d129693faed3df2672dc03dc3/StageJsonCreator/60.png"; sourceTree = "<group>"; };
		DB5213E41DFEE28100B33CF4 /* 61.png */ = {isa = PBXFileReference; lastKnownFileType = image.png; name = 61.png; path = "../../../Downloads/StageCreator-master-e69e69e93305c58d129693faed3df2672dc03dc3/StageJsonCreator/61.png"; sourceTree = "<group>"; };
		DB5213E51DFEE28100B33CF4 /* 62.png */ = {isa = PBXFileReference; lastKnownFileType = image.png; name = 62.png; path = "../../../Downloads/StageCreator-master-e69e69e93305c58d129693faed3df2672dc03dc3/StageJsonCreator/62.png"; sourceTree = "<group>"; };
		DB5213E61DFEE28100B33CF4 /* 63.png */ = {isa = PBXFileReference; lastKnownFileType = image.png; name = 63.png; path = "../../../Downloads/StageCreator-master-e69e69e93305c58d129693faed3df2672dc03dc3/StageJsonCreator/63.png"; sourceTree = "<group>"; };
		DB5213E71DFEE28100B33CF4 /* 64.png */ = {isa = PBXFileReference; lastKnownFileType = image.png; name = 64.png; path = "../../../Downloads/StageCreator-master-e69e69e93305c58d129693faed3df2672dc03dc3/StageJsonCreator/64.png"; sourceTree = "<group>"; };
		DB5213E81DFEE28100B33CF4 /* 65.png */ = {isa = PBXFileReference; lastKnownFileType = image.png; name = 65.png; path = "../../../Downloads/StageCreator-master-e69e69e93305c58d129693faed3df2672dc03dc3/StageJsonCreator/65.png"; sourceTree = "<group>"; };
		DB5213E91DFEE28100B33CF4 /* 66.png */ = {isa = PBXFileReference; lastKnownFileType = image.png; name = 66.png; path = "../../../Downloads/StageCreator-master-e69e69e93305c58d129693faed3df2672dc03dc3/StageJsonCreator/66.png"; sourceTree = "<group>"; };
		DB5213EA1DFEE28100B33CF4 /* 67.png */ = {isa = PBXFileReference; lastKnownFileType = image.png; name = 67.png; path = "../../../Downloads/StageCreator-master-e69e69e93305c58d129693faed3df2672dc03dc3/StageJsonCreator/67.png"; sourceTree = "<group>"; };
		DB5213EB1DFEE28100B33CF4 /* 68.png */ = {isa = PBXFileReference; lastKnownFileType = image.png; name = 68.png; path = "../../../Downloads/StageCreator-master-e69e69e93305c58d129693faed3df2672dc03dc3/StageJsonCreator/68.png"; sourceTree = "<group>"; };
		DB5213EC1DFEE28100B33CF4 /* 69.png */ = {isa = PBXFileReference; lastKnownFileType = image.png; name = 69.png; path = "../../../Downloads/StageCreator-master-e69e69e93305c58d129693faed3df2672dc03dc3/StageJsonCreator/69.png"; sourceTree = "<group>"; };
		DB5213ED1DFEE28100B33CF4 /* 70.png */ = {isa = PBXFileReference; lastKnownFileType = image.png; name = 70.png; path = "../../../Downloads/StageCreator-master-e69e69e93305c58d129693faed3df2672dc03dc3/StageJsonCreator/70.png"; sourceTree = "<group>"; };
		DB5213EE1DFEE28100B33CF4 /* 71.png */ = {isa = PBXFileReference; lastKnownFileType = image.png; name = 71.png; path = "../../../Downloads/StageCreator-master-e69e69e93305c58d129693faed3df2672dc03dc3/StageJsonCreator/71.png"; sourceTree = "<group>"; };
		DB5213EF1DFEE28100B33CF4 /* 73.png */ = {isa = PBXFileReference; lastKnownFileType = image.png; name = 73.png; path = "../../../Downloads/StageCreator-master-e69e69e93305c58d129693faed3df2672dc03dc3/StageJsonCreator/73.png"; sourceTree = "<group>"; };
		DB5213F01DFEE28100B33CF4 /* 74.png */ = {isa = PBXFileReference; lastKnownFileType = image.png; name = 74.png; path = "../../../Downloads/StageCreator-master-e69e69e93305c58d129693faed3df2672dc03dc3/StageJsonCreator/74.png"; sourceTree = "<group>"; };
		DB5213F11DFEE28100B33CF4 /* 75.png */ = {isa = PBXFileReference; lastKnownFileType = image.png; name = 75.png; path = "../../../Downloads/StageCreator-master-e69e69e93305c58d129693faed3df2672dc03dc3/StageJsonCreator/75.png"; sourceTree = "<group>"; };
		DB5213F21DFEE28100B33CF4 /* 76.png */ = {isa = PBXFileReference; lastKnownFileType = image.png; name = 76.png; path = "../../../Downloads/StageCreator-master-e69e69e93305c58d129693faed3df2672dc03dc3/StageJsonCreator/76.png"; sourceTree = "<group>"; };
		DB5213F31DFEE28100B33CF4 /* 77.png */ = {isa = PBXFileReference; lastKnownFileType = image.png; name = 77.png; path = "../../../Downloads/StageCreator-master-e69e69e93305c58d129693faed3df2672dc03dc3/StageJsonCreator/77.png"; sourceTree = "<group>"; };
		DB5213F41DFEE28100B33CF4 /* 78.png */ = {isa = PBXFileReference; lastKnownFileType = image.png; name = 78.png; path = "../../../Downloads/StageCreator-master-e69e69e93305c58d129693faed3df2672dc03dc3/StageJsonCreator/78.png"; sourceTree = "<group>"; };
		DB5213F51DFEE28100B33CF4 /* 79.png */ = {isa = PBXFileReference; lastKnownFileType = image.png; name = 79.png; path = "../../../Downloads/StageCreator-master-e69e69e93305c58d129693faed3df2672dc03dc3/StageJsonCreator/79.png"; sourceTree = "<group>"; };
		DB5213F61DFEE28100B33CF4 /* 80.png */ = {isa = PBXFileReference; lastKnownFileType = image.png; name = 80.png; path = "../../../Downloads/StageCreator-master-e69e69e93305c58d129693faed3df2672dc03dc3/StageJsonCreator/80.png"; sourceTree = "<group>"; };
		DB5213F71DFEE28100B33CF4 /* 81.png */ = {isa = PBXFileReference; lastKnownFileType = image.png; name = 81.png; path = "../../../Downloads/StageCreator-master-e69e69e93305c58d129693faed3df2672dc03dc3/StageJsonCreator/81.png"; sourceTree = "<group>"; };
		DB5213F81DFEE28100B33CF4 /* 82.png */ = {isa = PBXFileReference; lastKnownFileType = image.png; name = 82.png; path = "../../../Downloads/StageCreator-master-e69e69e93305c58d129693faed3df2672dc03dc3/StageJsonCreator/82.png"; sourceTree = "<group>"; };
		DB5213F91DFEE28100B33CF4 /* 83.png */ = {isa = PBXFileReference; lastKnownFileType = image.png; name = 83.png; path = "../../../Downloads/StageCreator-master-e69e69e93305c58d129693faed3df2672dc03dc3/StageJsonCreator/83.png"; sourceTree = "<group>"; };
		DB5213FA1DFEE28100B33CF4 /* 84.png */ = {isa = PBXFileReference; lastKnownFileType = image.png; name = 84.png; path = "../../../Downloads/StageCreator-master-e69e69e93305c58d129693faed3df2672dc03dc3/StageJsonCreator/84.png"; sourceTree = "<group>"; };
		DB5213FB1DFEE28100B33CF4 /* 85.png */ = {isa = PBXFileReference; lastKnownFileType = image.png; name = 85.png; path = "../../../Downloads/StageCreator-master-e69e69e93305c58d129693faed3df2672dc03dc3/StageJsonCreator/85.png"; sourceTree = "<group>"; };
		DB5213FC1DFEE28100B33CF4 /* 86.png */ = {isa = PBXFileReference; lastKnownFileType = image.png; name = 86.png; path = "../../../Downloads/StageCreator-master-e69e69e93305c58d129693faed3df2672dc03dc3/StageJsonCreator/86.png"; sourceTree = "<group>"; };
		DB5213FD1DFEE28100B33CF4 /* 87.png */ = {isa = PBXFileReference; lastKnownFileType = image.png; name = 87.png; path = "../../../Downloads/StageCreator-master-e69e69e93305c58d129693faed3df2672dc03dc3/StageJsonCreator/87.png"; sourceTree = "<group>"; };
		DB5213FE1DFEE28100B33CF4 /* 88.png */ = {isa = PBXFileReference; lastKnownFileType = image.png; name = 88.png; path = "../../../Downloads/StageCreator-master-e69e69e93305c58d129693faed3df2672dc03dc3/StageJsonCreator/88.png"; sourceTree = "<group>"; };
		DB5213FF1DFEE28100B33CF4 /* 89.png */ = {isa = PBXFileReference; lastKnownFileType = image.png; name = 89.png; path = "../../../Downloads/StageCreator-master-e69e69e93305c58d129693faed3df2672dc03dc3/StageJsonCreator/89.png"; sourceTree = "<group>"; };
		DB5214001DFEE28100B33CF4 /* 90.png */ = {isa = PBXFileReference; lastKnownFileType = image.png; name = 90.png; path = "../../../Downloads/StageCreator-master-e69e69e93305c58d129693faed3df2672dc03dc3/StageJsonCreator/90.png"; sourceTree = "<group>"; };
		DB5214011DFEE28100B33CF4 /* 91.png */ = {isa = PBXFileReference; lastKnownFileType = image.png; name = 91.png; path = "../../../Downloads/StageCreator-master-e69e69e93305c58d129693faed3df2672dc03dc3/StageJsonCreator/91.png"; sourceTree = "<group>"; };
		DB5214021DFEE28100B33CF4 /* 92.png */ = {isa = PBXFileReference; lastKnownFileType = image.png; name = 92.png; path = "../../../Downloads/StageCreator-master-e69e69e93305c58d129693faed3df2672dc03dc3/StageJsonCreator/92.png"; sourceTree = "<group>"; };
		DB5214031DFEE28100B33CF4 /* 93.png */ = {isa = PBXFileReference; lastKnownFileType = image.png; name = 93.png; path = "../../../Downloads/StageCreator-master-e69e69e93305c58d129693faed3df2672dc03dc3/StageJsonCreator/93.png"; sourceTree = "<group>"; };
		DB5214041DFEE28100B33CF4 /* 94.png */ = {isa = PBXFileReference; lastKnownFileType = image.png; name = 94.png; path = "../../../Downloads/StageCreator-master-e69e69e93305c58d129693faed3df2672dc03dc3/StageJsonCreator/94.png"; sourceTree = "<group>"; };
		DB5214051DFEE28100B33CF4 /* 95.png */ = {isa = PBXFileReference; lastKnownFileType = image.png; name = 95.png; path = "../../../Downloads/StageCreator-master-e69e69e93305c58d129693faed3df2672dc03dc3/StageJsonCreator/95.png"; sourceTree = "<group>"; };
		DB5214061DFEE28100B33CF4 /* 96.png */ = {isa = PBXFileReference; lastKnownFileType = image.png; name = 96.png; path = "../../../Downloads/StageCreator-master-e69e69e93305c58d129693faed3df2672dc03dc3/StageJsonCreator/96.png"; sourceTree = "<group>"; };
		DB5214071DFEE28100B33CF4 /* 97.png */ = {isa = PBXFileReference; lastKnownFileType = image.png; name = 97.png; path = "../../../Downloads/StageCreator-master-e69e69e93305c58d129693faed3df2672dc03dc3/StageJsonCreator/97.png"; sourceTree = "<group>"; };
		DB5214081DFEE28100B33CF4 /* 98.png */ = {isa = PBXFileReference; lastKnownFileType = image.png; name = 98.png; path = "../../../Downloads/StageCreator-master-e69e69e93305c58d129693faed3df2672dc03dc3/StageJsonCreator/98.png"; sourceTree = "<group>"; };
		DB5214091DFEE28100B33CF4 /* 99.png */ = {isa = PBXFileReference; lastKnownFileType = image.png; name = 99.png; path = "../../../Downloads/StageCreator-master-e69e69e93305c58d129693faed3df2672dc03dc3/StageJsonCreator/99.png"; sourceTree = "<group>"; };
		DB52140A1DFEE28100B33CF4 /* 100.png */ = {isa = PBXFileReference; lastKnownFileType = image.png; name = 100.png; path = "../../../Downloads/StageCreator-master-e69e69e93305c58d129693faed3df2672dc03dc3/StageJsonCreator/100.png"; sourceTree = "<group>"; };
		DB52140B1DFEE28100B33CF4 /* 101.png */ = {isa = PBXFileReference; lastKnownFileType = image.png; name = 101.png; path = "../../../Downloads/StageCreator-master-e69e69e93305c58d129693faed3df2672dc03dc3/StageJsonCreator/101.png"; sourceTree = "<group>"; };
		DB52140C1DFEE28100B33CF4 /* 102.png */ = {isa = PBXFileReference; lastKnownFileType = image.png; name = 102.png; path = "../../../Downloads/StageCreator-master-e69e69e93305c58d129693faed3df2672dc03dc3/StageJsonCreator/102.png"; sourceTree = "<group>"; };
		DB52140D1DFEE28100B33CF4 /* 103.png */ = {isa = PBXFileReference; lastKnownFileType = image.png; name = 103.png; path = "../../../Downloads/StageCreator-master-e69e69e93305c58d129693faed3df2672dc03dc3/StageJsonCreator/103.png"; sourceTree = "<group>"; };
		DB52140E1DFEE28100B33CF4 /* 104.png */ = {isa = PBXFileReference; lastKnownFileType = image.png; name = 104.png; path = "../../../Downloads/StageCreator-master-e69e69e93305c58d129693faed3df2672dc03dc3/StageJsonCreator/104.png"; sourceTree = "<group>"; };
		DB52140F1DFEE28100B33CF4 /* 105.png */ = {isa = PBXFileReference; lastKnownFileType = image.png; name = 105.png; path = "../../../Downloads/StageCreator-master-e69e69e93305c58d129693faed3df2672dc03dc3/StageJsonCreator/105.png"; sourceTree = "<group>"; };
		DB5214101DFEE28100B33CF4 /* 106.png */ = {isa = PBXFileReference; lastKnownFileType = image.png; name = 106.png; path = "../../../Downloads/StageCreator-master-e69e69e93305c58d129693faed3df2672dc03dc3/StageJsonCreator/106.png"; sourceTree = "<group>"; };
		DB5214111DFEE28100B33CF4 /* 107.png */ = {isa = PBXFileReference; lastKnownFileType = image.png; name = 107.png; path = "../../../Downloads/StageCreator-master-e69e69e93305c58d129693faed3df2672dc03dc3/StageJsonCreator/107.png"; sourceTree = "<group>"; };
		DB5214121DFEE28100B33CF4 /* 108.png */ = {isa = PBXFileReference; lastKnownFileType = image.png; name = 108.png; path = "../../../Downloads/StageCreator-master-e69e69e93305c58d129693faed3df2672dc03dc3/StageJsonCreator/108.png"; sourceTree = "<group>"; };
		DB5214131DFEE28100B33CF4 /* 109.png */ = {isa = PBXFileReference; lastKnownFileType = image.png; name = 109.png; path = "../../../Downloads/StageCreator-master-e69e69e93305c58d129693faed3df2672dc03dc3/StageJsonCreator/109.png"; sourceTree = "<group>"; };
		DB5214141DFEE28100B33CF4 /* 110.png */ = {isa = PBXFileReference; lastKnownFileType = image.png; name = 110.png; path = "../../../Downloads/StageCreator-master-e69e69e93305c58d129693faed3df2672dc03dc3/StageJsonCreator/110.png"; sourceTree = "<group>"; };
		DB5214151DFEE28100B33CF4 /* 111.png */ = {isa = PBXFileReference; lastKnownFileType = image.png; name = 111.png; path = "../../../Downloads/StageCreator-master-e69e69e93305c58d129693faed3df2672dc03dc3/StageJsonCreator/111.png"; sourceTree = "<group>"; };
		DB5214161DFEE28100B33CF4 /* 112.png */ = {isa = PBXFileReference; lastKnownFileType = image.png; name = 112.png; path = "../../../Downloads/StageCreator-master-e69e69e93305c58d129693faed3df2672dc03dc3/StageJsonCreator/112.png"; sourceTree = "<group>"; };
		DB5214171DFEE28100B33CF4 /* 113.png */ = {isa = PBXFileReference; lastKnownFileType = image.png; name = 113.png; path = "../../../Downloads/StageCreator-master-e69e69e93305c58d129693faed3df2672dc03dc3/StageJsonCreator/113.png"; sourceTree = "<group>"; };
		DB5214181DFEE28100B33CF4 /* 114.png */ = {isa = PBXFileReference; lastKnownFileType = image.png; name = 114.png; path = "../../../Downloads/StageCreator-master-e69e69e93305c58d129693faed3df2672dc03dc3/StageJsonCreator/114.png"; sourceTree = "<group>"; };
		DB5214191DFEE28100B33CF4 /* 115.png */ = {isa = PBXFileReference; lastKnownFileType = image.png; name = 115.png; path = "../../../Downloads/StageCreator-master-e69e69e93305c58d129693faed3df2672dc03dc3/StageJsonCreator/115.png"; sourceTree = "<group>"; };
		DB52141A1DFEE28100B33CF4 /* 116.png */ = {isa = PBXFileReference; lastKnownFileType = image.png; name = 116.png; path = "../../../Downloads/StageCreator-master-e69e69e93305c58d129693faed3df2672dc03dc3/StageJsonCreator/116.png"; sourceTree = "<group>"; };
		DB52141B1DFEE28100B33CF4 /* 117.png */ = {isa = PBXFileReference; lastKnownFileType = image.png; name = 117.png; path = "../../../Downloads/StageCreator-master-e69e69e93305c58d129693faed3df2672dc03dc3/StageJsonCreator/117.png"; sourceTree = "<group>"; };
		DB52141C1DFEE28100B33CF4 /* 118.png */ = {isa = PBXFileReference; lastKnownFileType = image.png; name = 118.png; path = "../../../Downloads/StageCreator-master-e69e69e93305c58d129693faed3df2672dc03dc3/StageJsonCreator/118.png"; sourceTree = "<group>"; };
		DB52141D1DFEE28100B33CF4 /* 119.png */ = {isa = PBXFileReference; lastKnownFileType = image.png; name = 119.png; path = "../../../Downloads/StageCreator-master-e69e69e93305c58d129693faed3df2672dc03dc3/StageJsonCreator/119.png"; sourceTree = "<group>"; };
		DB52141E1DFEE28100B33CF4 /* 120.png */ = {isa = PBXFileReference; lastKnownFileType = image.png; name = 120.png; path = "../../../Downloads/StageCreator-master-e69e69e93305c58d129693faed3df2672dc03dc3/StageJsonCreator/120.png"; sourceTree = "<group>"; };
		DB52141F1DFEE28100B33CF4 /* 121.png */ = {isa = PBXFileReference; lastKnownFileType = image.png; name = 121.png; path = "../../../Downloads/StageCreator-master-e69e69e93305c58d129693faed3df2672dc03dc3/StageJsonCreator/121.png"; sourceTree = "<group>"; };
		DB5214201DFEE28100B33CF4 /* 122.png */ = {isa = PBXFileReference; lastKnownFileType = image.png; name = 122.png; path = "../../../Downloads/StageCreator-master-e69e69e93305c58d129693faed3df2672dc03dc3/StageJsonCreator/122.png"; sourceTree = "<group>"; };
		DB5214211DFEE28100B33CF4 /* 123.png */ = {isa = PBXFileReference; lastKnownFileType = image.png; name = 123.png; path = "../../../Downloads/StageCreator-master-e69e69e93305c58d129693faed3df2672dc03dc3/StageJsonCreator/123.png"; sourceTree = "<group>"; };
		DB5214221DFEE28100B33CF4 /* 124.png */ = {isa = PBXFileReference; lastKnownFileType = image.png; name = 124.png; path = "../../../Downloads/StageCreator-master-e69e69e93305c58d129693faed3df2672dc03dc3/StageJsonCreator/124.png"; sourceTree = "<group>"; };
		DB5214231DFEE28100B33CF4 /* 125.png */ = {isa = PBXFileReference; lastKnownFileType = image.png; name = 125.png; path = "../../../Downloads/StageCreator-master-e69e69e93305c58d129693faed3df2672dc03dc3/StageJsonCreator/125.png"; sourceTree = "<group>"; };
		DB5214241DFEE28100B33CF4 /* 126.png */ = {isa = PBXFileReference; lastKnownFileType = image.png; name = 126.png; path = "../../../Downloads/StageCreator-master-e69e69e93305c58d129693faed3df2672dc03dc3/StageJsonCreator/126.png"; sourceTree = "<group>"; };
		DB5214251DFEE28100B33CF4 /* 127.png */ = {isa = PBXFileReference; lastKnownFileType = image.png; name = 127.png; path = "../../../Downloads/StageCreator-master-e69e69e93305c58d129693faed3df2672dc03dc3/StageJsonCreator/127.png"; sourceTree = "<group>"; };
		DB5214261DFEE28100B33CF4 /* 128.png */ = {isa = PBXFileReference; lastKnownFileType = image.png; name = 128.png; path = "../../../Downloads/StageCreator-master-e69e69e93305c58d129693faed3df2672dc03dc3/StageJsonCreator/128.png"; sourceTree = "<group>"; };
		DB5214271DFEE28100B33CF4 /* 129.png */ = {isa = PBXFileReference; lastKnownFileType = image.png; name = 129.png; path = "../../../Downloads/StageCreator-master-e69e69e93305c58d129693faed3df2672dc03dc3/StageJsonCreator/129.png"; sourceTree = "<group>"; };
		DB5214281DFEE28100B33CF4 /* 130.png */ = {isa = PBXFileReference; lastKnownFileType = image.png; name = 130.png; path = "../../../Downloads/StageCreator-master-e69e69e93305c58d129693faed3df2672dc03dc3/StageJsonCreator/130.png"; sourceTree = "<group>"; };
		DB5214291DFEE28100B33CF4 /* 131.png */ = {isa = PBXFileReference; lastKnownFileType = image.png; name = 131.png; path = "../../../Downloads/StageCreator-master-e69e69e93305c58d129693faed3df2672dc03dc3/StageJsonCreator/131.png"; sourceTree = "<group>"; };
		DB52142A1DFEE28100B33CF4 /* 132.png */ = {isa = PBXFileReference; lastKnownFileType = image.png; name = 132.png; path = "../../../Downloads/StageCreator-master-e69e69e93305c58d129693faed3df2672dc03dc3/StageJsonCreator/132.png"; sourceTree = "<group>"; };
		DB52142B1DFEE28100B33CF4 /* 133.png */ = {isa = PBXFileReference; lastKnownFileType = image.png; name = 133.png; path = "../../../Downloads/StageCreator-master-e69e69e93305c58d129693faed3df2672dc03dc3/StageJsonCreator/133.png"; sourceTree = "<group>"; };
		DB52142C1DFEE28100B33CF4 /* 134.png */ = {isa = PBXFileReference; lastKnownFileType = image.png; name = 134.png; path = "../../../Downloads/StageCreator-master-e69e69e93305c58d129693faed3df2672dc03dc3/StageJsonCreator/134.png"; sourceTree = "<group>"; };
		DB52142D1DFEE28100B33CF4 /* 135.png */ = {isa = PBXFileReference; lastKnownFileType = image.png; name = 135.png; path = "../../../Downloads/StageCreator-master-e69e69e93305c58d129693faed3df2672dc03dc3/StageJsonCreator/135.png"; sourceTree = "<group>"; };
		DB52142E1DFEE28100B33CF4 /* 146.png */ = {isa = PBXFileReference; lastKnownFileType = image.png; name = 146.png; path = "../../../Downloads/StageCreator-master-e69e69e93305c58d129693faed3df2672dc03dc3/StageJsonCreator/146.png"; sourceTree = "<group>"; };
		DB52142F1DFEE28100B33CF4 /* 147.png */ = {isa = PBXFileReference; lastKnownFileType = image.png; name = 147.png; path = "../../../Downloads/StageCreator-master-e69e69e93305c58d129693faed3df2672dc03dc3/StageJsonCreator/147.png"; sourceTree = "<group>"; };
		DBA840A31DEAB3C2002CF1CC /* 2.json */ = {isa = PBXFileReference; lastKnownFileType = text.json; name = 2.json; path = YorkServer/2.json; sourceTree = "<group>"; };
		DBA840A91DEB48A0002CF1CC /* 3.json */ = {isa = PBXFileReference; fileEncoding = 4; lastKnownFileType = text.json; name = 3.json; path = YorkServer/3.json; sourceTree = "<group>"; };
/* End PBXFileReference section */

/* Begin PBXFrameworksBuildPhase section */
		06AC15E41DE56F1500421FF8 /* Frameworks */ = {
			isa = PBXFrameworksBuildPhase;
			buildActionMask = 2147483647;
			files = (
			);
			runOnlyForDeploymentPostprocessing = 0;
		};
/* End PBXFrameworksBuildPhase section */

/* Begin PBXGroup section */
		064631BF1DF9490600A3F597 /* Files */ = {
			isa = PBXGroup;
			children = (
				06C052DC1DF94A26004128A4 /* Pic */,
				0669846C1DF7F8D70092344A /* fileList.txt */,
				DBA840A91DEB48A0002CF1CC /* 3.json */,
				DBA840A31DEAB3C2002CF1CC /* 2.json */,
				DB37C7A21DE5DD9D00131817 /* 1.json */,
				DB37C7A01DE5DD8900131817 /* 1.txt */,
			);
			name = Files;
			sourceTree = "<group>";
		};
		06AC15DE1DE56F1500421FF8 = {
			isa = PBXGroup;
			children = (
				064631BF1DF9490600A3F597 /* Files */,
				06AC15E91DE56F1500421FF8 /* YorkServer */,
				06AC15E81DE56F1500421FF8 /* Products */,
			);
			sourceTree = "<group>";
		};
		06AC15E81DE56F1500421FF8 /* Products */ = {
			isa = PBXGroup;
			children = (
				06AC15E71DE56F1500421FF8 /* YorkServer */,
			);
			name = Products;
			sourceTree = "<group>";
		};
		06AC15E91DE56F1500421FF8 /* YorkServer */ = {
			isa = PBXGroup;
			children = (
				06AC16301DE5705900421FF8 /* YorkNetwork.cpp */,
				06AC16311DE5705900421FF8 /* YorkNetwork.h */,
				06AC16321DE5705900421FF8 /* YorkSocketSDKSample.cpp */,
				06AC16331DE5705900421FF8 /* YorkSocketServer.cpp */,
				06AC16341DE5705900421FF8 /* YorkSocketServer.h */,
			);
			path = YorkServer;
			sourceTree = "<group>";
		};
		06C052DC1DF94A26004128A4 /* Pic */ = {
			isa = PBXGroup;
			children = (
				DB5213571DFEE28100B33CF4 /* 161.png */,
				DB5213581DFEE28100B33CF4 /* 162.png */,
				DB5213591DFEE28100B33CF4 /* 163.png */,
				DB52135A1DFEE28100B33CF4 /* 164.png */,
				DB52135B1DFEE28100B33CF4 /* 166.png */,
				DB52135C1DFEE28100B33CF4 /* 167.png */,
				DB52135D1DFEE28100B33CF4 /* 168.png */,
				DB52135E1DFEE28100B33CF4 /* 169.png */,
				DB52135F1DFEE28100B33CF4 /* 170.png */,
				DB5213601DFEE28100B33CF4 /* 175.png */,
				DB5213611DFEE28100B33CF4 /* 176.png */,
				DB5213621DFEE28100B33CF4 /* 177.png */,
				DB5213631DFEE28100B33CF4 /* 178.png */,
				DB5213641DFEE28100B33CF4 /* 179.png */,
				DB5213651DFEE28100B33CF4 /* 180.png */,
				DB5213661DFEE28100B33CF4 /* 181.png */,
				DB5213671DFEE28100B33CF4 /* 182.png */,
				DB5213681DFEE28100B33CF4 /* 183.png */,
				DB5213691DFEE28100B33CF4 /* 184.png */,
				DB52136A1DFEE28100B33CF4 /* 211.png */,
				DB52136B1DFEE28100B33CF4 /* 212.png */,
				DB52136C1DFEE28100B33CF4 /* 213.png */,
				DB52136D1DFEE28100B33CF4 /* 214.png */,
				DB52136E1DFEE28100B33CF4 /* 215.png */,
				DB52136F1DFEE28100B33CF4 /* 216.png */,
				DB5213701DFEE28100B33CF4 /* 217.png */,
				DB5213711DFEE28100B33CF4 /* 218.png */,
				DB5213721DFEE28100B33CF4 /* 219.png */,
				DB5213731DFEE28100B33CF4 /* 220.png */,
				DB5213741DFEE28100B33CF4 /* 221.png */,
				DB5213751DFEE28100B33CF4 /* 185.png */,
				DB5213761DFEE28100B33CF4 /* 186.png */,
				DB5213771DFEE28100B33CF4 /* 187.png */,
				DB5213781DFEE28100B33CF4 /* 188.png */,
				DB5213791DFEE28100B33CF4 /* 189.png */,
				DB52137A1DFEE28100B33CF4 /* 190.png */,
				DB52137B1DFEE28100B33CF4 /* 191.png */,
				DB52137C1DFEE28100B33CF4 /* 192.png */,
				DB52137D1DFEE28100B33CF4 /* 193.png */,
				DB52137E1DFEE28100B33CF4 /* 194.png */,
				DB52137F1DFEE28100B33CF4 /* 195.png */,
				DB5213801DFEE28100B33CF4 /* 196.png */,
				DB5213811DFEE28100B33CF4 /* 197.png */,
				DB5213821DFEE28100B33CF4 /* 198.png */,
				DB5213831DFEE28100B33CF4 /* 199.png */,
				DB5213841DFEE28100B33CF4 /* 200.png */,
				DB5213851DFEE28100B33CF4 /* 201.png */,
				DB5213861DFEE28100B33CF4 /* 202.png */,
				DB5213871DFEE28100B33CF4 /* 203.png */,
				DB5213881DFEE28100B33CF4 /* 204.png */,
				DB5213891DFEE28100B33CF4 /* 205.png */,
				DB52138A1DFEE28100B33CF4 /* 206.png */,
				DB52138B1DFEE28100B33CF4 /* 207.png */,
				DB52138C1DFEE28100B33CF4 /* 208.png */,
				DB52138D1DFEE28100B33CF4 /* 209.png */,
				DB52138E1DFEE28100B33CF4 /* 210.png */,
				DB52138F1DFEE28100B33CF4 /* 157.png */,
				DB5213901DFEE28100B33CF4 /* 158.png */,
				DB5213911DFEE28100B33CF4 /* 159.png */,
				DB5213921DFEE28100B33CF4 /* 160.png */,
				DB5213931DFEE28100B33CF4 /* -1.png */,
				DB5213941DFEE28100B33CF4 /* dyna.png */,
				DB5213951DFEE28100B33CF4 /* arrow_hor_2.png */,
				DB5213961DFEE28100B33CF4 /* arrow_ver_2.png */,
				DB5213971DFEE28100B33CF4 /* arrow_hor_1.png */,
				DB5213981DFEE28100B33CF4 /* arrow_ver_1.png */,
				DB5213991DFEE28100B33CF4 /* arrow_hor.png */,
				DB52139A1DFEE28100B33CF4 /* arrow_ver.png */,
				DB52139B1DFEE28100B33CF4 /* 148.png */,
				DB52139C1DFEE28100B33CF4 /* 149.png */,
				DB52139D1DFEE28100B33CF4 /* 150.png */,
				DB52139E1DFEE28100B33CF4 /* 151.png */,
				DB52139F1DFEE28100B33CF4 /* 152.png */,
				DB5213A01DFEE28100B33CF4 /* 153.png */,
				DB5213A11DFEE28100B33CF4 /* 154.png */,
				DB5213A21DFEE28100B33CF4 /* 155.png */,
				DB5213A31DFEE28100B33CF4 /* 156.png */,
				DB5213A41DFEE28100B33CF4 /* evi01.png */,
				DB5213A51DFEE28100B33CF4 /* evi02.png */,
				DB5213A61DFEE28100B33CF4 /* evi03.png */,
				DB5213A71DFEE28100B33CF4 /* 0.png */,
				DB5213A81DFEE28100B33CF4 /* 1.png */,
				DB5213A91DFEE28100B33CF4 /* 2.png */,
				DB5213AA1DFEE28100B33CF4 /* 3.png */,
				DB5213AB1DFEE28100B33CF4 /* 4.png */,
				DB5213AC1DFEE28100B33CF4 /* 5.png */,
				DB5213AD1DFEE28100B33CF4 /* 6.png */,
				DB5213AE1DFEE28100B33CF4 /* 7.png */,
				DB5213AF1DFEE28100B33CF4 /* 8.png */,
				DB5213B01DFEE28100B33CF4 /* 9.png */,
				DB5213B11DFEE28100B33CF4 /* 10.png */,
				DB5213B21DFEE28100B33CF4 /* 11.png */,
				DB5213B31DFEE28100B33CF4 /* 12.png */,
				DB5213B41DFEE28100B33CF4 /* 13.png */,
				DB5213B51DFEE28100B33CF4 /* 14.png */,
				DB5213B61DFEE28100B33CF4 /* 15.png */,
				DB5213B71DFEE28100B33CF4 /* 16.png */,
				DB5213B81DFEE28100B33CF4 /* 17.png */,
				DB5213B91DFEE28100B33CF4 /* 18.png */,
				DB5213BA1DFEE28100B33CF4 /* 19.png */,
				DB5213BB1DFEE28100B33CF4 /* 20.png */,
				DB5213BC1DFEE28100B33CF4 /* 21.png */,
				DB5213BD1DFEE28100B33CF4 /* 22.png */,
				DB5213BE1DFEE28100B33CF4 /* 23.png */,
				DB5213BF1DFEE28100B33CF4 /* 24.png */,
				DB5213C01DFEE28100B33CF4 /* 25.png */,
				DB5213C11DFEE28100B33CF4 /* 26.png */,
				DB5213C21DFEE28100B33CF4 /* 27.png */,
				DB5213C31DFEE28100B33CF4 /* 28.png */,
				DB5213C41DFEE28100B33CF4 /* 29.png */,
				DB5213C51DFEE28100B33CF4 /* 30.png */,
				DB5213C61DFEE28100B33CF4 /* 31.png */,
				DB5213C71DFEE28100B33CF4 /* 32.png */,
				DB5213C81DFEE28100B33CF4 /* 33.png */,
				DB5213C91DFEE28100B33CF4 /* 34.png */,
				DB5213CA1DFEE28100B33CF4 /* 35.png */,
				DB5213CB1DFEE28100B33CF4 /* 36.png */,
				DB5213CC1DFEE28100B33CF4 /* 37.png */,
				DB5213CD1DFEE28100B33CF4 /* 38.png */,
				DB5213CE1DFEE28100B33CF4 /* 39.png */,
				DB5213CF1DFEE28100B33CF4 /* 40.png */,
				DB5213D01DFEE28100B33CF4 /* 41.png */,
				DB5213D11DFEE28100B33CF4 /* 42.png */,
				DB5213D21DFEE28100B33CF4 /* 43.png */,
				DB5213D31DFEE28100B33CF4 /* 44.png */,
				DB5213D41DFEE28100B33CF4 /* 45.png */,
				DB5213D51DFEE28100B33CF4 /* 46.png */,
				DB5213D61DFEE28100B33CF4 /* 47.png */,
				DB5213D71DFEE28100B33CF4 /* 48.png */,
				DB5213D81DFEE28100B33CF4 /* 49.png */,
				DB5213D91DFEE28100B33CF4 /* 50.png */,
				DB5213DA1DFEE28100B33CF4 /* 51.png */,
				DB5213DB1DFEE28100B33CF4 /* 52.png */,
				DB5213DC1DFEE28100B33CF4 /* 53.png */,
				DB5213DD1DFEE28100B33CF4 /* 54.png */,
				DB5213DE1DFEE28100B33CF4 /* 55.png */,
				DB5213DF1DFEE28100B33CF4 /* 56.png */,
				DB5213E01DFEE28100B33CF4 /* 57.png */,
				DB5213E11DFEE28100B33CF4 /* 58.png */,
				DB5213E21DFEE28100B33CF4 /* 59.png */,
				DB5213E31DFEE28100B33CF4 /* 60.png */,
				DB5213E41DFEE28100B33CF4 /* 61.png */,
				DB5213E51DFEE28100B33CF4 /* 62.png */,
				DB5213E61DFEE28100B33CF4 /* 63.png */,
				DB5213E71DFEE28100B33CF4 /* 64.png */,
				DB5213E81DFEE28100B33CF4 /* 65.png */,
				DB5213E91DFEE28100B33CF4 /* 66.png */,
				DB5213EA1DFEE28100B33CF4 /* 67.png */,
				DB5213EB1DFEE28100B33CF4 /* 68.png */,
				DB5213EC1DFEE28100B33CF4 /* 69.png */,
				DB5213ED1DFEE28100B33CF4 /* 70.png */,
				DB5213EE1DFEE28100B33CF4 /* 71.png */,
				DB5213EF1DFEE28100B33CF4 /* 73.png */,
				DB5213F01DFEE28100B33CF4 /* 74.png */,
				DB5213F11DFEE28100B33CF4 /* 75.png */,
				DB5213F21DFEE28100B33CF4 /* 76.png */,
				DB5213F31DFEE28100B33CF4 /* 77.png */,
				DB5213F41DFEE28100B33CF4 /* 78.png */,
				DB5213F51DFEE28100B33CF4 /* 79.png */,
				DB5213F61DFEE28100B33CF4 /* 80.png */,
				DB5213F71DFEE28100B33CF4 /* 81.png */,
				DB5213F81DFEE28100B33CF4 /* 82.png */,
				DB5213F91DFEE28100B33CF4 /* 83.png */,
				DB5213FA1DFEE28100B33CF4 /* 84.png */,
				DB5213FB1DFEE28100B33CF4 /* 85.png */,
				DB5213FC1DFEE28100B33CF4 /* 86.png */,
				DB5213FD1DFEE28100B33CF4 /* 87.png */,
				DB5213FE1DFEE28100B33CF4 /* 88.png */,
				DB5213FF1DFEE28100B33CF4 /* 89.png */,
				DB5214001DFEE28100B33CF4 /* 90.png */,
				DB5214011DFEE28100B33CF4 /* 91.png */,
				DB5214021DFEE28100B33CF4 /* 92.png */,
				DB5214031DFEE28100B33CF4 /* 93.png */,
				DB5214041DFEE28100B33CF4 /* 94.png */,
				DB5214051DFEE28100B33CF4 /* 95.png */,
				DB5214061DFEE28100B33CF4 /* 96.png */,
				DB5214071DFEE28100B33CF4 /* 97.png */,
				DB5214081DFEE28100B33CF4 /* 98.png */,
				DB5214091DFEE28100B33CF4 /* 99.png */,
				DB52140A1DFEE28100B33CF4 /* 100.png */,
				DB52140B1DFEE28100B33CF4 /* 101.png */,
				DB52140C1DFEE28100B33CF4 /* 102.png */,
				DB52140D1DFEE28100B33CF4 /* 103.png */,
				DB52140E1DFEE28100B33CF4 /* 104.png */,
				DB52140F1DFEE28100B33CF4 /* 105.png */,
				DB5214101DFEE28100B33CF4 /* 106.png */,
				DB5214111DFEE28100B33CF4 /* 107.png */,
				DB5214121DFEE28100B33CF4 /* 108.png */,
				DB5214131DFEE28100B33CF4 /* 109.png */,
				DB5214141DFEE28100B33CF4 /* 110.png */,
				DB5214151DFEE28100B33CF4 /* 111.png */,
				DB5214161DFEE28100B33CF4 /* 112.png */,
				DB5214171DFEE28100B33CF4 /* 113.png */,
				DB5214181DFEE28100B33CF4 /* 114.png */,
				DB5214191DFEE28100B33CF4 /* 115.png */,
				DB52141A1DFEE28100B33CF4 /* 116.png */,
				DB52141B1DFEE28100B33CF4 /* 117.png */,
				DB52141C1DFEE28100B33CF4 /* 118.png */,
				DB52141D1DFEE28100B33CF4 /* 119.png */,
				DB52141E1DFEE28100B33CF4 /* 120.png */,
				DB52141F1DFEE28100B33CF4 /* 121.png */,
				DB5214201DFEE28100B33CF4 /* 122.png */,
				DB5214211DFEE28100B33CF4 /* 123.png */,
				DB5214221DFEE28100B33CF4 /* 124.png */,
				DB5214231DFEE28100B33CF4 /* 125.png */,
				DB5214241DFEE28100B33CF4 /* 126.png */,
				DB5214251DFEE28100B33CF4 /* 127.png */,
				DB5214261DFEE28100B33CF4 /* 128.png */,
				DB5214271DFEE28100B33CF4 /* 129.png */,
				DB5214281DFEE28100B33CF4 /* 130.png */,
				DB5214291DFEE28100B33CF4 /* 131.png */,
				DB52142A1DFEE28100B33CF4 /* 132.png */,
				DB52142B1DFEE28100B33CF4 /* 133.png */,
				DB52142C1DFEE28100B33CF4 /* 134.png */,
				DB52142D1DFEE28100B33CF4 /* 135.png */,
				DB52142E1DFEE28100B33CF4 /* 146.png */,
				DB52142F1DFEE28100B33CF4 /* 147.png */,
			);
			name = Pic;
			sourceTree = "<group>";
		};
/* End PBXGroup section */

/* Begin PBXNativeTarget section */
		06AC15E61DE56F1500421FF8 /* YorkServer */ = {
			isa = PBXNativeTarget;
			buildConfigurationList = 06AC15EE1DE56F1500421FF8 /* Build configuration list for PBXNativeTarget "YorkServer" */;
			buildPhases = (
				06AC15E31DE56F1500421FF8 /* Sources */,
				06AC15E41DE56F1500421FF8 /* Frameworks */,
				06AC15E51DE56F1500421FF8 /* Copy Files */,
			);
			buildRules = (
			);
			dependencies = (
			);
			name = YorkServer;
			productName = YorkServer;
			productReference = 06AC15E71DE56F1500421FF8 /* YorkServer */;
			productType = "com.apple.product-type.tool";
		};
/* End PBXNativeTarget section */

/* Begin PBXProject section */
		06AC15DF1DE56F1500421FF8 /* Project object */ = {
			isa = PBXProject;
			attributes = {
				LastUpgradeCheck = 0730;
				ORGANIZATIONNAME = Zero;
				TargetAttributes = {
					06AC15E61DE56F1500421FF8 = {
						CreatedOnToolsVersion = 7.3.1;
					};
				};
			};
			buildConfigurationList = 06AC15E21DE56F1500421FF8 /* Build configuration list for PBXProject "YorkServer" */;
			compatibilityVersion = "Xcode 3.2";
			developmentRegion = English;
			hasScannedForEncodings = 0;
			knownRegions = (
				en,
			);
			mainGroup = 06AC15DE1DE56F1500421FF8;
			productRefGroup = 06AC15E81DE56F1500421FF8 /* Products */;
			projectDirPath = "";
			projectRoot = "";
			targets = (
				06AC15E61DE56F1500421FF8 /* YorkServer */,
			);
		};
/* End PBXProject section */

/* Begin PBXSourcesBuildPhase section */
		06AC15E31DE56F1500421FF8 /* Sources */ = {
			isa = PBXSourcesBuildPhase;
			buildActionMask = 2147483647;
			files = (
				06AC16361DE5705900421FF8 /* YorkSocketSDKSample.cpp in Sources */,
				06AC16351DE5705900421FF8 /* YorkNetwork.cpp in Sources */,
				06AC16371DE5705900421FF8 /* YorkSocketServer.cpp in Sources */,
			);
			runOnlyForDeploymentPostprocessing = 0;
		};
/* End PBXSourcesBuildPhase section */

/* Begin XCBuildConfiguration section */
		06AC15EC1DE56F1500421FF8 /* Debug */ = {
			isa = XCBuildConfiguration;
			buildSettings = {
				ALWAYS_SEARCH_USER_PATHS = NO;
				CLANG_ANALYZER_NONNULL = YES;
				CLANG_CXX_LANGUAGE_STANDARD = "gnu++0x";
				CLANG_CXX_LIBRARY = "libc++";
				CLANG_ENABLE_MODULES = YES;
				CLANG_ENABLE_OBJC_ARC = YES;
				CLANG_WARN_BOOL_CONVERSION = YES;
				CLANG_WARN_CONSTANT_CONVERSION = YES;
				CLANG_WARN_DIRECT_OBJC_ISA_USAGE = YES_ERROR;
				CLANG_WARN_EMPTY_BODY = YES;
				CLANG_WARN_ENUM_CONVERSION = YES;
				CLANG_WARN_INT_CONVERSION = YES;
				CLANG_WARN_OBJC_ROOT_CLASS = YES_ERROR;
				CLANG_WARN_UNREACHABLE_CODE = YES;
				CLANG_WARN__DUPLICATE_METHOD_MATCH = YES;
				CODE_SIGN_IDENTITY = "-";
				COPY_PHASE_STRIP = NO;
				DEBUG_INFORMATION_FORMAT = dwarf;
				ENABLE_STRICT_OBJC_MSGSEND = YES;
				ENABLE_TESTABILITY = YES;
				GCC_C_LANGUAGE_STANDARD = gnu99;
				GCC_DYNAMIC_NO_PIC = NO;
				GCC_NO_COMMON_BLOCKS = YES;
				GCC_OPTIMIZATION_LEVEL = 0;
				GCC_PREPROCESSOR_DEFINITIONS = (
					"DEBUG=1",
					"$(inherited)",
				);
				GCC_WARN_64_TO_32_BIT_CONVERSION = YES;
				GCC_WARN_ABOUT_RETURN_TYPE = YES_ERROR;
				GCC_WARN_UNDECLARED_SELECTOR = YES;
				GCC_WARN_UNINITIALIZED_AUTOS = YES_AGGRESSIVE;
				GCC_WARN_UNUSED_FUNCTION = YES;
				GCC_WARN_UNUSED_VARIABLE = YES;
				MACOSX_DEPLOYMENT_TARGET = 10.11;
				MTL_ENABLE_DEBUG_INFO = YES;
				ONLY_ACTIVE_ARCH = YES;
				SDKROOT = macosx;
			};
			name = Debug;
		};
		06AC15ED1DE56F1500421FF8 /* Release */ = {
			isa = XCBuildConfiguration;
			buildSettings = {
				ALWAYS_SEARCH_USER_PATHS = NO;
				CLANG_ANALYZER_NONNULL = YES;
				CLANG_CXX_LANGUAGE_STANDARD = "gnu++0x";
				CLANG_CXX_LIBRARY = "libc++";
				CLANG_ENABLE_MODULES = YES;
				CLANG_ENABLE_OBJC_ARC = YES;
				CLANG_WARN_BOOL_CONVERSION = YES;
				CLANG_WARN_CONSTANT_CONVERSION = YES;
				CLANG_WARN_DIRECT_OBJC_ISA_USAGE = YES_ERROR;
				CLANG_WARN_EMPTY_BODY = YES;
				CLANG_WARN_ENUM_CONVERSION = YES;
				CLANG_WARN_INT_CONVERSION = YES;
				CLANG_WARN_OBJC_ROOT_CLASS = YES_ERROR;
				CLANG_WARN_UNREACHABLE_CODE = YES;
				CLANG_WARN__DUPLICATE_METHOD_MATCH = YES;
				CODE_SIGN_IDENTITY = "-";
				COPY_PHASE_STRIP = NO;
				DEBUG_INFORMATION_FORMAT = "dwarf-with-dsym";
				ENABLE_NS_ASSERTIONS = NO;
				ENABLE_STRICT_OBJC_MSGSEND = YES;
				GCC_C_LANGUAGE_STANDARD = gnu99;
				GCC_NO_COMMON_BLOCKS = YES;
				GCC_WARN_64_TO_32_BIT_CONVERSION = YES;
				GCC_WARN_ABOUT_RETURN_TYPE = YES_ERROR;
				GCC_WARN_UNDECLARED_SELECTOR = YES;
				GCC_WARN_UNINITIALIZED_AUTOS = YES_AGGRESSIVE;
				GCC_WARN_UNUSED_FUNCTION = YES;
				GCC_WARN_UNUSED_VARIABLE = YES;
				MACOSX_DEPLOYMENT_TARGET = 10.11;
				MTL_ENABLE_DEBUG_INFO = NO;
				SDKROOT = macosx;
			};
			name = Release;
		};
		06AC15EF1DE56F1500421FF8 /* Debug */ = {
			isa = XCBuildConfiguration;
			buildSettings = {
				MACOSX_DEPLOYMENT_TARGET = 10.10;
				PRODUCT_NAME = "$(TARGET_NAME)";
			};
			name = Debug;
		};
		06AC15F01DE56F1500421FF8 /* Release */ = {
			isa = XCBuildConfiguration;
			buildSettings = {
				MACOSX_DEPLOYMENT_TARGET = 10.10;
				PRODUCT_NAME = "$(TARGET_NAME)";
			};
			name = Release;
		};
/* End XCBuildConfiguration section */

/* Begin XCConfigurationList section */
		06AC15E21DE56F1500421FF8 /* Build configuration list for PBXProject "YorkServer" */ = {
			isa = XCConfigurationList;
			buildConfigurations = (
				06AC15EC1DE56F1500421FF8 /* Debug */,
				06AC15ED1DE56F1500421FF8 /* Release */,
			);
			defaultConfigurationIsVisible = 0;
			defaultConfigurationName = Release;
		};
		06AC15EE1DE56F1500421FF8 /* Build configuration list for PBXNativeTarget "YorkServer" */ = {
			isa = XCConfigurationList;
			buildConfigurations = (
				06AC15EF1DE56F1500421FF8 /* Debug */,
				06AC15F01DE56F1500421FF8 /* Release */,
			);
			defaultConfigurationIsVisible = 0;
			defaultConfigurationName = Release;
		};
/* End XCConfigurationList section */
	};
	rootObject = 06AC15DF1DE56F1500421FF8 /* Project object */;
}
